// !$*UTF8*$!
{
	archiveVersion = 1;
	classes = {
	};
	objectVersion = 60;
	objects = {

/* Begin PBXBuildFile section */
		39266A5320CFC0F4002E3F23 /* SmartToken.swift in Sources */ = {isa = PBXBuildFile; fileRef = 39266A5220CFC0F4002E3F23 /* SmartToken.swift */; };
		399C01E320BC11C20056D7AC /* MoppLibCryptoActions.m in Sources */ = {isa = PBXBuildFile; fileRef = 399C01E220BC11C20056D7AC /* MoppLibCryptoActions.m */; };
		399C01E620BC17A10056D7AC /* MoppLibCryptoActions.h in Headers */ = {isa = PBXBuildFile; fileRef = 399C01E120BC0EF30056D7AC /* MoppLibCryptoActions.h */; settings = {ATTRIBUTES = (Public, ); }; };
		39DFDA6320C81F5D00D0D134 /* CryptoLib.framework in Frameworks */ = {isa = PBXBuildFile; fileRef = 399C01E420BC13320056D7AC /* CryptoLib.framework */; };
		4E0053842D7DEE8B00B1AFE5 /* CardCommands.swift in Sources */ = {isa = PBXBuildFile; fileRef = 5463DA4A1E12927A008A1714 /* CardCommands.swift */; };
		4E63A77B2AEA7C5A00CEE392 /* digidocpp.framework in Frameworks */ = {isa = PBXBuildFile; fileRef = 4E63A77A2AEA7C5A00CEE392 /* digidocpp.framework */; };
		4E7C7A082D76F0E800D7343C /* UIKit.framework in Frameworks */ = {isa = PBXBuildFile; fileRef = 4E7C7A072D76F0E800D7343C /* UIKit.framework */; };
		4ECAD7B42D7DAFA800B02E0F /* CardReaderWrapper.swift in Sources */ = {isa = PBXBuildFile; fileRef = 54DC0DC31E0BCC2A00C62B3D /* CardReaderWrapper.swift */; };
		542DCB6D1E23968000899534 /* MoppLibPinActions.swift in Sources */ = {isa = PBXBuildFile; fileRef = 542DCB6B1E23968000899534 /* MoppLibPinActions.swift */; };
		545111731E13BBA800296B80 /* MoppLibPersonalData.swift in Sources */ = {isa = PBXBuildFile; fileRef = 545111711E13BBA800296B80 /* MoppLibPersonalData.swift */; };
		546E57611E2E07C7009A568D /* PinVerificationTests.m in Sources */ = {isa = PBXBuildFile; fileRef = 546E57601E2E07C7009A568D /* PinVerificationTests.m */; };
		546E57631E2E07C7009A568D /* MoppLib.framework in Frameworks */ = {isa = PBXBuildFile; fileRef = E4250CE71E09695100530370 /* MoppLib.framework */; };
		546E576B1E2E1555009A568D /* MoppLibPinActions+Tests.m in Sources */ = {isa = PBXBuildFile; fileRef = 546E576A1E2E1555009A568D /* MoppLibPinActions+Tests.m */; };
		54D164771E9269C50069C725 /* MoppLibContainerActions.h in Headers */ = {isa = PBXBuildFile; fileRef = 54D164751E9269C50069C725 /* MoppLibContainerActions.h */; settings = {ATTRIBUTES = (Public, ); }; };
		54D164781E9269C50069C725 /* MoppLibContainerActions.m in Sources */ = {isa = PBXBuildFile; fileRef = 54D164761E9269C50069C725 /* MoppLibContainerActions.m */; };
		54D1647C1E926AAB0069C725 /* MoppLibCardActions.swift in Sources */ = {isa = PBXBuildFile; fileRef = 54D1647A1E926AAB0069C725 /* MoppLibCardActions.swift */; };
		54D1FF731E4CB6AD006BF123 /* Localizable.strings in Resources */ = {isa = PBXBuildFile; fileRef = 54D1FF751E4CB6AD006BF123 /* Localizable.strings */; };
		54DC0DC91E0BCCEF00C62B3D /* MoppLibConstants.h in Headers */ = {isa = PBXBuildFile; fileRef = 54DC0DC71E0BCCEF00C62B3D /* MoppLibConstants.h */; settings = {ATTRIBUTES = (Public, ); }; };
		54DC0E021E0D48C900C62B3D /* MoppLibError.swift in Sources */ = {isa = PBXBuildFile; fileRef = 54DC0E001E0D48C900C62B3D /* MoppLibError.swift */; };
		54E085EA1E71A63C00431F1A /* Reachability.h in Headers */ = {isa = PBXBuildFile; fileRef = 54E085E81E71A63C00431F1A /* Reachability.h */; };
		54E085EB1E71A63C00431F1A /* Reachability.m in Sources */ = {isa = PBXBuildFile; fileRef = 54E085E91E71A63C00431F1A /* Reachability.m */; };
		54E1DB5C1E44A9060060A250 /* MoppLibManager.h in Headers */ = {isa = PBXBuildFile; fileRef = 54E1DB5A1E44A9060060A250 /* MoppLibManager.h */; settings = {ATTRIBUTES = (Public, ); }; };
		54E1DB5D1E44A9060060A250 /* MoppLibManager.m in Sources */ = {isa = PBXBuildFile; fileRef = 54E1DB5B1E44A9060060A250 /* MoppLibManager.m */; };
		C54EA73020499DFC0039AC78 /* ExternalAccessory.framework in Frameworks */ = {isa = PBXBuildFile; fileRef = C54EA72F20499DFC0039AC78 /* ExternalAccessory.framework */; };
		C54EA732204D5E860039AC78 /* CardReaderiR301.swift in Sources */ = {isa = PBXBuildFile; fileRef = C54EA731204D5E860039AC78 /* CardReaderiR301.swift */; };
		C54EA738204D91730039AC78 /* MoppLibCardReaderManager.swift in Sources */ = {isa = PBXBuildFile; fileRef = C54EA737204D91730039AC78 /* MoppLibCardReaderManager.swift */; };
		C5AAAF8220C9621D0087D6DA /* libiRockey301_ccid.a in Frameworks */ = {isa = PBXBuildFile; fileRef = C5AAAF8120C9621D0087D6DA /* libiRockey301_ccid.a */; };
		C5AAAF8420CAA3D00087D6DA /* ReaderInterface.h in Headers */ = {isa = PBXBuildFile; fileRef = C5AAAF8320CAA3D00087D6DA /* ReaderInterface.h */; };
		C5AAAF8620CAA3F00087D6DA /* winscard.h in Headers */ = {isa = PBXBuildFile; fileRef = C5AAAF8520CAA3F00087D6DA /* winscard.h */; };
		C5AAAF8820CAA4240087D6DA /* wintypes.h in Headers */ = {isa = PBXBuildFile; fileRef = C5AAAF8720CAA4230087D6DA /* wintypes.h */; };
		C5AAAF8A20CAA4790087D6DA /* ft301u.h in Headers */ = {isa = PBXBuildFile; fileRef = C5AAAF8920CAA4790087D6DA /* ft301u.h */; };
		C5E41C5E2180602B00D79B54 /* Idemia.swift in Sources */ = {isa = PBXBuildFile; fileRef = C5E41C5C2180602B00D79B54 /* Idemia.swift */; };
		C5F462A8209727E8001B7D59 /* CoreBluetooth.framework in Frameworks */ = {isa = PBXBuildFile; fileRef = C5F462A7209727E8001B7D59 /* CoreBluetooth.framework */; };
		DF1503872AC5CE32007222B2 /* OCMock in Frameworks */ = {isa = PBXBuildFile; productRef = DF1503862AC5CE32007222B2 /* OCMock */; };
		DF169D5A2B9000F0000DD46C /* MoppLibDigidocValidateOnline.h in Headers */ = {isa = PBXBuildFile; fileRef = DF169D592B9000F0000DD46C /* MoppLibDigidocValidateOnline.h */; settings = {ATTRIBUTES = (Public, ); }; };
		DF169D5C2B90011E000DD46C /* MoppLibDigidocValidateOnline.m in Sources */ = {isa = PBXBuildFile; fileRef = DF169D5B2B90011E000DD46C /* MoppLibDigidocValidateOnline.m */; };
		DFBDF1F827DA44BD00A5CF3C /* MoppLibRoleAddressData.h in Headers */ = {isa = PBXBuildFile; fileRef = DFBDF1F727DA44BD00A5CF3C /* MoppLibRoleAddressData.h */; settings = {ATTRIBUTES = (Public, ); }; };
		DFBDF1FA27DA44FD00A5CF3C /* MoppLibRoleAddressData.m in Sources */ = {isa = PBXBuildFile; fileRef = DFBDF1F927DA44FD00A5CF3C /* MoppLibRoleAddressData.m */; };
		DFDD76292B507EFF0008EC2C /* MoppLibProxyConfiguration.h in Headers */ = {isa = PBXBuildFile; fileRef = DFDD76282B507EFF0008EC2C /* MoppLibProxyConfiguration.h */; settings = {ATTRIBUTES = (Public, ); }; };
		DFDD762B2B507F9E0008EC2C /* MoppLibProxyConfiguration.m in Sources */ = {isa = PBXBuildFile; fileRef = DFDD762A2B507F9E0008EC2C /* MoppLibProxyConfiguration.m */; };
		DFF3C3A923322E0D0079458A /* MoppLibConfiguration.h in Headers */ = {isa = PBXBuildFile; fileRef = DFF3C3A723322E0C0079458A /* MoppLibConfiguration.h */; settings = {ATTRIBUTES = (Public, ); }; };
		DFF3C3AA23322E0D0079458A /* MoppLibConfiguration.m in Sources */ = {isa = PBXBuildFile; fileRef = DFF3C3A823322E0C0079458A /* MoppLibConfiguration.m */; };
		E4250CEC1E09695100530370 /* MoppLib.h in Headers */ = {isa = PBXBuildFile; fileRef = E4250CEA1E09695100530370 /* MoppLib.h */; settings = {ATTRIBUTES = (Public, ); }; };
		E42B08B51E1F0B3B00EA24A3 /* MoppLibContainer.h in Headers */ = {isa = PBXBuildFile; fileRef = E42B08B31E1F0B3B00EA24A3 /* MoppLibContainer.h */; settings = {ATTRIBUTES = (Public, ); }; };
		E42B08B61E1F0B3B00EA24A3 /* MoppLibContainer.m in Sources */ = {isa = PBXBuildFile; fileRef = E42B08B41E1F0B3B00EA24A3 /* MoppLibContainer.m */; };
		E42B08C51E1F11B900EA24A3 /* MoppLibDataFile.h in Headers */ = {isa = PBXBuildFile; fileRef = E42B08C31E1F11B900EA24A3 /* MoppLibDataFile.h */; settings = {ATTRIBUTES = (Public, ); }; };
		E42B08C61E1F11B900EA24A3 /* MoppLibDataFile.m in Sources */ = {isa = PBXBuildFile; fileRef = E42B08C41E1F11B900EA24A3 /* MoppLibDataFile.m */; };
		E42B08C91E1F11C100EA24A3 /* MoppLibSignature.h in Headers */ = {isa = PBXBuildFile; fileRef = E42B08C71E1F11C100EA24A3 /* MoppLibSignature.h */; settings = {ATTRIBUTES = (Public, ); }; };
		E42B08CA1E1F11C100EA24A3 /* MoppLibSignature.m in Sources */ = {isa = PBXBuildFile; fileRef = E42B08C81E1F11C100EA24A3 /* MoppLibSignature.m */; };
		E42B08CD1E1F136A00EA24A3 /* MoppLibDigidocManager.h in Headers */ = {isa = PBXBuildFile; fileRef = E42B08CB1E1F136A00EA24A3 /* MoppLibDigidocManager.h */; };
		E42B08CE1E1F136A00EA24A3 /* MoppLibDigidocManager.mm in Sources */ = {isa = PBXBuildFile; fileRef = E42B08CC1E1F136A00EA24A3 /* MoppLibDigidocManager.mm */; };
		E485A7831E2DF58200C53DBF /* MLFileManager.h in Headers */ = {isa = PBXBuildFile; fileRef = E485A7811E2DF58200C53DBF /* MLFileManager.h */; };
		E485A7841E2DF58200C53DBF /* MLFileManager.m in Sources */ = {isa = PBXBuildFile; fileRef = E485A7821E2DF58200C53DBF /* MLFileManager.m */; };
/* End PBXBuildFile section */

/* Begin PBXContainerItemProxy section */
		546E57641E2E07C7009A568D /* PBXContainerItemProxy */ = {
			isa = PBXContainerItemProxy;
			containerPortal = E4250CDE1E09695100530370 /* Project object */;
			proxyType = 1;
			remoteGlobalIDString = E4250CE61E09695100530370;
			remoteInfo = MoppLib;
		};
/* End PBXContainerItemProxy section */

/* Begin PBXFileReference section */
		39266A5220CFC0F4002E3F23 /* SmartToken.swift */ = {isa = PBXFileReference; lastKnownFileType = sourcecode.swift; path = SmartToken.swift; sourceTree = "<group>"; };
		399C01E120BC0EF30056D7AC /* MoppLibCryptoActions.h */ = {isa = PBXFileReference; lastKnownFileType = sourcecode.c.h; path = MoppLibCryptoActions.h; sourceTree = "<group>"; };
		399C01E220BC11C20056D7AC /* MoppLibCryptoActions.m */ = {isa = PBXFileReference; lastKnownFileType = sourcecode.c.objc; path = MoppLibCryptoActions.m; sourceTree = "<group>"; };
		399C01E420BC13320056D7AC /* CryptoLib.framework */ = {isa = PBXFileReference; explicitFileType = wrapper.framework; path = CryptoLib.framework; sourceTree = BUILT_PRODUCTS_DIR; };
		4E63A77A2AEA7C5A00CEE392 /* digidocpp.framework */ = {isa = PBXFileReference; lastKnownFileType = wrapper.framework; name = digidocpp.framework; path = "$(DIGIDOCPP_PATH)/lib/digidocpp.framework"; sourceTree = "<absolute>"; };
		4E7C7A072D76F0E800D7343C /* UIKit.framework */ = {isa = PBXFileReference; lastKnownFileType = wrapper.framework; name = UIKit.framework; path = System/Library/Frameworks/UIKit.framework; sourceTree = SDKROOT; };
		4ECAD7B12D7DAD0500B02E0F /* module.modulemap */ = {isa = PBXFileReference; lastKnownFileType = "sourcecode.module-map"; path = module.modulemap; sourceTree = "<group>"; };
		542DCB6B1E23968000899534 /* MoppLibPinActions.swift */ = {isa = PBXFileReference; fileEncoding = 4; lastKnownFileType = sourcecode.swift; path = MoppLibPinActions.swift; sourceTree = "<group>"; };
		545111711E13BBA800296B80 /* MoppLibPersonalData.swift */ = {isa = PBXFileReference; fileEncoding = 4; lastKnownFileType = sourcecode.swift; path = MoppLibPersonalData.swift; sourceTree = "<group>"; };
		5463DA4A1E12927A008A1714 /* CardCommands.swift */ = {isa = PBXFileReference; fileEncoding = 4; lastKnownFileType = sourcecode.swift; path = CardCommands.swift; sourceTree = "<group>"; };
		546E575E1E2E07C7009A568D /* MoppLibTests.xctest */ = {isa = PBXFileReference; explicitFileType = wrapper.cfbundle; includeInIndex = 0; path = MoppLibTests.xctest; sourceTree = BUILT_PRODUCTS_DIR; };
		546E57601E2E07C7009A568D /* PinVerificationTests.m */ = {isa = PBXFileReference; lastKnownFileType = sourcecode.c.objc; path = PinVerificationTests.m; sourceTree = "<group>"; };
		546E57621E2E07C7009A568D /* Info.plist */ = {isa = PBXFileReference; lastKnownFileType = text.plist.xml; path = Info.plist; sourceTree = "<group>"; };
		546E57691E2E1555009A568D /* MoppLibPinActions+Tests.h */ = {isa = PBXFileReference; fileEncoding = 4; lastKnownFileType = sourcecode.c.h; path = "MoppLibPinActions+Tests.h"; sourceTree = "<group>"; };
		546E576A1E2E1555009A568D /* MoppLibPinActions+Tests.m */ = {isa = PBXFileReference; fileEncoding = 4; lastKnownFileType = sourcecode.c.objc; path = "MoppLibPinActions+Tests.m"; sourceTree = "<group>"; };
		54D164751E9269C50069C725 /* MoppLibContainerActions.h */ = {isa = PBXFileReference; fileEncoding = 4; lastKnownFileType = sourcecode.c.h; path = MoppLibContainerActions.h; sourceTree = "<group>"; };
		54D164761E9269C50069C725 /* MoppLibContainerActions.m */ = {isa = PBXFileReference; fileEncoding = 4; lastKnownFileType = sourcecode.c.objc; path = MoppLibContainerActions.m; sourceTree = "<group>"; };
		54D1647A1E926AAB0069C725 /* MoppLibCardActions.swift */ = {isa = PBXFileReference; fileEncoding = 4; lastKnownFileType = sourcecode.swift; path = MoppLibCardActions.swift; sourceTree = "<group>"; };
		54D1FF741E4CB6AD006BF123 /* en */ = {isa = PBXFileReference; lastKnownFileType = text.plist.strings; name = en; path = en.lproj/Localizable.strings; sourceTree = "<group>"; };
		54D1FF761E4CB6C8006BF123 /* ru */ = {isa = PBXFileReference; lastKnownFileType = text.plist.strings; name = ru; path = ru.lproj/Localizable.strings; sourceTree = "<group>"; };
		54D1FF771E4CB6D4006BF123 /* et */ = {isa = PBXFileReference; lastKnownFileType = text.plist.strings; name = et; path = et.lproj/Localizable.strings; sourceTree = "<group>"; };
		54D1FF821E4DA075006BF123 /* PrefixHeader.pch */ = {isa = PBXFileReference; lastKnownFileType = sourcecode.c.h; path = PrefixHeader.pch; sourceTree = "<group>"; };
		54DC0DC31E0BCC2A00C62B3D /* CardReaderWrapper.swift */ = {isa = PBXFileReference; fileEncoding = 4; lastKnownFileType = sourcecode.swift; path = CardReaderWrapper.swift; sourceTree = "<group>"; };
		54DC0DC71E0BCCEF00C62B3D /* MoppLibConstants.h */ = {isa = PBXFileReference; fileEncoding = 4; lastKnownFileType = sourcecode.c.h; path = MoppLibConstants.h; sourceTree = "<group>"; };
		54DC0E001E0D48C900C62B3D /* MoppLibError.swift */ = {isa = PBXFileReference; fileEncoding = 4; lastKnownFileType = sourcecode.swift; path = MoppLibError.swift; sourceTree = "<group>"; };
		54E085E81E71A63C00431F1A /* Reachability.h */ = {isa = PBXFileReference; fileEncoding = 4; lastKnownFileType = sourcecode.c.h; path = Reachability.h; sourceTree = "<group>"; };
		54E085E91E71A63C00431F1A /* Reachability.m */ = {isa = PBXFileReference; fileEncoding = 4; lastKnownFileType = sourcecode.c.objc; path = Reachability.m; sourceTree = "<group>"; };
		54E1DB5A1E44A9060060A250 /* MoppLibManager.h */ = {isa = PBXFileReference; fileEncoding = 4; lastKnownFileType = sourcecode.c.h; path = MoppLibManager.h; sourceTree = "<group>"; };
		54E1DB5B1E44A9060060A250 /* MoppLibManager.m */ = {isa = PBXFileReference; fileEncoding = 4; lastKnownFileType = sourcecode.c.objc; path = MoppLibManager.m; sourceTree = "<group>"; };
		C54EA72F20499DFC0039AC78 /* ExternalAccessory.framework */ = {isa = PBXFileReference; lastKnownFileType = wrapper.framework; name = ExternalAccessory.framework; path = System/Library/Frameworks/ExternalAccessory.framework; sourceTree = SDKROOT; };
		C54EA731204D5E860039AC78 /* CardReaderiR301.swift */ = {isa = PBXFileReference; lastKnownFileType = sourcecode.swift; path = CardReaderiR301.swift; sourceTree = "<group>"; };
		C54EA737204D91730039AC78 /* MoppLibCardReaderManager.swift */ = {isa = PBXFileReference; fileEncoding = 4; lastKnownFileType = sourcecode.swift; path = MoppLibCardReaderManager.swift; sourceTree = "<group>"; };
		C5AAAF8120C9621D0087D6DA /* libiRockey301_ccid.a */ = {isa = PBXFileReference; lastKnownFileType = archive.ar; name = libiRockey301_ccid.a; path = "MoppLib/bR301/lib/libiRockey301_ccid-$(PLATFORM_NAME).a"; sourceTree = "<group>"; };
		C5AAAF8320CAA3D00087D6DA /* ReaderInterface.h */ = {isa = PBXFileReference; fileEncoding = 4; lastKnownFileType = sourcecode.c.h; path = ReaderInterface.h; sourceTree = "<group>"; };
		C5AAAF8520CAA3F00087D6DA /* winscard.h */ = {isa = PBXFileReference; fileEncoding = 4; lastKnownFileType = sourcecode.c.h; path = winscard.h; sourceTree = "<group>"; };
		C5AAAF8720CAA4230087D6DA /* wintypes.h */ = {isa = PBXFileReference; fileEncoding = 4; lastKnownFileType = sourcecode.c.h; path = wintypes.h; sourceTree = "<group>"; };
		C5AAAF8920CAA4790087D6DA /* ft301u.h */ = {isa = PBXFileReference; fileEncoding = 4; lastKnownFileType = sourcecode.c.h; path = ft301u.h; sourceTree = "<group>"; };
		C5E41C5C2180602B00D79B54 /* Idemia.swift */ = {isa = PBXFileReference; fileEncoding = 4; lastKnownFileType = sourcecode.swift; path = Idemia.swift; sourceTree = "<group>"; };
		C5F462A7209727E8001B7D59 /* CoreBluetooth.framework */ = {isa = PBXFileReference; lastKnownFileType = wrapper.framework; name = CoreBluetooth.framework; path = System/Library/Frameworks/CoreBluetooth.framework; sourceTree = SDKROOT; };
		DF169D592B9000F0000DD46C /* MoppLibDigidocValidateOnline.h */ = {isa = PBXFileReference; lastKnownFileType = sourcecode.c.h; path = MoppLibDigidocValidateOnline.h; sourceTree = "<group>"; };
		DF169D5B2B90011E000DD46C /* MoppLibDigidocValidateOnline.m */ = {isa = PBXFileReference; lastKnownFileType = sourcecode.c.objc; path = MoppLibDigidocValidateOnline.m; sourceTree = "<group>"; };
		DFBDF1F727DA44BD00A5CF3C /* MoppLibRoleAddressData.h */ = {isa = PBXFileReference; lastKnownFileType = sourcecode.c.h; path = MoppLibRoleAddressData.h; sourceTree = "<group>"; };
		DFBDF1F927DA44FD00A5CF3C /* MoppLibRoleAddressData.m */ = {isa = PBXFileReference; lastKnownFileType = sourcecode.c.objc; path = MoppLibRoleAddressData.m; sourceTree = "<group>"; };
		DFDD76282B507EFF0008EC2C /* MoppLibProxyConfiguration.h */ = {isa = PBXFileReference; lastKnownFileType = sourcecode.c.h; path = MoppLibProxyConfiguration.h; sourceTree = "<group>"; };
		DFDD762A2B507F9E0008EC2C /* MoppLibProxyConfiguration.m */ = {isa = PBXFileReference; lastKnownFileType = sourcecode.c.objc; path = MoppLibProxyConfiguration.m; sourceTree = "<group>"; };
		DFF3C3A723322E0C0079458A /* MoppLibConfiguration.h */ = {isa = PBXFileReference; fileEncoding = 4; lastKnownFileType = sourcecode.c.h; path = MoppLibConfiguration.h; sourceTree = "<group>"; };
		DFF3C3A823322E0C0079458A /* MoppLibConfiguration.m */ = {isa = PBXFileReference; fileEncoding = 4; lastKnownFileType = sourcecode.c.objc; path = MoppLibConfiguration.m; sourceTree = "<group>"; };
		E4250CE71E09695100530370 /* MoppLib.framework */ = {isa = PBXFileReference; explicitFileType = wrapper.framework; includeInIndex = 0; path = MoppLib.framework; sourceTree = BUILT_PRODUCTS_DIR; };
		E4250CEA1E09695100530370 /* MoppLib.h */ = {isa = PBXFileReference; lastKnownFileType = sourcecode.c.h; path = MoppLib.h; sourceTree = "<group>"; };
		E42B08B31E1F0B3B00EA24A3 /* MoppLibContainer.h */ = {isa = PBXFileReference; fileEncoding = 4; lastKnownFileType = sourcecode.c.h; path = MoppLibContainer.h; sourceTree = "<group>"; };
		E42B08B41E1F0B3B00EA24A3 /* MoppLibContainer.m */ = {isa = PBXFileReference; fileEncoding = 4; lastKnownFileType = sourcecode.c.objc; path = MoppLibContainer.m; sourceTree = "<group>"; };
		E42B08C31E1F11B900EA24A3 /* MoppLibDataFile.h */ = {isa = PBXFileReference; fileEncoding = 4; lastKnownFileType = sourcecode.c.h; path = MoppLibDataFile.h; sourceTree = "<group>"; };
		E42B08C41E1F11B900EA24A3 /* MoppLibDataFile.m */ = {isa = PBXFileReference; fileEncoding = 4; lastKnownFileType = sourcecode.c.objc; path = MoppLibDataFile.m; sourceTree = "<group>"; };
		E42B08C71E1F11C100EA24A3 /* MoppLibSignature.h */ = {isa = PBXFileReference; fileEncoding = 4; lastKnownFileType = sourcecode.c.h; path = MoppLibSignature.h; sourceTree = "<group>"; };
		E42B08C81E1F11C100EA24A3 /* MoppLibSignature.m */ = {isa = PBXFileReference; fileEncoding = 4; lastKnownFileType = sourcecode.c.objc; path = MoppLibSignature.m; sourceTree = "<group>"; };
		E42B08CB1E1F136A00EA24A3 /* MoppLibDigidocManager.h */ = {isa = PBXFileReference; fileEncoding = 4; lastKnownFileType = sourcecode.c.h; path = MoppLibDigidocManager.h; sourceTree = "<group>"; };
		E42B08CC1E1F136A00EA24A3 /* MoppLibDigidocManager.mm */ = {isa = PBXFileReference; fileEncoding = 4; lastKnownFileType = sourcecode.cpp.objcpp; path = MoppLibDigidocManager.mm; sourceTree = "<group>"; };
		E485A7811E2DF58200C53DBF /* MLFileManager.h */ = {isa = PBXFileReference; fileEncoding = 4; lastKnownFileType = sourcecode.c.h; path = MLFileManager.h; sourceTree = "<group>"; };
		E485A7821E2DF58200C53DBF /* MLFileManager.m */ = {isa = PBXFileReference; fileEncoding = 4; lastKnownFileType = sourcecode.c.objc; path = MLFileManager.m; sourceTree = "<group>"; };
/* End PBXFileReference section */

/* Begin PBXFrameworksBuildPhase section */
		546E575B1E2E07C7009A568D /* Frameworks */ = {
			isa = PBXFrameworksBuildPhase;
			buildActionMask = 2147483647;
			files = (
				DF1503872AC5CE32007222B2 /* OCMock in Frameworks */,
				546E57631E2E07C7009A568D /* MoppLib.framework in Frameworks */,
			);
			runOnlyForDeploymentPostprocessing = 0;
		};
		E4250CE31E09695100530370 /* Frameworks */ = {
			isa = PBXFrameworksBuildPhase;
			buildActionMask = 2147483647;
			files = (
				39DFDA6320C81F5D00D0D134 /* CryptoLib.framework in Frameworks */,
				4E7C7A082D76F0E800D7343C /* UIKit.framework in Frameworks */,
				C5F462A8209727E8001B7D59 /* CoreBluetooth.framework in Frameworks */,
				4E63A77B2AEA7C5A00CEE392 /* digidocpp.framework in Frameworks */,
				C54EA73020499DFC0039AC78 /* ExternalAccessory.framework in Frameworks */,
				C5AAAF8220C9621D0087D6DA /* libiRockey301_ccid.a in Frameworks */,
			);
			runOnlyForDeploymentPostprocessing = 0;
		};
/* End PBXFrameworksBuildPhase section */

/* Begin PBXGroup section */
		546E575F1E2E07C7009A568D /* MoppLibTests */ = {
			isa = PBXGroup;
			children = (
				546E57601E2E07C7009A568D /* PinVerificationTests.m */,
				546E57621E2E07C7009A568D /* Info.plist */,
				546E57691E2E1555009A568D /* MoppLibPinActions+Tests.h */,
				546E576A1E2E1555009A568D /* MoppLibPinActions+Tests.m */,
			);
			path = MoppLibTests;
			sourceTree = "<group>";
		};
		54D164741E9269520069C725 /* PublicInterface */ = {
			isa = PBXGroup;
			children = (
				54D1647D1E926BA00069C725 /* ResponseObjects */,
				E4250CEA1E09695100530370 /* MoppLib.h */,
				54E1DB5A1E44A9060060A250 /* MoppLibManager.h */,
				54E1DB5B1E44A9060060A250 /* MoppLibManager.m */,
				54D1647A1E926AAB0069C725 /* MoppLibCardActions.swift */,
				C54EA737204D91730039AC78 /* MoppLibCardReaderManager.swift */,
				54D164751E9269C50069C725 /* MoppLibContainerActions.h */,
				54D164761E9269C50069C725 /* MoppLibContainerActions.m */,
				399C01E120BC0EF30056D7AC /* MoppLibCryptoActions.h */,
				399C01E220BC11C20056D7AC /* MoppLibCryptoActions.m */,
				542DCB6B1E23968000899534 /* MoppLibPinActions.swift */,
				54DC0DC71E0BCCEF00C62B3D /* MoppLibConstants.h */,
				54DC0E001E0D48C900C62B3D /* MoppLibError.swift */,
				DFDD76282B507EFF0008EC2C /* MoppLibProxyConfiguration.h */,
				DFDD762A2B507F9E0008EC2C /* MoppLibProxyConfiguration.m */,
				DF169D592B9000F0000DD46C /* MoppLibDigidocValidateOnline.h */,
				DF169D5B2B90011E000DD46C /* MoppLibDigidocValidateOnline.m */,
			);
			name = PublicInterface;
			path = MoppLib/PublicInterface;
			sourceTree = "<group>";
		};
		54D1647D1E926BA00069C725 /* ResponseObjects */ = {
			isa = PBXGroup;
			children = (
				545111711E13BBA800296B80 /* MoppLibPersonalData.swift */,
				E42B08B31E1F0B3B00EA24A3 /* MoppLibContainer.h */,
				E42B08B41E1F0B3B00EA24A3 /* MoppLibContainer.m */,
				E42B08C31E1F11B900EA24A3 /* MoppLibDataFile.h */,
				E42B08C41E1F11B900EA24A3 /* MoppLibDataFile.m */,
				E42B08C71E1F11C100EA24A3 /* MoppLibSignature.h */,
				E42B08C81E1F11C100EA24A3 /* MoppLibSignature.m */,
				DFF3C3A723322E0C0079458A /* MoppLibConfiguration.h */,
				DFF3C3A823322E0C0079458A /* MoppLibConfiguration.m */,
				DFBDF1F727DA44BD00A5CF3C /* MoppLibRoleAddressData.h */,
				DFBDF1F927DA44FD00A5CF3C /* MoppLibRoleAddressData.m */,
			);
			name = ResponseObjects;
			sourceTree = "<group>";
		};
		54DC0DC21E0BCBB400C62B3D /* CardReaders */ = {
			isa = PBXGroup;
			children = (
				54DC0DC31E0BCC2A00C62B3D /* CardReaderWrapper.swift */,
				C54EA731204D5E860039AC78 /* CardReaderiR301.swift */,
				C54EA6EE2049630F0039AC78 /* bR301 */,
			);
			name = CardReaders;
			sourceTree = "<group>";
		};
		54DC0DFA1E0D195200C62B3D /* CardActions */ = {
			isa = PBXGroup;
			children = (
				C5E41C5C2180602B00D79B54 /* Idemia.swift */,
				5463DA4A1E12927A008A1714 /* CardCommands.swift */,
			);
			name = CardActions;
			sourceTree = "<group>";
		};
		54E085E71E71A61900431F1A /* Reachability */ = {
			isa = PBXGroup;
			children = (
				54E085E81E71A63C00431F1A /* Reachability.h */,
				54E085E91E71A63C00431F1A /* Reachability.m */,
			);
			name = Reachability;
			path = MoppLib/Reachability;
			sourceTree = "<group>";
		};
		A80A16CFB65AE0AF2A553445 /* Frameworks */ = {
			isa = PBXGroup;
			children = (
				4E7C7A072D76F0E800D7343C /* UIKit.framework */,
				4E63A77A2AEA7C5A00CEE392 /* digidocpp.framework */,
				399C01E420BC13320056D7AC /* CryptoLib.framework */,
				C5F462A7209727E8001B7D59 /* CoreBluetooth.framework */,
				C54EA72F20499DFC0039AC78 /* ExternalAccessory.framework */,
				C5AAAF8120C9621D0087D6DA /* libiRockey301_ccid.a */,
			);
			name = Frameworks;
			sourceTree = "<group>";
		};
		C54EA6EE2049630F0039AC78 /* bR301 */ = {
			isa = PBXGroup;
			children = (
				4ECAD7B12D7DAD0500B02E0F /* module.modulemap */,
				C5AAAF8320CAA3D00087D6DA /* ReaderInterface.h */,
				C5AAAF8520CAA3F00087D6DA /* winscard.h */,
				C5AAAF8720CAA4230087D6DA /* wintypes.h */,
				C5AAAF8920CAA4790087D6DA /* ft301u.h */,
			);
			path = bR301;
			sourceTree = "<group>";
		};
		E4180C131E23FE7100FD7B8C /* Utility */ = {
			isa = PBXGroup;
			children = (
				E485A7811E2DF58200C53DBF /* MLFileManager.h */,
				E485A7821E2DF58200C53DBF /* MLFileManager.m */,
			);
			name = Utility;
			sourceTree = "<group>";
		};
		E4250CDD1E09695100530370 = {
			isa = PBXGroup;
			children = (
				54E085E71E71A61900431F1A /* Reachability */,
				54D1FF821E4DA075006BF123 /* PrefixHeader.pch */,
				54D1FF751E4CB6AD006BF123 /* Localizable.strings */,
				54D164741E9269520069C725 /* PublicInterface */,
				E4250CE91E09695100530370 /* MoppLib */,
				546E575F1E2E07C7009A568D /* MoppLibTests */,
				E4250CE81E09695100530370 /* Products */,
				A80A16CFB65AE0AF2A553445 /* Frameworks */,
			);
			sourceTree = "<group>";
		};
		E4250CE81E09695100530370 /* Products */ = {
			isa = PBXGroup;
			children = (
				E4250CE71E09695100530370 /* MoppLib.framework */,
				546E575E1E2E07C7009A568D /* MoppLibTests.xctest */,
			);
			name = Products;
			sourceTree = "<group>";
		};
		E4250CE91E09695100530370 /* MoppLib */ = {
			isa = PBXGroup;
			children = (
				54DC0DC21E0BCBB400C62B3D /* CardReaders */,
				54DC0DFA1E0D195200C62B3D /* CardActions */,
				E4180C131E23FE7100FD7B8C /* Utility */,
				39266A5220CFC0F4002E3F23 /* SmartToken.swift */,
				E42B08CB1E1F136A00EA24A3 /* MoppLibDigidocManager.h */,
				E42B08CC1E1F136A00EA24A3 /* MoppLibDigidocManager.mm */,
			);
			path = MoppLib;
			sourceTree = "<group>";
		};
/* End PBXGroup section */

/* Begin PBXHeadersBuildPhase section */
		E4250CE41E09695100530370 /* Headers */ = {
			isa = PBXHeadersBuildPhase;
			buildActionMask = 2147483647;
			files = (
				DFDD76292B507EFF0008EC2C /* MoppLibProxyConfiguration.h in Headers */,
				DFBDF1F827DA44BD00A5CF3C /* MoppLibRoleAddressData.h in Headers */,
				C5AAAF8620CAA3F00087D6DA /* winscard.h in Headers */,
				C5AAAF8820CAA4240087D6DA /* wintypes.h in Headers */,
				E485A7831E2DF58200C53DBF /* MLFileManager.h in Headers */,
				C5AAAF8A20CAA4790087D6DA /* ft301u.h in Headers */,
				DFF3C3A923322E0D0079458A /* MoppLibConfiguration.h in Headers */,
				E42B08C51E1F11B900EA24A3 /* MoppLibDataFile.h in Headers */,
				399C01E620BC17A10056D7AC /* MoppLibCryptoActions.h in Headers */,
				54E1DB5C1E44A9060060A250 /* MoppLibManager.h in Headers */,
				E42B08CD1E1F136A00EA24A3 /* MoppLibDigidocManager.h in Headers */,
				54DC0DC91E0BCCEF00C62B3D /* MoppLibConstants.h in Headers */,
				54D164771E9269C50069C725 /* MoppLibContainerActions.h in Headers */,
				E42B08B51E1F0B3B00EA24A3 /* MoppLibContainer.h in Headers */,
				E42B08C91E1F11C100EA24A3 /* MoppLibSignature.h in Headers */,
				54E085EA1E71A63C00431F1A /* Reachability.h in Headers */,
				E4250CEC1E09695100530370 /* MoppLib.h in Headers */,
				C5AAAF8420CAA3D00087D6DA /* ReaderInterface.h in Headers */,
				DF169D5A2B9000F0000DD46C /* MoppLibDigidocValidateOnline.h in Headers */,
			);
			runOnlyForDeploymentPostprocessing = 0;
		};
/* End PBXHeadersBuildPhase section */

/* Begin PBXNativeTarget section */
		546E575D1E2E07C7009A568D /* MoppLibTests */ = {
			isa = PBXNativeTarget;
			buildConfigurationList = 546E57681E2E07C7009A568D /* Build configuration list for PBXNativeTarget "MoppLibTests" */;
			buildPhases = (
				546E575A1E2E07C7009A568D /* Sources */,
				546E575B1E2E07C7009A568D /* Frameworks */,
				546E575C1E2E07C7009A568D /* Resources */,
			);
			buildRules = (
			);
			dependencies = (
				546E57651E2E07C7009A568D /* PBXTargetDependency */,
			);
			name = MoppLibTests;
			packageProductDependencies = (
				DF1503862AC5CE32007222B2 /* OCMock */,
			);
			productName = MoppLibTests;
			productReference = 546E575E1E2E07C7009A568D /* MoppLibTests.xctest */;
			productType = "com.apple.product-type.bundle.unit-test";
		};
		E4250CE61E09695100530370 /* MoppLib */ = {
			isa = PBXNativeTarget;
			buildConfigurationList = E4250CEF1E09695100530370 /* Build configuration list for PBXNativeTarget "MoppLib" */;
			buildPhases = (
				E4250CE21E09695100530370 /* Sources */,
				E4250CE31E09695100530370 /* Frameworks */,
				E4250CE41E09695100530370 /* Headers */,
				E4250CE51E09695100530370 /* Resources */,
			);
			buildRules = (
			);
			dependencies = (
			);
			name = MoppLib;
			productName = MoppLib;
			productReference = E4250CE71E09695100530370 /* MoppLib.framework */;
			productType = "com.apple.product-type.framework";
		};
/* End PBXNativeTarget section */

/* Begin PBXProject section */
		E4250CDE1E09695100530370 /* Project object */ = {
			isa = PBXProject;
			attributes = {
				LastUpgradeCheck = 1340;
				ORGANIZATIONNAME = "Riigi Infosüsteemi Amet";
				TargetAttributes = {
					546E575D1E2E07C7009A568D = {
						CreatedOnToolsVersion = 8.2.1;
						DevelopmentTeam = 4YJSF2LF24;
						LastSwiftMigration = 0820;
						ProvisioningStyle = Automatic;
					};
					E4250CE61E09695100530370 = {
						CreatedOnToolsVersion = 8.0;
						LastSwiftMigration = 0820;
					};
				};
			};
			buildConfigurationList = E4250CE11E09695100530370 /* Build configuration list for PBXProject "MoppLib" */;
			compatibilityVersion = "Xcode 15.0";
			developmentRegion = en;
			hasScannedForEncodings = 0;
			knownRegions = (
				en,
				ru,
				et,
				Base,
			);
			mainGroup = E4250CDD1E09695100530370;
			packageReferences = (
				DF1503852AC5CE32007222B2 /* XCRemoteSwiftPackageReference "ocmock" */,
			);
			productRefGroup = E4250CE81E09695100530370 /* Products */;
			projectDirPath = "";
			projectRoot = "";
			targets = (
				E4250CE61E09695100530370 /* MoppLib */,
				546E575D1E2E07C7009A568D /* MoppLibTests */,
			);
		};
/* End PBXProject section */

/* Begin PBXResourcesBuildPhase section */
		546E575C1E2E07C7009A568D /* Resources */ = {
			isa = PBXResourcesBuildPhase;
			buildActionMask = 2147483647;
			files = (
			);
			runOnlyForDeploymentPostprocessing = 0;
		};
		E4250CE51E09695100530370 /* Resources */ = {
			isa = PBXResourcesBuildPhase;
			buildActionMask = 2147483647;
			files = (
				54D1FF731E4CB6AD006BF123 /* Localizable.strings in Resources */,
			);
			runOnlyForDeploymentPostprocessing = 0;
		};
/* End PBXResourcesBuildPhase section */

/* Begin PBXSourcesBuildPhase section */
		546E575A1E2E07C7009A568D /* Sources */ = {
			isa = PBXSourcesBuildPhase;
			buildActionMask = 2147483647;
			files = (
				546E57611E2E07C7009A568D /* PinVerificationTests.m in Sources */,
				546E576B1E2E1555009A568D /* MoppLibPinActions+Tests.m in Sources */,
			);
			runOnlyForDeploymentPostprocessing = 0;
		};
		E4250CE21E09695100530370 /* Sources */ = {
			isa = PBXSourcesBuildPhase;
			buildActionMask = 2147483647;
			files = (
				4E0053842D7DEE8B00B1AFE5 /* CardCommands.swift in Sources */,
				4ECAD7B42D7DAFA800B02E0F /* CardReaderWrapper.swift in Sources */,
				DFBDF1FA27DA44FD00A5CF3C /* MoppLibRoleAddressData.m in Sources */,
				54E1DB5D1E44A9060060A250 /* MoppLibManager.m in Sources */,
				E42B08CE1E1F136A00EA24A3 /* MoppLibDigidocManager.mm in Sources */,
				E485A7841E2DF58200C53DBF /* MLFileManager.m in Sources */,
				E42B08B61E1F0B3B00EA24A3 /* MoppLibContainer.m in Sources */,
				54D1647C1E926AAB0069C725 /* MoppLibCardActions.swift in Sources */,
				E42B08CA1E1F11C100EA24A3 /* MoppLibSignature.m in Sources */,
				DFDD762B2B507F9E0008EC2C /* MoppLibProxyConfiguration.m in Sources */,
				DF169D5C2B90011E000DD46C /* MoppLibDigidocValidateOnline.m in Sources */,
				399C01E320BC11C20056D7AC /* MoppLibCryptoActions.m in Sources */,
				C5E41C5E2180602B00D79B54 /* Idemia.swift in Sources */,
				39266A5320CFC0F4002E3F23 /* SmartToken.swift in Sources */,
				542DCB6D1E23968000899534 /* MoppLibPinActions.swift in Sources */,
				C54EA732204D5E860039AC78 /* CardReaderiR301.swift in Sources */,
				545111731E13BBA800296B80 /* MoppLibPersonalData.swift in Sources */,
				DFF3C3AA23322E0D0079458A /* MoppLibConfiguration.m in Sources */,
				54DC0E021E0D48C900C62B3D /* MoppLibError.swift in Sources */,
				E42B08C61E1F11B900EA24A3 /* MoppLibDataFile.m in Sources */,
				C54EA738204D91730039AC78 /* MoppLibCardReaderManager.swift in Sources */,
				54E085EB1E71A63C00431F1A /* Reachability.m in Sources */,
				54D164781E9269C50069C725 /* MoppLibContainerActions.m in Sources */,
			);
			runOnlyForDeploymentPostprocessing = 0;
		};
/* End PBXSourcesBuildPhase section */

/* Begin PBXTargetDependency section */
		546E57651E2E07C7009A568D /* PBXTargetDependency */ = {
			isa = PBXTargetDependency;
			target = E4250CE61E09695100530370 /* MoppLib */;
			targetProxy = 546E57641E2E07C7009A568D /* PBXContainerItemProxy */;
		};
/* End PBXTargetDependency section */

/* Begin PBXVariantGroup section */
		54D1FF751E4CB6AD006BF123 /* Localizable.strings */ = {
			isa = PBXVariantGroup;
			children = (
				54D1FF741E4CB6AD006BF123 /* en */,
				54D1FF761E4CB6C8006BF123 /* ru */,
				54D1FF771E4CB6D4006BF123 /* et */,
			);
			name = Localizable.strings;
			sourceTree = "<group>";
		};
/* End PBXVariantGroup section */

/* Begin XCBuildConfiguration section */
		546E57661E2E07C7009A568D /* Debug */ = {
			isa = XCBuildConfiguration;
			buildSettings = {
				CLANG_ENABLE_MODULES = YES;
				CLANG_WARN_SUSPICIOUS_MOVE = YES;
				DEVELOPMENT_TEAM = 4YJSF2LF24;
				INFOPLIST_FILE = MoppLibTests/Info.plist;
				IPHONEOS_DEPLOYMENT_TARGET = 15.0;
				LD_RUNPATH_SEARCH_PATHS = (
					"$(inherited)",
					"@executable_path/Frameworks",
					"@loader_path/Frameworks",
				);
				OTHER_LDFLAGS = (
					"$(inherited)",
					"-framework",
					"\"OCMock\"",
					"-framework",
					"\"XCTest\"",
				);
				PRODUCT_BUNDLE_IDENTIFIER = com.MoppLibTests;
				PRODUCT_NAME = "$(TARGET_NAME)";
			};
			name = Debug;
		};
		546E57671E2E07C7009A568D /* Release */ = {
			isa = XCBuildConfiguration;
			buildSettings = {
				CLANG_ENABLE_MODULES = YES;
				CLANG_WARN_SUSPICIOUS_MOVE = YES;
				DEVELOPMENT_TEAM = 4YJSF2LF24;
				INFOPLIST_FILE = MoppLibTests/Info.plist;
				IPHONEOS_DEPLOYMENT_TARGET = 15.0;
				LD_RUNPATH_SEARCH_PATHS = (
					"$(inherited)",
					"@executable_path/Frameworks",
					"@loader_path/Frameworks",
				);
				OTHER_LDFLAGS = (
					"$(inherited)",
					"-framework",
					"\"OCMock\"",
					"-framework",
					"\"XCTest\"",
				);
				PRODUCT_BUNDLE_IDENTIFIER = com.MoppLibTests;
				PRODUCT_NAME = "$(TARGET_NAME)";
			};
			name = Release;
		};
		E4250CED1E09695100530370 /* Debug */ = {
			isa = XCBuildConfiguration;
			buildSettings = {
				ALWAYS_SEARCH_USER_PATHS = NO;
				CLANG_ALLOW_NON_MODULAR_INCLUDES_IN_FRAMEWORK_MODULES = YES;
				CLANG_ANALYZER_LOCALIZABILITY_NONLOCALIZED = YES;
				CLANG_ANALYZER_NONNULL = YES;
				CLANG_CXX_LANGUAGE_STANDARD = "gnu++20";
				CLANG_CXX_LIBRARY = "libc++";
				CLANG_ENABLE_MODULES = YES;
				CLANG_ENABLE_OBJC_ARC = YES;
				CLANG_WARN_BLOCK_CAPTURE_AUTORELEASING = YES;
				CLANG_WARN_BOOL_CONVERSION = YES;
				CLANG_WARN_COMMA = YES;
				CLANG_WARN_CONSTANT_CONVERSION = YES;
				CLANG_WARN_DEPRECATED_OBJC_IMPLEMENTATIONS = YES;
				CLANG_WARN_DIRECT_OBJC_ISA_USAGE = YES_ERROR;
				CLANG_WARN_DOCUMENTATION_COMMENTS = YES;
				CLANG_WARN_EMPTY_BODY = YES;
				CLANG_WARN_ENUM_CONVERSION = YES;
				CLANG_WARN_INFINITE_RECURSION = YES;
				CLANG_WARN_INT_CONVERSION = YES;
				CLANG_WARN_NON_LITERAL_NULL_CONVERSION = YES;
				CLANG_WARN_OBJC_IMPLICIT_RETAIN_SELF = YES;
				CLANG_WARN_OBJC_LITERAL_CONVERSION = YES;
				CLANG_WARN_OBJC_ROOT_CLASS = YES_ERROR;
				CLANG_WARN_QUOTED_INCLUDE_IN_FRAMEWORK_HEADER = YES;
				CLANG_WARN_RANGE_LOOP_ANALYSIS = YES;
				CLANG_WARN_STRICT_PROTOTYPES = YES;
				CLANG_WARN_SUSPICIOUS_MOVE = YES;
				CLANG_WARN_SUSPICIOUS_MOVES = YES;
				CLANG_WARN_UNREACHABLE_CODE = YES;
				CLANG_WARN__DUPLICATE_METHOD_MATCH = YES;
				COPY_PHASE_STRIP = NO;
				CURRENT_PROJECT_VERSION = 1;
				DEBUG_INFORMATION_FORMAT = dwarf;
				DEFINES_MODULE = YES;
				ENABLE_STRICT_OBJC_MSGSEND = YES;
				ENABLE_TESTABILITY = YES;
				GCC_C_LANGUAGE_STANDARD = gnu17;
				GCC_DYNAMIC_NO_PIC = NO;
				GCC_NO_COMMON_BLOCKS = YES;
				GCC_OPTIMIZATION_LEVEL = 0;
				GCC_PRECOMPILE_PREFIX_HEADER = YES;
				GCC_PREFIX_HEADER = PrefixHeader.pch;
				GCC_PREPROCESSOR_DEFINITIONS = (
					"DEBUG=1",
					"$(inherited)",
				);
				GCC_WARN_64_TO_32_BIT_CONVERSION = YES;
				GCC_WARN_ABOUT_RETURN_TYPE = YES_ERROR;
				GCC_WARN_UNDECLARED_SELECTOR = YES;
				GCC_WARN_UNINITIALIZED_AUTOS = YES_AGGRESSIVE;
				GCC_WARN_UNUSED_FUNCTION = YES;
				GCC_WARN_UNUSED_VARIABLE = YES;
				IPHONEOS_DEPLOYMENT_TARGET = 15.0;
				MARKETING_VERSION = 1.0;
				MTL_ENABLE_DEBUG_INFO = YES;
				ONLY_ACTIVE_ARCH = YES;
				SDKROOT = iphoneos;
				VERSIONING_SYSTEM = "apple-generic";
			};
			name = Debug;
		};
		E4250CEE1E09695100530370 /* Release */ = {
			isa = XCBuildConfiguration;
			buildSettings = {
				ALWAYS_SEARCH_USER_PATHS = NO;
				CLANG_ALLOW_NON_MODULAR_INCLUDES_IN_FRAMEWORK_MODULES = YES;
				CLANG_ANALYZER_LOCALIZABILITY_NONLOCALIZED = YES;
				CLANG_ANALYZER_NONNULL = YES;
				CLANG_CXX_LANGUAGE_STANDARD = "gnu++20";
				CLANG_CXX_LIBRARY = "libc++";
				CLANG_ENABLE_MODULES = YES;
				CLANG_ENABLE_OBJC_ARC = YES;
				CLANG_WARN_BLOCK_CAPTURE_AUTORELEASING = YES;
				CLANG_WARN_BOOL_CONVERSION = YES;
				CLANG_WARN_COMMA = YES;
				CLANG_WARN_CONSTANT_CONVERSION = YES;
				CLANG_WARN_DEPRECATED_OBJC_IMPLEMENTATIONS = YES;
				CLANG_WARN_DIRECT_OBJC_ISA_USAGE = YES_ERROR;
				CLANG_WARN_DOCUMENTATION_COMMENTS = YES;
				CLANG_WARN_EMPTY_BODY = YES;
				CLANG_WARN_ENUM_CONVERSION = YES;
				CLANG_WARN_INFINITE_RECURSION = YES;
				CLANG_WARN_INT_CONVERSION = YES;
				CLANG_WARN_NON_LITERAL_NULL_CONVERSION = YES;
				CLANG_WARN_OBJC_IMPLICIT_RETAIN_SELF = YES;
				CLANG_WARN_OBJC_LITERAL_CONVERSION = YES;
				CLANG_WARN_OBJC_ROOT_CLASS = YES_ERROR;
				CLANG_WARN_QUOTED_INCLUDE_IN_FRAMEWORK_HEADER = YES;
				CLANG_WARN_RANGE_LOOP_ANALYSIS = YES;
				CLANG_WARN_STRICT_PROTOTYPES = YES;
				CLANG_WARN_SUSPICIOUS_MOVE = YES;
				CLANG_WARN_SUSPICIOUS_MOVES = YES;
				CLANG_WARN_UNREACHABLE_CODE = YES;
				CLANG_WARN__DUPLICATE_METHOD_MATCH = YES;
				COPY_PHASE_STRIP = NO;
				CURRENT_PROJECT_VERSION = 1;
				DEFINES_MODULE = YES;
				ENABLE_NS_ASSERTIONS = NO;
				ENABLE_STRICT_OBJC_MSGSEND = YES;
				GCC_C_LANGUAGE_STANDARD = gnu17;
				GCC_NO_COMMON_BLOCKS = YES;
				GCC_PRECOMPILE_PREFIX_HEADER = YES;
				GCC_PREFIX_HEADER = PrefixHeader.pch;
				GCC_WARN_64_TO_32_BIT_CONVERSION = YES;
				GCC_WARN_ABOUT_RETURN_TYPE = YES_ERROR;
				GCC_WARN_UNDECLARED_SELECTOR = YES;
				GCC_WARN_UNINITIALIZED_AUTOS = YES_AGGRESSIVE;
				GCC_WARN_UNUSED_FUNCTION = YES;
				GCC_WARN_UNUSED_VARIABLE = YES;
				IPHONEOS_DEPLOYMENT_TARGET = 15.0;
				MARKETING_VERSION = 1.0;
				MTL_ENABLE_DEBUG_INFO = NO;
				SDKROOT = iphoneos;
				VALIDATE_PRODUCT = YES;
				VERSIONING_SYSTEM = "apple-generic";
			};
			name = Release;
		};
		E4250CF01E09695100530370 /* Debug */ = {
			isa = XCBuildConfiguration;
			buildSettings = {
				DEFINES_MODULE = YES;
				DIGIDOCPP_PATH = "$(SRCROOT)/MoppLib/libdigidocpp/libdigidocpp.iphoneos";
				"DIGIDOCPP_PATH[sdk=iphonesimulator*]" = "$(SRCROOT)/MoppLib/libdigidocpp/libdigidocpp.iphonesimulator";
				DYLIB_COMPATIBILITY_VERSION = 1;
				DYLIB_CURRENT_VERSION = 1;
				DYLIB_INSTALL_NAME_BASE = "@rpath";
				FRAMEWORK_SEARCH_PATHS = "$(DIGIDOCPP_PATH)/lib";
				GENERATE_INFOPLIST_FILE = YES;
				LD_RUNPATH_SEARCH_PATHS = (
					"$(inherited)",
					"@executable_path/Frameworks",
					"@loader_path/Frameworks",
				);
				LIBRARY_SEARCH_PATHS = "$(PROJECT_DIR)/MoppLib/bR301";
				PRODUCT_BUNDLE_IDENTIFIER = mobi.lab.MoppLib;
				PRODUCT_NAME = "$(TARGET_NAME)";
				SKIP_INSTALL = YES;
				SUPPORTS_MACCATALYST = NO;
				SWIFT_INCLUDE_PATHS = "$(PROJECT_DIR)/MoppLib/bR301";
				SWIFT_VERSION = 5.0;
			};
			name = Debug;
		};
		E4250CF11E09695100530370 /* Release */ = {
			isa = XCBuildConfiguration;
			buildSettings = {
				DEFINES_MODULE = YES;
				DIGIDOCPP_PATH = "$(SRCROOT)/MoppLib/libdigidocpp/libdigidocpp.iphoneos";
				"DIGIDOCPP_PATH[sdk=iphonesimulator*]" = "$(SRCROOT)/MoppLib/libdigidocpp/libdigidocpp.iphonesimulator";
				DYLIB_COMPATIBILITY_VERSION = 1;
				DYLIB_CURRENT_VERSION = 1;
				DYLIB_INSTALL_NAME_BASE = "@rpath";
				FRAMEWORK_SEARCH_PATHS = "$(DIGIDOCPP_PATH)/lib";
				GENERATE_INFOPLIST_FILE = YES;
				LD_RUNPATH_SEARCH_PATHS = (
					"$(inherited)",
					"@executable_path/Frameworks",
					"@loader_path/Frameworks",
				);
				LIBRARY_SEARCH_PATHS = "$(PROJECT_DIR)/MoppLib/bR301";
				PRODUCT_BUNDLE_IDENTIFIER = mobi.lab.MoppLib;
				PRODUCT_NAME = "$(TARGET_NAME)";
				SKIP_INSTALL = YES;
				SUPPORTS_MACCATALYST = NO;
				SWIFT_INCLUDE_PATHS = "$(PROJECT_DIR)/MoppLib/bR301";
				SWIFT_VERSION = 5.0;
			};
			name = Release;
		};
/* End XCBuildConfiguration section */

/* Begin XCConfigurationList section */
		546E57681E2E07C7009A568D /* Build configuration list for PBXNativeTarget "MoppLibTests" */ = {
			isa = XCConfigurationList;
			buildConfigurations = (
				546E57661E2E07C7009A568D /* Debug */,
				546E57671E2E07C7009A568D /* Release */,
			);
			defaultConfigurationIsVisible = 0;
			defaultConfigurationName = Release;
		};
		E4250CE11E09695100530370 /* Build configuration list for PBXProject "MoppLib" */ = {
			isa = XCConfigurationList;
			buildConfigurations = (
				E4250CED1E09695100530370 /* Debug */,
				E4250CEE1E09695100530370 /* Release */,
			);
			defaultConfigurationIsVisible = 0;
			defaultConfigurationName = Release;
		};
		E4250CEF1E09695100530370 /* Build configuration list for PBXNativeTarget "MoppLib" */ = {
			isa = XCConfigurationList;
			buildConfigurations = (
				E4250CF01E09695100530370 /* Debug */,
				E4250CF11E09695100530370 /* Release */,
			);
			defaultConfigurationIsVisible = 0;
			defaultConfigurationName = Release;
		};
/* End XCConfigurationList section */

/* Begin XCRemoteSwiftPackageReference section */
		DF1503852AC5CE32007222B2 /* XCRemoteSwiftPackageReference "ocmock" */ = {
			isa = XCRemoteSwiftPackageReference;
			repositoryURL = "https://github.com/erikdoe/ocmock";
			requirement = {
				kind = exactVersion;
				version = 3.9.1;
			};
		};
/* End XCRemoteSwiftPackageReference section */

/* Begin XCSwiftPackageProductDependency section */
		DF1503862AC5CE32007222B2 /* OCMock */ = {
			isa = XCSwiftPackageProductDependency;
			package = DF1503852AC5CE32007222B2 /* XCRemoteSwiftPackageReference "ocmock" */;
			productName = OCMock;
		};
/* End XCSwiftPackageProductDependency section */
	};
	rootObject = E4250CDE1E09695100530370 /* Project object */;
}
