// !$*UTF8*$!
{
	archiveVersion = 1;
	classes = {
	};
	objectVersion = 48;
	objects = {

/* Begin PBXFileReference section */
		3941D3782052B1D70066DF7B /* ldap_schema.h */ = {isa = PBXFileReference; lastKnownFileType = sourcecode.c.h; path = ldap_schema.h; sourceTree = "<group>"; };
		3941D3792052B1D70066DF7B /* lutil_ldap.h */ = {isa = PBXFileReference; lastKnownFileType = sourcecode.c.h; path = lutil_ldap.h; sourceTree = "<group>"; };
		3941D37A2052B1D70066DF7B /* ldap.h */ = {isa = PBXFileReference; lastKnownFileType = sourcecode.c.h; path = ldap.h; sourceTree = "<group>"; };
		3941D37B2052B1D70066DF7B /* ac */ = {isa = PBXFileReference; lastKnownFileType = folder; path = ac; sourceTree = "<group>"; };
		3941D37C2052B1D70066DF7B /* lutil_md5.h */ = {isa = PBXFileReference; lastKnownFileType = sourcecode.c.h; path = lutil_md5.h; sourceTree = "<group>"; };
		3941D37D2052B1D70066DF7B /* ldap_rq.h */ = {isa = PBXFileReference; lastKnownFileType = sourcecode.c.h; path = ldap_rq.h; sourceTree = "<group>"; };
		3941D37E2052B1D70066DF7B /* Makefile */ = {isa = PBXFileReference; lastKnownFileType = sourcecode.make; path = Makefile; sourceTree = "<group>"; };
		3941D37F2052B1D70066DF7B /* lutil_lockf.h */ = {isa = PBXFileReference; lastKnownFileType = sourcecode.c.h; path = lutil_lockf.h; sourceTree = "<group>"; };
		3941D3802052B1D70066DF7B /* stamp-h1 */ = {isa = PBXFileReference; lastKnownFileType = text; path = "stamp-h1"; sourceTree = "<group>"; };
		3941D3812052B1D70066DF7B /* ldap_config.h */ = {isa = PBXFileReference; lastKnownFileType = sourcecode.c.h; path = ldap_config.h; sourceTree = "<group>"; };
		3941D3822052B1D70066DF7B /* ldap_utf8.h */ = {isa = PBXFileReference; lastKnownFileType = sourcecode.c.h; path = ldap_utf8.h; sourceTree = "<group>"; };
		3941D3832052B1D70066DF7B /* lber_pvt.h */ = {isa = PBXFileReference; lastKnownFileType = sourcecode.c.h; path = lber_pvt.h; sourceTree = "<group>"; };
		3941D3842052B1D70066DF7B /* ldap_config.hin */ = {isa = PBXFileReference; lastKnownFileType = text; path = ldap_config.hin; sourceTree = "<group>"; };
		3941D3852052B1D70066DF7B /* ldap_features.h */ = {isa = PBXFileReference; lastKnownFileType = sourcecode.c.h; path = ldap_features.h; sourceTree = "<group>"; };
		3941D3862052B1D70066DF7B /* portable.hin */ = {isa = PBXFileReference; lastKnownFileType = text; path = portable.hin; sourceTree = "<group>"; };
		3941D3872052B1D70066DF7B /* slapi-plugin.h */ = {isa = PBXFileReference; lastKnownFileType = sourcecode.c.h; path = "slapi-plugin.h"; sourceTree = "<group>"; };
		3941D3882052B1D70066DF7B /* lber_types.h */ = {isa = PBXFileReference; lastKnownFileType = sourcecode.c.h; path = lber_types.h; sourceTree = "<group>"; };
		3941D3892052B1D70066DF7B /* ldif.h */ = {isa = PBXFileReference; lastKnownFileType = sourcecode.c.h; path = ldif.h; sourceTree = "<group>"; };
		3941D38A2052B1D70066DF7B /* getopt-compat.h */ = {isa = PBXFileReference; lastKnownFileType = sourcecode.c.h; path = "getopt-compat.h"; sourceTree = "<group>"; };
		3941D38B2052B1D70066DF7B /* ldap_defaults.h */ = {isa = PBXFileReference; lastKnownFileType = sourcecode.c.h; path = ldap_defaults.h; sourceTree = "<group>"; };
		3941D38C2052B1D70066DF7B /* rewrite.h */ = {isa = PBXFileReference; lastKnownFileType = sourcecode.c.h; path = rewrite.h; sourceTree = "<group>"; };
		3941D38D2052B1D70066DF7B /* lber.h */ = {isa = PBXFileReference; lastKnownFileType = sourcecode.c.h; path = lber.h; sourceTree = "<group>"; };
		3941D38E2052B1D70066DF7B /* ldap_cdefs.h */ = {isa = PBXFileReference; lastKnownFileType = sourcecode.c.h; path = ldap_cdefs.h; sourceTree = "<group>"; };
		3941D38F2052B1D70066DF7B /* avl.h */ = {isa = PBXFileReference; lastKnownFileType = sourcecode.c.h; path = avl.h; sourceTree = "<group>"; };
		3941D3902052B1D70066DF7B /* portable.h */ = {isa = PBXFileReference; lastKnownFileType = sourcecode.c.h; path = portable.h; sourceTree = "<group>"; };
		3941D3912052B1D70066DF7B /* ldap_pvt_thread.h */ = {isa = PBXFileReference; lastKnownFileType = sourcecode.c.h; path = ldap_pvt_thread.h; sourceTree = "<group>"; };
		3941D3922052B1D70066DF7B /* lutil.h */ = {isa = PBXFileReference; lastKnownFileType = sourcecode.c.h; path = lutil.h; sourceTree = "<group>"; };
		3941D3932052B1D70066DF7B /* lutil_meter.h */ = {isa = PBXFileReference; lastKnownFileType = sourcecode.c.h; path = lutil_meter.h; sourceTree = "<group>"; };
		3941D3942052B1D70066DF7B /* ldap_log.h */ = {isa = PBXFileReference; lastKnownFileType = sourcecode.c.h; path = ldap_log.h; sourceTree = "<group>"; };
		3941D3952052B1D70066DF7B /* sysexits-compat.h */ = {isa = PBXFileReference; lastKnownFileType = sourcecode.c.h; path = "sysexits-compat.h"; sourceTree = "<group>"; };
		3941D3962052B1D70066DF7B /* ldap_pvt.h */ = {isa = PBXFileReference; lastKnownFileType = sourcecode.c.h; path = ldap_pvt.h; sourceTree = "<group>"; };
		3941D3972052B1D70066DF7B /* ldap_int_thread.h */ = {isa = PBXFileReference; lastKnownFileType = sourcecode.c.h; path = ldap_int_thread.h; sourceTree = "<group>"; };
		3941D3982052B1D70066DF7B /* stamp-h3 */ = {isa = PBXFileReference; lastKnownFileType = text; path = "stamp-h3"; sourceTree = "<group>"; };
		3941D3992052B1D70066DF7B /* ldap_queue.h */ = {isa = PBXFileReference; lastKnownFileType = sourcecode.c.h; path = ldap_queue.h; sourceTree = "<group>"; };
		3941D39A2052B1D70066DF7B /* lutil_hash.h */ = {isa = PBXFileReference; lastKnownFileType = sourcecode.c.h; path = lutil_hash.h; sourceTree = "<group>"; };
		3941D39B2052B1D70066DF7B /* stamp-h2 */ = {isa = PBXFileReference; lastKnownFileType = text; path = "stamp-h2"; sourceTree = "<group>"; };
		3941D39C2052B1D70066DF7B /* ldap_pvt_uc.h */ = {isa = PBXFileReference; lastKnownFileType = sourcecode.c.h; path = ldap_pvt_uc.h; sourceTree = "<group>"; };
		3941D39D2052B1D70066DF7B /* Makefile.in */ = {isa = PBXFileReference; lastKnownFileType = text; path = Makefile.in; sourceTree = "<group>"; };
		3941D39E2052B1D70066DF7B /* lber_types.hin */ = {isa = PBXFileReference; lastKnownFileType = text; path = lber_types.hin; sourceTree = "<group>"; };
		3941D39F2052B1D70066DF7B /* ldap_features.hin */ = {isa = PBXFileReference; lastKnownFileType = text; path = ldap_features.hin; sourceTree = "<group>"; };
		3941D3A02052B1D70066DF7B /* lutil_sha1.h */ = {isa = PBXFileReference; lastKnownFileType = sourcecode.c.h; path = lutil_sha1.h; sourceTree = "<group>"; };
/* End PBXFileReference section */

/* Begin PBXGroup section */
		3941D3722052B1D70066DF7B = {
			isa = PBXGroup;
			children = (
				3941D3782052B1D70066DF7B /* ldap_schema.h */,
				3941D3792052B1D70066DF7B /* lutil_ldap.h */,
				3941D37A2052B1D70066DF7B /* ldap.h */,
				3941D37B2052B1D70066DF7B /* ac */,
				3941D37C2052B1D70066DF7B /* lutil_md5.h */,
				3941D37D2052B1D70066DF7B /* ldap_rq.h */,
				3941D37E2052B1D70066DF7B /* Makefile */,
				3941D37F2052B1D70066DF7B /* lutil_lockf.h */,
				3941D3802052B1D70066DF7B /* stamp-h1 */,
				3941D3812052B1D70066DF7B /* ldap_config.h */,
				3941D3822052B1D70066DF7B /* ldap_utf8.h */,
				3941D3832052B1D70066DF7B /* lber_pvt.h */,
				3941D3842052B1D70066DF7B /* ldap_config.hin */,
				3941D3852052B1D70066DF7B /* ldap_features.h */,
				3941D3862052B1D70066DF7B /* portable.hin */,
				3941D3872052B1D70066DF7B /* slapi-plugin.h */,
				3941D3882052B1D70066DF7B /* lber_types.h */,
				3941D3892052B1D70066DF7B /* ldif.h */,
				3941D38A2052B1D70066DF7B /* getopt-compat.h */,
				3941D38B2052B1D70066DF7B /* ldap_defaults.h */,
				3941D38C2052B1D70066DF7B /* rewrite.h */,
				3941D38D2052B1D70066DF7B /* lber.h */,
				3941D38E2052B1D70066DF7B /* ldap_cdefs.h */,
				3941D38F2052B1D70066DF7B /* avl.h */,
				3941D3902052B1D70066DF7B /* portable.h */,
				3941D3912052B1D70066DF7B /* ldap_pvt_thread.h */,
				3941D3922052B1D70066DF7B /* lutil.h */,
				3941D3932052B1D70066DF7B /* lutil_meter.h */,
				3941D3942052B1D70066DF7B /* ldap_log.h */,
				3941D3952052B1D70066DF7B /* sysexits-compat.h */,
				3941D3962052B1D70066DF7B /* ldap_pvt.h */,
				3941D3972052B1D70066DF7B /* ldap_int_thread.h */,
				3941D3982052B1D70066DF7B /* stamp-h3 */,
				3941D3992052B1D70066DF7B /* ldap_queue.h */,
				3941D39A2052B1D70066DF7B /* lutil_hash.h */,
				3941D39B2052B1D70066DF7B /* stamp-h2 */,
				3941D39C2052B1D70066DF7B /* ldap_pvt_uc.h */,
				3941D39D2052B1D70066DF7B /* Makefile.in */,
				3941D39E2052B1D70066DF7B /* lber_types.hin */,
				3941D39F2052B1D70066DF7B /* ldap_features.hin */,
				3941D3A02052B1D70066DF7B /* lutil_sha1.h */,
			);
			sourceTree = "<group>";
		};
/* End PBXGroup section */

/* Begin PBXLegacyTarget section */
		3941D3772052B1D70066DF7B /* include */ = {
			isa = PBXLegacyTarget;
			buildArgumentsString = "$(ACTION)";
			buildConfigurationList = 3941D3A12052B1D70066DF7B /* Build configuration list for PBXLegacyTarget "include" */;
			buildPhases = (
			);
			buildToolPath = /usr/bin/make;
			buildWorkingDirectory = "/Users/siimsuu/projects/Crypto-IOS/CryptoApp/openldap/include";
			dependencies = (
			);
			name = include;
			passBuildSettingsInEnvironment = 1;
			productName = include;
		};
/* End PBXLegacyTarget section */

/* Begin PBXProject section */
		3941D3732052B1D70066DF7B /* Project object */ = {
			isa = PBXProject;
			attributes = {
				LastUpgradeCheck = 0920;
			};
			buildConfigurationList = 3941D3762052B1D70066DF7B /* Build configuration list for PBXProject "include" */;
			compatibilityVersion = "Xcode 8.0";
			developmentRegion = en;
			hasScannedForEncodings = 0;
			knownRegions = (
				en,
			);
			mainGroup = 3941D3722052B1D70066DF7B;
			projectDirPath = "";
			projectRoot = "";
			targets = (
				3941D3772052B1D70066DF7B /* include */,
			);
		};
/* End PBXProject section */

/* Begin XCBuildConfiguration section */
		3941D3742052B1D70066DF7B /* Debug */ = {
			isa = XCBuildConfiguration;
			buildSettings = {
				CLANG_WARN_BLOCK_CAPTURE_AUTORELEASING = YES;
				CLANG_WARN_BOOL_CONVERSION = YES;
				CLANG_WARN_COMMA = YES;
				CLANG_WARN_CONSTANT_CONVERSION = YES;
				CLANG_WARN_EMPTY_BODY = YES;
				CLANG_WARN_ENUM_CONVERSION = YES;
				CLANG_WARN_INFINITE_RECURSION = YES;
				CLANG_WARN_INT_CONVERSION = YES;
				CLANG_WARN_NON_LITERAL_NULL_CONVERSION = YES;
				CLANG_WARN_OBJC_LITERAL_CONVERSION = YES;
				CLANG_WARN_RANGE_LOOP_ANALYSIS = YES;
				CLANG_WARN_STRICT_PROTOTYPES = YES;
				CLANG_WARN_SUSPICIOUS_MOVE = YES;
				CLANG_WARN_UNREACHABLE_CODE = YES;
				CLANG_WARN__DUPLICATE_METHOD_MATCH = YES;
				COPY_PHASE_STRIP = NO;
				ENABLE_STRICT_OBJC_MSGSEND = YES;
				ENABLE_TESTABILITY = YES;
				GCC_NO_COMMON_BLOCKS = YES;
				GCC_WARN_64_TO_32_BIT_CONVERSION = YES;
				GCC_WARN_ABOUT_RETURN_TYPE = YES;
				GCC_WARN_UNDECLARED_SELECTOR = YES;
				GCC_WARN_UNINITIALIZED_AUTOS = YES;
				GCC_WARN_UNUSED_FUNCTION = YES;
				GCC_WARN_UNUSED_VARIABLE = YES;
				ONLY_ACTIVE_ARCH = YES;
				SDKROOT = macosx;
			};
			name = Debug;
		};
		3941D3752052B1D70066DF7B /* Release */ = {
			isa = XCBuildConfiguration;
			buildSettings = {
				CLANG_WARN_BLOCK_CAPTURE_AUTORELEASING = YES;
				CLANG_WARN_BOOL_CONVERSION = YES;
				CLANG_WARN_COMMA = YES;
				CLANG_WARN_CONSTANT_CONVERSION = YES;
				CLANG_WARN_EMPTY_BODY = YES;
				CLANG_WARN_ENUM_CONVERSION = YES;
				CLANG_WARN_INFINITE_RECURSION = YES;
				CLANG_WARN_INT_CONVERSION = YES;
				CLANG_WARN_NON_LITERAL_NULL_CONVERSION = YES;
				CLANG_WARN_OBJC_LITERAL_CONVERSION = YES;
				CLANG_WARN_RANGE_LOOP_ANALYSIS = YES;
				CLANG_WARN_STRICT_PROTOTYPES = YES;
				CLANG_WARN_SUSPICIOUS_MOVE = YES;
				CLANG_WARN_UNREACHABLE_CODE = YES;
				CLANG_WARN__DUPLICATE_METHOD_MATCH = YES;
				COPY_PHASE_STRIP = YES;
				ENABLE_STRICT_OBJC_MSGSEND = YES;
				GCC_NO_COMMON_BLOCKS = YES;
				GCC_WARN_64_TO_32_BIT_CONVERSION = YES;
				GCC_WARN_ABOUT_RETURN_TYPE = YES;
				GCC_WARN_UNDECLARED_SELECTOR = YES;
				GCC_WARN_UNINITIALIZED_AUTOS = YES;
				GCC_WARN_UNUSED_FUNCTION = YES;
				GCC_WARN_UNUSED_VARIABLE = YES;
				SDKROOT = macosx;
			};
			name = Release;
		};
		3941D3A22052B1D70066DF7B /* Debug */ = {
			isa = XCBuildConfiguration;
			buildSettings = {
				COPY_PHASE_STRIP = NO;
				DEBUGGING_SYMBOLS = YES;
				GCC_DYNAMIC_NO_PIC = NO;
				GCC_ENABLE_FIX_AND_CONTINUE = YES;
				GCC_GENERATE_DEBUGGING_SYMBOLS = YES;
				GCC_OPTIMIZATION_LEVEL = 0;
				OTHER_CFLAGS = "";
				OTHER_LDFLAGS = "";
				PRODUCT_NAME = include;
			};
			name = Debug;
		};
		3941D3A32052B1D70066DF7B /* Release */ = {
			isa = XCBuildConfiguration;
			buildSettings = {
				COPY_PHASE_STRIP = YES;
				DEBUG_INFORMATION_FORMAT = "dwarf-with-dsym";
				GCC_ENABLE_FIX_AND_CONTINUE = NO;
				OTHER_CFLAGS = "";
				OTHER_LDFLAGS = "";
				PRODUCT_NAME = include;
			};
			name = Release;
		};
/* End XCBuildConfiguration section */

/* Begin XCConfigurationList section */
		3941D3762052B1D70066DF7B /* Build configuration list for PBXProject "include" */ = {
			isa = XCConfigurationList;
			buildConfigurations = (
				3941D3742052B1D70066DF7B /* Debug */,
				3941D3752052B1D70066DF7B /* Release */,
			);
			defaultConfigurationIsVisible = 0;
			defaultConfigurationName = Release;
		};
		3941D3A12052B1D70066DF7B /* Build configuration list for PBXLegacyTarget "include" */ = {
			isa = XCConfigurationList;
			buildConfigurations = (
				3941D3A22052B1D70066DF7B /* Debug */,
				3941D3A32052B1D70066DF7B /* Release */,
			);
			defaultConfigurationIsVisible = 0;
			defaultConfigurationName = Release;
		};
/* End XCConfigurationList section */
	};
	rootObject = 3941D3732052B1D70066DF7B /* Project object */;
}
