// !$*UTF8*$!
{
	archiveVersion = 1;
	classes = {
	};
	objectVersion = 60;
	objects = {

/* Begin PBXBuildFile section */
		4E59081224B30B24001B23A6 /* SIDSessionResponse.swift in Sources */ = {isa = PBXBuildFile; fileRef = 4E59080F24B30B23001B23A6 /* SIDSessionResponse.swift */; };
		4E59081424B30B24001B23A6 /* SIDSessionStatusResponse.swift in Sources */ = {isa = PBXBuildFile; fileRef = 4E59081124B30B24001B23A6 /* SIDSessionStatusResponse.swift */; };
		4E59081A24B30B2C001B23A6 /* SIDCertificateRequestParameters.swift in Sources */ = {isa = PBXBuildFile; fileRef = 4E59081724B30B2C001B23A6 /* SIDCertificateRequestParameters.swift */; };
		4E59081C24B30C62001B23A6 /* SIDSignatureRequestParameters.swift in Sources */ = {isa = PBXBuildFile; fileRef = 4E59081B24B30C62001B23A6 /* SIDSignatureRequestParameters.swift */; };
		4E59082424B32E9A001B23A6 /* SIDRequest.swift in Sources */ = {isa = PBXBuildFile; fileRef = 4E59082324B32E9A001B23A6 /* SIDRequest.swift */; };
		DF04A88D23FEA6950086C9F9 /* RequestSignature.swift in Sources */ = {isa = PBXBuildFile; fileRef = DF04A88C23FEA6950086C9F9 /* RequestSignature.swift */; };
		DF04A89023FEC7130086C9F9 /* EncoderDecoder.swift in Sources */ = {isa = PBXBuildFile; fileRef = DF04A88F23FEC7130086C9F9 /* EncoderDecoder.swift */; };
		DF04A89523FEDC810086C9F9 /* CertificateRequestParameters.swift in Sources */ = {isa = PBXBuildFile; fileRef = DF04A89423FEDC810086C9F9 /* CertificateRequestParameters.swift */; };
		DF04A89723FEDD110086C9F9 /* RequestMethod.swift in Sources */ = {isa = PBXBuildFile; fileRef = DF04A89623FEDD110086C9F9 /* RequestMethod.swift */; };
		DF04A89923FEDE6D0086C9F9 /* CertificateResponse.swift in Sources */ = {isa = PBXBuildFile; fileRef = DF04A89823FEDE6D0086C9F9 /* CertificateResponse.swift */; };
		DF2AB81726038EBD00892A2D /* Constants.swift in Sources */ = {isa = PBXBuildFile; fileRef = DF2AB81626038EBD00892A2D /* Constants.swift */; };
		DF3653B2242BA07400C48AC5 /* Logging.swift in Sources */ = {isa = PBXBuildFile; fileRef = DF3653B1242BA07400C48AC5 /* Logging.swift */; };
		DF41B54D2B506F3B00594D01 /* ProxyUtil.swift in Sources */ = {isa = PBXBuildFile; fileRef = DF41B54C2B506F3B00594D01 /* ProxyUtil.swift */; };
		DF41B54E2B506F3B00594D01 /* Proxy.swift in Sources */ = {isa = PBXBuildFile; fileRef = DF41B54B2B506F3A00594D01 /* Proxy.swift */; };
		DF90EDE024223D6A0040FFE7 /* ControlCode.swift in Sources */ = {isa = PBXBuildFile; fileRef = DF90EDDF24223D6A0040FFE7 /* ControlCode.swift */; };
		DFBA32A2299EA5D400788A87 /* CancelRequest.swift in Sources */ = {isa = PBXBuildFile; fileRef = DFBA32A1299EA5D400788A87 /* CancelRequest.swift */; };
		DFBA32A429A59B2500788A87 /* CancelRequestUtil.swift in Sources */ = {isa = PBXBuildFile; fileRef = DFBA32A329A59B2500788A87 /* CancelRequestUtil.swift */; };
		DFC0E4382B5FEB0A005BE9F3 /* SigningType.swift in Sources */ = {isa = PBXBuildFile; fileRef = DFC0E4372B5FEB0A005BE9F3 /* SigningType.swift */; };
		DFC88C2E241F9B1100B0087B /* Localizable.strings in Resources */ = {isa = PBXBuildFile; fileRef = DFC88C30241F9B1100B0087B /* Localizable.strings */; };
		DFD204E0240D201600EB8150 /* RequestSession.swift in Sources */ = {isa = PBXBuildFile; fileRef = DFD204DF240D201600EB8150 /* RequestSession.swift */; };
		DFD204E4240D20B300EB8150 /* SessionRequestParameters.swift in Sources */ = {isa = PBXBuildFile; fileRef = DFD204E3240D20B300EB8150 /* SessionRequestParameters.swift */; };
		DFD204E7240D274E00EB8150 /* SessionResponse.swift in Sources */ = {isa = PBXBuildFile; fileRef = DFD204E6240D274E00EB8150 /* SessionResponse.swift */; };
		DFD204ED240FD8D100EB8150 /* SessionStatusRequestParameters.swift in Sources */ = {isa = PBXBuildFile; fileRef = DFD204EC240FD8D100EB8150 /* SessionStatusRequestParameters.swift */; };
		DFD204EF240FD9FD00EB8150 /* SessionStatusResponse.swift in Sources */ = {isa = PBXBuildFile; fileRef = DFD204EE240FD9FD00EB8150 /* SessionStatusResponse.swift */; };
		DFD204F124100C5500EB8150 /* SessionResponseSignature.swift in Sources */ = {isa = PBXBuildFile; fileRef = DFD204F024100C5500EB8150 /* SessionResponseSignature.swift */; };
		DFDF02C6241F0150006CF443 /* SigningError.swift in Sources */ = {isa = PBXBuildFile; fileRef = DFDF02C5241F0150006CF443 /* SigningError.swift */; };
		DFEB04E9243DF3F00080F43A /* CertificatePinning.swift in Sources */ = {isa = PBXBuildFile; fileRef = DFEB04E8243DF3F00080F43A /* CertificatePinning.swift */; };
/* End PBXBuildFile section */

/* Begin PBXFileReference section */
		4E59080F24B30B23001B23A6 /* SIDSessionResponse.swift */ = {isa = PBXFileReference; fileEncoding = 4; lastKnownFileType = sourcecode.swift; path = SIDSessionResponse.swift; sourceTree = "<group>"; };
		4E59081124B30B24001B23A6 /* SIDSessionStatusResponse.swift */ = {isa = PBXFileReference; fileEncoding = 4; lastKnownFileType = sourcecode.swift; path = SIDSessionStatusResponse.swift; sourceTree = "<group>"; };
		4E59081724B30B2C001B23A6 /* SIDCertificateRequestParameters.swift */ = {isa = PBXFileReference; fileEncoding = 4; lastKnownFileType = sourcecode.swift; path = SIDCertificateRequestParameters.swift; sourceTree = "<group>"; };
		4E59081B24B30C62001B23A6 /* SIDSignatureRequestParameters.swift */ = {isa = PBXFileReference; fileEncoding = 4; lastKnownFileType = sourcecode.swift; path = SIDSignatureRequestParameters.swift; sourceTree = "<group>"; };
		4E59082324B32E9A001B23A6 /* SIDRequest.swift */ = {isa = PBXFileReference; fileEncoding = 4; lastKnownFileType = sourcecode.swift; path = SIDRequest.swift; sourceTree = "<group>"; };
		DF04A88C23FEA6950086C9F9 /* RequestSignature.swift */ = {isa = PBXFileReference; lastKnownFileType = sourcecode.swift; path = RequestSignature.swift; sourceTree = "<group>"; };
		DF04A88F23FEC7130086C9F9 /* EncoderDecoder.swift */ = {isa = PBXFileReference; lastKnownFileType = sourcecode.swift; path = EncoderDecoder.swift; sourceTree = "<group>"; };
		DF04A89423FEDC810086C9F9 /* CertificateRequestParameters.swift */ = {isa = PBXFileReference; lastKnownFileType = sourcecode.swift; path = CertificateRequestParameters.swift; sourceTree = "<group>"; };
		DF04A89623FEDD110086C9F9 /* RequestMethod.swift */ = {isa = PBXFileReference; lastKnownFileType = sourcecode.swift; path = RequestMethod.swift; sourceTree = "<group>"; };
		DF04A89823FEDE6D0086C9F9 /* CertificateResponse.swift */ = {isa = PBXFileReference; lastKnownFileType = sourcecode.swift; path = CertificateResponse.swift; sourceTree = "<group>"; };
		DF2AB81626038EBD00892A2D /* Constants.swift */ = {isa = PBXFileReference; lastKnownFileType = sourcecode.swift; path = Constants.swift; sourceTree = "<group>"; };
		DF3653B1242BA07400C48AC5 /* Logging.swift */ = {isa = PBXFileReference; lastKnownFileType = sourcecode.swift; path = Logging.swift; sourceTree = "<group>"; };
		DF3D29A823F6A929007181B8 /* SkSigningLib.framework */ = {isa = PBXFileReference; explicitFileType = wrapper.framework; includeInIndex = 0; path = SkSigningLib.framework; sourceTree = BUILT_PRODUCTS_DIR; };
		DF41B54B2B506F3A00594D01 /* Proxy.swift */ = {isa = PBXFileReference; lastKnownFileType = sourcecode.swift; path = Proxy.swift; sourceTree = "<group>"; };
		DF41B54C2B506F3B00594D01 /* ProxyUtil.swift */ = {isa = PBXFileReference; lastKnownFileType = sourcecode.swift; path = ProxyUtil.swift; sourceTree = "<group>"; };
		DF90EDDF24223D6A0040FFE7 /* ControlCode.swift */ = {isa = PBXFileReference; lastKnownFileType = sourcecode.swift; path = ControlCode.swift; sourceTree = "<group>"; };
		DFBA32A1299EA5D400788A87 /* CancelRequest.swift */ = {isa = PBXFileReference; lastKnownFileType = sourcecode.swift; path = CancelRequest.swift; sourceTree = "<group>"; };
		DFBA32A329A59B2500788A87 /* CancelRequestUtil.swift */ = {isa = PBXFileReference; lastKnownFileType = sourcecode.swift; path = CancelRequestUtil.swift; sourceTree = "<group>"; };
		DFC0E4372B5FEB0A005BE9F3 /* SigningType.swift */ = {isa = PBXFileReference; lastKnownFileType = sourcecode.swift; path = SigningType.swift; sourceTree = "<group>"; };
		DFC88C2F241F9B1100B0087B /* en */ = {isa = PBXFileReference; lastKnownFileType = text.plist.strings; name = en; path = en.lproj/Localizable.strings; sourceTree = "<group>"; };
		DFC88C31241F9B1B00B0087B /* et */ = {isa = PBXFileReference; lastKnownFileType = text.plist.strings; name = et; path = et.lproj/Localizable.strings; sourceTree = "<group>"; };
		DFC88C38241FDEE400B0087B /* ru */ = {isa = PBXFileReference; lastKnownFileType = text.plist.strings; name = ru; path = ru.lproj/Localizable.strings; sourceTree = "<group>"; };
		DFD204DF240D201600EB8150 /* RequestSession.swift */ = {isa = PBXFileReference; lastKnownFileType = sourcecode.swift; path = RequestSession.swift; sourceTree = "<group>"; };
		DFD204E3240D20B300EB8150 /* SessionRequestParameters.swift */ = {isa = PBXFileReference; lastKnownFileType = sourcecode.swift; path = SessionRequestParameters.swift; sourceTree = "<group>"; };
		DFD204E6240D274E00EB8150 /* SessionResponse.swift */ = {isa = PBXFileReference; lastKnownFileType = sourcecode.swift; path = SessionResponse.swift; sourceTree = "<group>"; };
		DFD204EC240FD8D100EB8150 /* SessionStatusRequestParameters.swift */ = {isa = PBXFileReference; lastKnownFileType = sourcecode.swift; path = SessionStatusRequestParameters.swift; sourceTree = "<group>"; };
		DFD204EE240FD9FD00EB8150 /* SessionStatusResponse.swift */ = {isa = PBXFileReference; lastKnownFileType = sourcecode.swift; path = SessionStatusResponse.swift; sourceTree = "<group>"; };
		DFD204F024100C5500EB8150 /* SessionResponseSignature.swift */ = {isa = PBXFileReference; lastKnownFileType = sourcecode.swift; path = SessionResponseSignature.swift; sourceTree = "<group>"; };
		DFDF02C5241F0150006CF443 /* SigningError.swift */ = {isa = PBXFileReference; lastKnownFileType = sourcecode.swift; path = SigningError.swift; sourceTree = "<group>"; };
		DFEB04E8243DF3F00080F43A /* CertificatePinning.swift */ = {isa = PBXFileReference; lastKnownFileType = sourcecode.swift; path = CertificatePinning.swift; sourceTree = "<group>"; };
/* End PBXFileReference section */

/* Begin PBXGroup section */
		4E59080C24B30AE3001B23A6 /* SmartID */ = {
			isa = PBXGroup;
			children = (
				4E59080E24B30AF2001B23A6 /* Response */,
				4E59080D24B30AEA001B23A6 /* Request */,
			);
			path = SmartID;
			sourceTree = "<group>";
		};
		4E59080D24B30AEA001B23A6 /* Request */ = {
			isa = PBXGroup;
			children = (
				4E59081B24B30C62001B23A6 /* SIDSignatureRequestParameters.swift */,
				4E59081724B30B2C001B23A6 /* SIDCertificateRequestParameters.swift */,
			);
			path = Request;
			sourceTree = "<group>";
		};
		4E59080E24B30AF2001B23A6 /* Response */ = {
			isa = PBXGroup;
			children = (
				4E59080F24B30B23001B23A6 /* SIDSessionResponse.swift */,
				4E59081124B30B24001B23A6 /* SIDSessionStatusResponse.swift */,
			);
			path = Response;
			sourceTree = "<group>";
		};
		DF04A88B23FEA6740086C9F9 /* Requests */ = {
			isa = PBXGroup;
			children = (
				DFBA32A729A5AEC200788A87 /* Mobile-ID */,
				DFBA32A829A5AECF00788A87 /* Smart-ID */,
			);
			path = Requests;
			sourceTree = "<group>";
		};
		DF04A88E23FEC7000086C9F9 /* Utilities */ = {
			isa = PBXGroup;
			children = (
				DF41B54F2B506F4000594D01 /* Proxy */,
				DF04A88F23FEC7130086C9F9 /* EncoderDecoder.swift */,
				DF90EDDF24223D6A0040FFE7 /* ControlCode.swift */,
				DF3653B1242BA07400C48AC5 /* Logging.swift */,
				DFEB04E8243DF3F00080F43A /* CertificatePinning.swift */,
				DF2AB81626038EBD00892A2D /* Constants.swift */,
				DFBA32A329A59B2500788A87 /* CancelRequestUtil.swift */,
			);
			path = Utilities;
			sourceTree = "<group>";
		};
		DF04A89323FEDC650086C9F9 /* Models */ = {
			isa = PBXGroup;
			children = (
				4E59080C24B30AE3001B23A6 /* SmartID */,
				DF04A89C23FEDFA40086C9F9 /* Certificate */,
				DFD204E1240D209500EB8150 /* Session */,
				DF04A89623FEDD110086C9F9 /* RequestMethod.swift */,
				DFDF02C5241F0150006CF443 /* SigningError.swift */,
				DFC0E4372B5FEB0A005BE9F3 /* SigningType.swift */,
			);
			path = Models;
			sourceTree = "<group>";
		};
		DF04A89A23FEDF250086C9F9 /* Request */ = {
			isa = PBXGroup;
			children = (
				DF04A89423FEDC810086C9F9 /* CertificateRequestParameters.swift */,
			);
			path = Request;
			sourceTree = "<group>";
		};
		DF04A89B23FEDF8B0086C9F9 /* Response */ = {
			isa = PBXGroup;
			children = (
				DF04A89823FEDE6D0086C9F9 /* CertificateResponse.swift */,
			);
			path = Response;
			sourceTree = "<group>";
		};
		DF04A89C23FEDFA40086C9F9 /* Certificate */ = {
			isa = PBXGroup;
			children = (
				DF04A89B23FEDF8B0086C9F9 /* Response */,
				DF04A89A23FEDF250086C9F9 /* Request */,
			);
			path = Certificate;
			sourceTree = "<group>";
		};
		DF3D299E23F6A929007181B8 = {
			isa = PBXGroup;
			children = (
				DF3D29A923F6A929007181B8 /* Products */,
				DF3D29AA23F6A929007181B8 /* SkSigningLib */,
			);
			sourceTree = "<group>";
		};
		DF3D29A923F6A929007181B8 /* Products */ = {
			isa = PBXGroup;
			children = (
				DF3D29A823F6A929007181B8 /* SkSigningLib.framework */,
			);
			name = Products;
			sourceTree = "<group>";
		};
		DF3D29AA23F6A929007181B8 /* SkSigningLib */ = {
			isa = PBXGroup;
			children = (
				DF04A89323FEDC650086C9F9 /* Models */,
				DF04A88E23FEC7000086C9F9 /* Utilities */,
				DF04A88B23FEA6740086C9F9 /* Requests */,
				DFC88C2B241F9AA000B0087B /* Supporting Files */,
			);
			path = SkSigningLib;
			sourceTree = "<group>";
		};
		DF41B54F2B506F4000594D01 /* Proxy */ = {
			isa = PBXGroup;
			children = (
				DF41B54C2B506F3B00594D01 /* ProxyUtil.swift */,
				DF41B54B2B506F3A00594D01 /* Proxy.swift */,
			);
			path = Proxy;
			sourceTree = "<group>";
		};
		DFBA32A729A5AEC200788A87 /* Mobile-ID */ = {
			isa = PBXGroup;
			children = (
				DF04A88C23FEA6950086C9F9 /* RequestSignature.swift */,
				DFD204DF240D201600EB8150 /* RequestSession.swift */,
				DFBA32A1299EA5D400788A87 /* CancelRequest.swift */,
			);
			path = "Mobile-ID";
			sourceTree = "<group>";
		};
		DFBA32A829A5AECF00788A87 /* Smart-ID */ = {
			isa = PBXGroup;
			children = (
				4E59082324B32E9A001B23A6 /* SIDRequest.swift */,
			);
			path = "Smart-ID";
			sourceTree = "<group>";
		};
		DFC88C2B241F9AA000B0087B /* Supporting Files */ = {
			isa = PBXGroup;
			children = (
				DFC88C30241F9B1100B0087B /* Localizable.strings */,
			);
			path = "Supporting Files";
			sourceTree = "<group>";
		};
		DFD204E1240D209500EB8150 /* Session */ = {
			isa = PBXGroup;
			children = (
				DFD204E5240D273E00EB8150 /* Response */,
				DFD204E2240D209C00EB8150 /* Request */,
			);
			path = Session;
			sourceTree = "<group>";
		};
		DFD204E2240D209C00EB8150 /* Request */ = {
			isa = PBXGroup;
			children = (
				DFD204E3240D20B300EB8150 /* SessionRequestParameters.swift */,
				DFD204EC240FD8D100EB8150 /* SessionStatusRequestParameters.swift */,
			);
			path = Request;
			sourceTree = "<group>";
		};
		DFD204E5240D273E00EB8150 /* Response */ = {
			isa = PBXGroup;
			children = (
				DFD204E6240D274E00EB8150 /* SessionResponse.swift */,
				DFD204EE240FD9FD00EB8150 /* SessionStatusResponse.swift */,
				DFD204F024100C5500EB8150 /* SessionResponseSignature.swift */,
			);
			path = Response;
			sourceTree = "<group>";
		};
/* End PBXGroup section */

/* Begin PBXNativeTarget section */
		DF3D29A723F6A929007181B8 /* SkSigningLib */ = {
			isa = PBXNativeTarget;
			buildConfigurationList = DF3D29BC23F6A92A007181B8 /* Build configuration list for PBXNativeTarget "SkSigningLib" */;
			buildPhases = (
				DF3D29A423F6A929007181B8 /* Sources */,
				DF3D29A623F6A929007181B8 /* Resources */,
			);
			buildRules = (
			);
			dependencies = (
			);
			name = SkSigningLib;
			productName = SkSigningLib;
			productReference = DF3D29A823F6A929007181B8 /* SkSigningLib.framework */;
			productType = "com.apple.product-type.framework";
		};
/* End PBXNativeTarget section */

/* Begin PBXProject section */
		DF3D299F23F6A929007181B8 /* Project object */ = {
			isa = PBXProject;
			attributes = {
				LastSwiftUpdateCheck = 1130;
				LastUpgradeCheck = 1250;
				ORGANIZATIONNAME = "Riigi Infosüsteemi Amet";
				TargetAttributes = {
					DF3D29A723F6A929007181B8 = {
						CreatedOnToolsVersion = 11.3.1;
						LastSwiftMigration = 1130;
					};
				};
			};
			buildConfigurationList = DF3D29A223F6A929007181B8 /* Build configuration list for PBXProject "SkSigningLib" */;
			compatibilityVersion = "Xcode 15.0";
			developmentRegion = en;
			hasScannedForEncodings = 0;
			knownRegions = (
				en,
				Base,
				et,
				ru,
			);
			mainGroup = DF3D299E23F6A929007181B8;
			productRefGroup = DF3D29A923F6A929007181B8 /* Products */;
			projectDirPath = "";
			projectRoot = "";
			targets = (
				DF3D29A723F6A929007181B8 /* SkSigningLib */,
			);
		};
/* End PBXProject section */

/* Begin PBXResourcesBuildPhase section */
		DF3D29A623F6A929007181B8 /* Resources */ = {
			isa = PBXResourcesBuildPhase;
			buildActionMask = 2147483647;
			files = (
				DFC88C2E241F9B1100B0087B /* Localizable.strings in Resources */,
			);
			runOnlyForDeploymentPostprocessing = 0;
		};
/* End PBXResourcesBuildPhase section */

/* Begin PBXSourcesBuildPhase section */
		DF3D29A423F6A929007181B8 /* Sources */ = {
			isa = PBXSourcesBuildPhase;
			buildActionMask = 2147483647;
			files = (
				4E59081A24B30B2C001B23A6 /* SIDCertificateRequestParameters.swift in Sources */,
				DFD204E7240D274E00EB8150 /* SessionResponse.swift in Sources */,
				DF41B54D2B506F3B00594D01 /* ProxyUtil.swift in Sources */,
				DFD204EF240FD9FD00EB8150 /* SessionStatusResponse.swift in Sources */,
				DF04A88D23FEA6950086C9F9 /* RequestSignature.swift in Sources */,
				DF3653B2242BA07400C48AC5 /* Logging.swift in Sources */,
				DFC0E4382B5FEB0A005BE9F3 /* SigningType.swift in Sources */,
				DF04A89023FEC7130086C9F9 /* EncoderDecoder.swift in Sources */,
				DFBA32A429A59B2500788A87 /* CancelRequestUtil.swift in Sources */,
				DF04A89723FEDD110086C9F9 /* RequestMethod.swift in Sources */,
				DFDF02C6241F0150006CF443 /* SigningError.swift in Sources */,
				DFEB04E9243DF3F00080F43A /* CertificatePinning.swift in Sources */,
				DFD204ED240FD8D100EB8150 /* SessionStatusRequestParameters.swift in Sources */,
				4E59082424B32E9A001B23A6 /* SIDRequest.swift in Sources */,
				DF2AB81726038EBD00892A2D /* Constants.swift in Sources */,
				DFD204E0240D201600EB8150 /* RequestSession.swift in Sources */,
				DF04A89923FEDE6D0086C9F9 /* CertificateResponse.swift in Sources */,
				4E59081C24B30C62001B23A6 /* SIDSignatureRequestParameters.swift in Sources */,
				DFD204E4240D20B300EB8150 /* SessionRequestParameters.swift in Sources */,
				DF90EDE024223D6A0040FFE7 /* ControlCode.swift in Sources */,
				DF41B54E2B506F3B00594D01 /* Proxy.swift in Sources */,
				DF04A89523FEDC810086C9F9 /* CertificateRequestParameters.swift in Sources */,
				DFD204F124100C5500EB8150 /* SessionResponseSignature.swift in Sources */,
				DFBA32A2299EA5D400788A87 /* CancelRequest.swift in Sources */,
				4E59081424B30B24001B23A6 /* SIDSessionStatusResponse.swift in Sources */,
				4E59081224B30B24001B23A6 /* SIDSessionResponse.swift in Sources */,
			);
			runOnlyForDeploymentPostprocessing = 0;
		};
/* End PBXSourcesBuildPhase section */

/* Begin PBXVariantGroup section */
		DFC88C30241F9B1100B0087B /* Localizable.strings */ = {
			isa = PBXVariantGroup;
			children = (
				DFC88C2F241F9B1100B0087B /* en */,
				DFC88C31241F9B1B00B0087B /* et */,
				DFC88C38241FDEE400B0087B /* ru */,
			);
			name = Localizable.strings;
			sourceTree = "<group>";
		};
/* End PBXVariantGroup section */

/* Begin XCBuildConfiguration section */
		DF3D29BA23F6A92A007181B8 /* Debug */ = {
			isa = XCBuildConfiguration;
			buildSettings = {
				ALWAYS_SEARCH_USER_PATHS = NO;
				CLANG_ANALYZER_LOCALIZABILITY_NONLOCALIZED = YES;
				CLANG_ANALYZER_NONNULL = YES;
				CLANG_ANALYZER_NUMBER_OBJECT_CONVERSION = YES_AGGRESSIVE;
				CLANG_CXX_LANGUAGE_STANDARD = "gnu++20";
				CLANG_CXX_LIBRARY = "libc++";
				CLANG_ENABLE_MODULES = YES;
				CLANG_ENABLE_OBJC_ARC = YES;
				CLANG_ENABLE_OBJC_WEAK = YES;
				CLANG_WARN_BLOCK_CAPTURE_AUTORELEASING = YES;
				CLANG_WARN_BOOL_CONVERSION = YES;
				CLANG_WARN_COMMA = YES;
				CLANG_WARN_CONSTANT_CONVERSION = YES;
				CLANG_WARN_DEPRECATED_OBJC_IMPLEMENTATIONS = YES;
				CLANG_WARN_DIRECT_OBJC_ISA_USAGE = YES_ERROR;
				CLANG_WARN_DOCUMENTATION_COMMENTS = YES;
				CLANG_WARN_EMPTY_BODY = YES;
				CLANG_WARN_ENUM_CONVERSION = YES;
				CLANG_WARN_INFINITE_RECURSION = YES;
				CLANG_WARN_INT_CONVERSION = YES;
				CLANG_WARN_NON_LITERAL_NULL_CONVERSION = YES;
				CLANG_WARN_OBJC_IMPLICIT_RETAIN_SELF = YES;
				CLANG_WARN_OBJC_LITERAL_CONVERSION = YES;
				CLANG_WARN_OBJC_ROOT_CLASS = YES_ERROR;
				CLANG_WARN_QUOTED_INCLUDE_IN_FRAMEWORK_HEADER = YES;
				CLANG_WARN_RANGE_LOOP_ANALYSIS = YES;
				CLANG_WARN_STRICT_PROTOTYPES = YES;
				CLANG_WARN_SUSPICIOUS_MOVE = YES;
				CLANG_WARN_UNGUARDED_AVAILABILITY = YES_AGGRESSIVE;
				CLANG_WARN_UNREACHABLE_CODE = YES;
				CLANG_WARN__DUPLICATE_METHOD_MATCH = YES;
				COPY_PHASE_STRIP = NO;
				CURRENT_PROJECT_VERSION = 1;
				DEBUG_INFORMATION_FORMAT = dwarf;
				ENABLE_STRICT_OBJC_MSGSEND = YES;
				ENABLE_TESTABILITY = YES;
				GCC_C_LANGUAGE_STANDARD = gnu17;
				GCC_DYNAMIC_NO_PIC = NO;
				GCC_NO_COMMON_BLOCKS = YES;
				GCC_OPTIMIZATION_LEVEL = 0;
				GCC_PREPROCESSOR_DEFINITIONS = (
					"DEBUG=1",
					"$(inherited)",
				);
				GCC_WARN_64_TO_32_BIT_CONVERSION = YES;
				GCC_WARN_ABOUT_RETURN_TYPE = YES_ERROR;
				GCC_WARN_UNDECLARED_SELECTOR = YES;
				GCC_WARN_UNINITIALIZED_AUTOS = YES_AGGRESSIVE;
				GCC_WARN_UNUSED_FUNCTION = YES;
				GCC_WARN_UNUSED_VARIABLE = YES;
				GENERATE_INFOPLIST_FILE = YES;
				IPHONEOS_DEPLOYMENT_TARGET = 15.0;
				MARKETING_VERSION = 1.0;
				MTL_ENABLE_DEBUG_INFO = INCLUDE_SOURCE;
				MTL_FAST_MATH = YES;
				ONLY_ACTIVE_ARCH = YES;
				SDKROOT = iphoneos;
				SWIFT_ACTIVE_COMPILATION_CONDITIONS = DEBUG;
				SWIFT_OPTIMIZATION_LEVEL = "-Onone";
				VERSIONING_SYSTEM = "apple-generic";
			};
			name = Debug;
		};
		DF3D29BB23F6A92A007181B8 /* Release */ = {
			isa = XCBuildConfiguration;
			buildSettings = {
				ALWAYS_SEARCH_USER_PATHS = NO;
				CLANG_ANALYZER_LOCALIZABILITY_NONLOCALIZED = YES;
				CLANG_ANALYZER_NONNULL = YES;
				CLANG_ANALYZER_NUMBER_OBJECT_CONVERSION = YES_AGGRESSIVE;
				CLANG_CXX_LANGUAGE_STANDARD = "gnu++20";
				CLANG_CXX_LIBRARY = "libc++";
				CLANG_ENABLE_MODULES = YES;
				CLANG_ENABLE_OBJC_ARC = YES;
				CLANG_ENABLE_OBJC_WEAK = YES;
				CLANG_WARN_BLOCK_CAPTURE_AUTORELEASING = YES;
				CLANG_WARN_BOOL_CONVERSION = YES;
				CLANG_WARN_COMMA = YES;
				CLANG_WARN_CONSTANT_CONVERSION = YES;
				CLANG_WARN_DEPRECATED_OBJC_IMPLEMENTATIONS = YES;
				CLANG_WARN_DIRECT_OBJC_ISA_USAGE = YES_ERROR;
				CLANG_WARN_DOCUMENTATION_COMMENTS = YES;
				CLANG_WARN_EMPTY_BODY = YES;
				CLANG_WARN_ENUM_CONVERSION = YES;
				CLANG_WARN_INFINITE_RECURSION = YES;
				CLANG_WARN_INT_CONVERSION = YES;
				CLANG_WARN_NON_LITERAL_NULL_CONVERSION = YES;
				CLANG_WARN_OBJC_IMPLICIT_RETAIN_SELF = YES;
				CLANG_WARN_OBJC_LITERAL_CONVERSION = YES;
				CLANG_WARN_OBJC_ROOT_CLASS = YES_ERROR;
				CLANG_WARN_QUOTED_INCLUDE_IN_FRAMEWORK_HEADER = YES;
				CLANG_WARN_RANGE_LOOP_ANALYSIS = YES;
				CLANG_WARN_STRICT_PROTOTYPES = YES;
				CLANG_WARN_SUSPICIOUS_MOVE = YES;
				CLANG_WARN_UNGUARDED_AVAILABILITY = YES_AGGRESSIVE;
				CLANG_WARN_UNREACHABLE_CODE = YES;
				CLANG_WARN__DUPLICATE_METHOD_MATCH = YES;
				COPY_PHASE_STRIP = NO;
				CURRENT_PROJECT_VERSION = 1;
				ENABLE_NS_ASSERTIONS = NO;
				ENABLE_STRICT_OBJC_MSGSEND = YES;
				GCC_C_LANGUAGE_STANDARD = gnu17;
				GCC_NO_COMMON_BLOCKS = YES;
				GCC_WARN_64_TO_32_BIT_CONVERSION = YES;
				GCC_WARN_ABOUT_RETURN_TYPE = YES_ERROR;
				GCC_WARN_UNDECLARED_SELECTOR = YES;
				GCC_WARN_UNINITIALIZED_AUTOS = YES_AGGRESSIVE;
				GCC_WARN_UNUSED_FUNCTION = YES;
				GCC_WARN_UNUSED_VARIABLE = YES;
				GENERATE_INFOPLIST_FILE = YES;
				IPHONEOS_DEPLOYMENT_TARGET = 15.0;
				MARKETING_VERSION = 1.0;
				MTL_ENABLE_DEBUG_INFO = NO;
				MTL_FAST_MATH = YES;
				SDKROOT = iphoneos;
				SWIFT_COMPILATION_MODE = wholemodule;
				VALIDATE_PRODUCT = YES;
				VERSIONING_SYSTEM = "apple-generic";
			};
			name = Release;
		};
		DF3D29BD23F6A92A007181B8 /* Debug */ = {
			isa = XCBuildConfiguration;
			buildSettings = {
				CLANG_ENABLE_MODULES = YES;
				CODE_SIGN_STYLE = Manual;
				DEFINES_MODULE = YES;
				DYLIB_COMPATIBILITY_VERSION = 1;
				DYLIB_CURRENT_VERSION = 1;
				DYLIB_INSTALL_NAME_BASE = "@rpath";
				INSTALL_PATH = "$(LOCAL_LIBRARY_DIR)/Frameworks";
				IPHONEOS_DEPLOYMENT_TARGET = 15.0;
				LD_RUNPATH_SEARCH_PATHS = (
					"$(inherited)",
					"@executable_path/Frameworks",
					"@loader_path/Frameworks",
				);
				PRODUCT_BUNDLE_IDENTIFIER = ee.ria.digidoc.SkSigningLib;
				PRODUCT_NAME = "$(TARGET_NAME:c99extidentifier)";
				SKIP_INSTALL = YES;
				SUPPORTS_MACCATALYST = NO;
				SWIFT_VERSION = 5.0;
				TARGETED_DEVICE_FAMILY = "1,2";
			};
			name = Debug;
		};
		DF3D29BE23F6A92A007181B8 /* Release */ = {
			isa = XCBuildConfiguration;
			buildSettings = {
				CLANG_ENABLE_MODULES = YES;
				CODE_SIGN_STYLE = Manual;
				DEFINES_MODULE = YES;
				DYLIB_COMPATIBILITY_VERSION = 1;
				DYLIB_CURRENT_VERSION = 1;
				DYLIB_INSTALL_NAME_BASE = "@rpath";
				INSTALL_PATH = "$(LOCAL_LIBRARY_DIR)/Frameworks";
				IPHONEOS_DEPLOYMENT_TARGET = 15.0;
				LD_RUNPATH_SEARCH_PATHS = (
					"$(inherited)",
					"@executable_path/Frameworks",
					"@loader_path/Frameworks",
				);
				PRODUCT_BUNDLE_IDENTIFIER = ee.ria.digidoc.SkSigningLib;
				PRODUCT_NAME = "$(TARGET_NAME:c99extidentifier)";
				SKIP_INSTALL = YES;
				SUPPORTS_MACCATALYST = NO;
				SWIFT_VERSION = 5.0;
				TARGETED_DEVICE_FAMILY = "1,2";
			};
			name = Release;
		};
/* End XCBuildConfiguration section */

/* Begin XCConfigurationList section */
		DF3D29A223F6A929007181B8 /* Build configuration list for PBXProject "SkSigningLib" */ = {
			isa = XCConfigurationList;
			buildConfigurations = (
				DF3D29BA23F6A92A007181B8 /* Debug */,
				DF3D29BB23F6A92A007181B8 /* Release */,
			);
			defaultConfigurationIsVisible = 0;
			defaultConfigurationName = Release;
		};
		DF3D29BC23F6A92A007181B8 /* Build configuration list for PBXNativeTarget "SkSigningLib" */ = {
			isa = XCConfigurationList;
			buildConfigurations = (
				DF3D29BD23F6A92A007181B8 /* Debug */,
				DF3D29BE23F6A92A007181B8 /* Release */,
			);
			defaultConfigurationIsVisible = 0;
			defaultConfigurationName = Release;
		};
/* End XCConfigurationList section */
	};
	rootObject = DF3D299F23F6A929007181B8 /* Project object */;
}
