// !$*UTF8*$!
{
	archiveVersion = 1;
	classes = {
	};
	objectVersion = 48;
	objects = {

/* Begin PBXFileReference section */
		3941D3AA2052B1D70066DF7B /* liblunicode */ = {isa = PBXFileReference; lastKnownFileType = folder; path = liblunicode; sourceTree = "<group>"; };
		3941D3AB2052B1D70066DF7B /* .DS_Store */ = {isa = PBXFileReference; lastKnownFileType = file; path = .DS_Store; sourceTree = "<group>"; };
		3941D3AC2052B1D70066DF7B /* librewrite */ = {isa = PBXFileReference; lastKnownFileType = folder; path = librewrite; sourceTree = "<group>"; };
		3941D3AD2052B1D70066DF7B /* Makefile */ = {isa = PBXFileReference; lastKnownFileType = sourcecode.make; path = Makefile; sourceTree = "<group>"; };
		3941D3AE2052B1D70066DF7B /* libldap.a */ = {isa = PBXFileReference; lastKnownFileType = archive.ar; path = libldap.a; sourceTree = "<group>"; };
		3941D3AF2052B1D70066DF7B /* liblutil */ = {isa = PBXFileReference; lastKnownFileType = folder; path = liblutil; sourceTree = "<group>"; };
		3941D3B02052B1D70066DF7B /* liblmdb */ = {isa = PBXFileReference; lastKnownFileType = folder; path = liblmdb; sourceTree = "<group>"; };
		3941D3B12052B1D70066DF7B /* libldap_r */ = {isa = PBXFileReference; lastKnownFileType = folder; path = libldap_r; sourceTree = "<group>"; };
		3941D3B22052B1D70066DF7B /* libldap_r.a */ = {isa = PBXFileReference; lastKnownFileType = archive.ar; path = libldap_r.a; sourceTree = "<group>"; };
		3941D3B32052B1D70066DF7B /* libldap */ = {isa = PBXFileReference; lastKnownFileType = folder; path = libldap; sourceTree = "<group>"; };
		3941D3B42052B1D70066DF7B /* liblber */ = {isa = PBXFileReference; lastKnownFileType = folder; path = liblber; sourceTree = "<group>"; };
		3941D3B52052B1D70066DF7B /* Makefile.in */ = {isa = PBXFileReference; lastKnownFileType = text; path = Makefile.in; sourceTree = "<group>"; };
		3941D3B62052B1D70066DF7B /* liblber.a */ = {isa = PBXFileReference; lastKnownFileType = archive.ar; path = liblber.a; sourceTree = "<group>"; };
/* End PBXFileReference section */

/* Begin PBXGroup section */
		3941D3A42052B1D70066DF7B = {
			isa = PBXGroup;
			children = (
				3941D3AA2052B1D70066DF7B /* liblunicode */,
				3941D3AB2052B1D70066DF7B /* .DS_Store */,
				3941D3AC2052B1D70066DF7B /* librewrite */,
				3941D3AD2052B1D70066DF7B /* Makefile */,
				3941D3AE2052B1D70066DF7B /* libldap.a */,
				3941D3AF2052B1D70066DF7B /* liblutil */,
				3941D3B02052B1D70066DF7B /* liblmdb */,
				3941D3B12052B1D70066DF7B /* libldap_r */,
				3941D3B22052B1D70066DF7B /* libldap_r.a */,
				3941D3B32052B1D70066DF7B /* libldap */,
				3941D3B42052B1D70066DF7B /* liblber */,
				3941D3B52052B1D70066DF7B /* Makefile.in */,
				3941D3B62052B1D70066DF7B /* liblber.a */,
			);
			sourceTree = "<group>";
		};
/* End PBXGroup section */

/* Begin PBXLegacyTarget section */
		3941D3A92052B1D70066DF7B /* libraries */ = {
			isa = PBXLegacyTarget;
			buildArgumentsString = "";
			buildConfigurationList = 3941D3B72052B1D70066DF7B /* Build configuration list for PBXLegacyTarget "libraries" */;
			buildPhases = (
			);
			buildToolPath = /usr/bin/make;
			buildWorkingDirectory = "/Users/siimsuu/projects/Crypto-IOS/CryptoApp/openldap/libraries";
			dependencies = (
			);
			name = libraries;
			passBuildSettingsInEnvironment = 1;
			productName = libraries;
		};
/* End PBXLegacyTarget section */

/* Begin PBXProject section */
		3941D3A52052B1D70066DF7B /* Project object */ = {
			isa = PBXProject;
			attributes = {
				LastUpgradeCheck = 0920;
			};
			buildConfigurationList = 3941D3A82052B1D70066DF7B /* Build configuration list for PBXProject "libraries" */;
			compatibilityVersion = "Xcode 8.0";
			developmentRegion = en;
			hasScannedForEncodings = 0;
			knownRegions = (
				en,
			);
			mainGroup = 3941D3A42052B1D70066DF7B;
			projectDirPath = "";
			projectRoot = "";
			targets = (
				3941D3A92052B1D70066DF7B /* libraries */,
			);
		};
/* End PBXProject section */

/* Begin XCBuildConfiguration section */
		3941D3A62052B1D70066DF7B /* Debug */ = {
			isa = XCBuildConfiguration;
			buildSettings = {
				CLANG_WARN_BLOCK_CAPTURE_AUTORELEASING = YES;
				CLANG_WARN_BOOL_CONVERSION = YES;
				CLANG_WARN_COMMA = YES;
				CLANG_WARN_CONSTANT_CONVERSION = YES;
				CLANG_WARN_EMPTY_BODY = YES;
				CLANG_WARN_ENUM_CONVERSION = YES;
				CLANG_WARN_INFINITE_RECURSION = YES;
				CLANG_WARN_INT_CONVERSION = YES;
				CLANG_WARN_NON_LITERAL_NULL_CONVERSION = YES;
				CLANG_WARN_OBJC_LITERAL_CONVERSION = YES;
				CLANG_WARN_RANGE_LOOP_ANALYSIS = YES;
				CLANG_WARN_STRICT_PROTOTYPES = YES;
				CLANG_WARN_SUSPICIOUS_MOVE = YES;
				CLANG_WARN_UNREACHABLE_CODE = YES;
				CLANG_WARN__DUPLICATE_METHOD_MATCH = YES;
				COPY_PHASE_STRIP = NO;
				ENABLE_STRICT_OBJC_MSGSEND = YES;
				ENABLE_TESTABILITY = YES;
				GCC_NO_COMMON_BLOCKS = YES;
				GCC_WARN_64_TO_32_BIT_CONVERSION = YES;
				GCC_WARN_ABOUT_RETURN_TYPE = YES;
				GCC_WARN_UNDECLARED_SELECTOR = YES;
				GCC_WARN_UNINITIALIZED_AUTOS = YES;
				GCC_WARN_UNUSED_FUNCTION = YES;
				GCC_WARN_UNUSED_VARIABLE = YES;
				ONLY_ACTIVE_ARCH = YES;
				SDKROOT = macosx;
			};
			name = Debug;
		};
		3941D3A72052B1D70066DF7B /* Release */ = {
			isa = XCBuildConfiguration;
			buildSettings = {
				CLANG_WARN_BLOCK_CAPTURE_AUTORELEASING = YES;
				CLANG_WARN_BOOL_CONVERSION = YES;
				CLANG_WARN_COMMA = YES;
				CLANG_WARN_CONSTANT_CONVERSION = YES;
				CLANG_WARN_EMPTY_BODY = YES;
				CLANG_WARN_ENUM_CONVERSION = YES;
				CLANG_WARN_INFINITE_RECURSION = YES;
				CLANG_WARN_INT_CONVERSION = YES;
				CLANG_WARN_NON_LITERAL_NULL_CONVERSION = YES;
				CLANG_WARN_OBJC_LITERAL_CONVERSION = YES;
				CLANG_WARN_RANGE_LOOP_ANALYSIS = YES;
				CLANG_WARN_STRICT_PROTOTYPES = YES;
				CLANG_WARN_SUSPICIOUS_MOVE = YES;
				CLANG_WARN_UNREACHABLE_CODE = YES;
				CLANG_WARN__DUPLICATE_METHOD_MATCH = YES;
				COPY_PHASE_STRIP = YES;
				ENABLE_STRICT_OBJC_MSGSEND = YES;
				GCC_NO_COMMON_BLOCKS = YES;
				GCC_WARN_64_TO_32_BIT_CONVERSION = YES;
				GCC_WARN_ABOUT_RETURN_TYPE = YES;
				GCC_WARN_UNDECLARED_SELECTOR = YES;
				GCC_WARN_UNINITIALIZED_AUTOS = YES;
				GCC_WARN_UNUSED_FUNCTION = YES;
				GCC_WARN_UNUSED_VARIABLE = YES;
				SDKROOT = macosx;
			};
			name = Release;
		};
		3941D3B82052B1D70066DF7B /* Debug */ = {
			isa = XCBuildConfiguration;
			buildSettings = {
				COPY_PHASE_STRIP = NO;
				DEBUGGING_SYMBOLS = YES;
				GCC_DYNAMIC_NO_PIC = NO;
				GCC_ENABLE_FIX_AND_CONTINUE = YES;
				GCC_GENERATE_DEBUGGING_SYMBOLS = YES;
				GCC_OPTIMIZATION_LEVEL = 0;
				OTHER_CFLAGS = "";
				OTHER_LDFLAGS = "";
				PRODUCT_NAME = libraries;
			};
			name = Debug;
		};
		3941D3B92052B1D70066DF7B /* Release */ = {
			isa = XCBuildConfiguration;
			buildSettings = {
				COPY_PHASE_STRIP = YES;
				DEBUG_INFORMATION_FORMAT = "dwarf-with-dsym";
				GCC_ENABLE_FIX_AND_CONTINUE = NO;
				OTHER_CFLAGS = "";
				OTHER_LDFLAGS = "";
				PRODUCT_NAME = libraries;
			};
			name = Release;
		};
/* End XCBuildConfiguration section */

/* Begin XCConfigurationList section */
		3941D3A82052B1D70066DF7B /* Build configuration list for PBXProject "libraries" */ = {
			isa = XCConfigurationList;
			buildConfigurations = (
				3941D3A62052B1D70066DF7B /* Debug */,
				3941D3A72052B1D70066DF7B /* Release */,
			);
			defaultConfigurationIsVisible = 0;
			defaultConfigurationName = Release;
		};
		3941D3B72052B1D70066DF7B /* Build configuration list for PBXLegacyTarget "libraries" */ = {
			isa = XCConfigurationList;
			buildConfigurations = (
				3941D3B82052B1D70066DF7B /* Debug */,
				3941D3B92052B1D70066DF7B /* Release */,
			);
			defaultConfigurationIsVisible = 0;
			defaultConfigurationName = Release;
		};
/* End XCConfigurationList section */
	};
	rootObject = 3941D3A52052B1D70066DF7B /* Project object */;
}
