// !$*UTF8*$!
{
	archiveVersion = 1;
	classes = {
	};
	objectVersion = 46;
	objects = {

/* Begin PBXBuildFile section */
		51EAB865AC99468B5AC77D6C /* Pods_MoppApp.framework in Frameworks */ = {isa = PBXBuildFile; fileRef = 6DF4DB238197E7EBD319CE37 /* Pods_MoppApp.framework */; };
		540786E91E1A76640016ABA7 /* UITextView+Additions.m in Sources */ = {isa = PBXBuildFile; fileRef = 540786E81E1A76640016ABA7 /* UITextView+Additions.m */; };
		540786ED1E1A8C650016ABA7 /* ViewWithRoundedCorners.m in Sources */ = {isa = PBXBuildFile; fileRef = 540786EC1E1A8C650016ABA7 /* ViewWithRoundedCorners.m */; };
		540786F01E1A96900016ABA7 /* SimpleHeaderView.m in Sources */ = {isa = PBXBuildFile; fileRef = 540786EF1E1A96900016ABA7 /* SimpleHeaderView.m */; };
		540786F41E1AA1B30016ABA7 /* SimpleHeaderView.xib in Resources */ = {isa = PBXBuildFile; fileRef = 540786F31E1AA1B30016ABA7 /* SimpleHeaderView.xib */; };
		542DCB641E1FDFC900899534 /* PinOperations.storyboard in Resources */ = {isa = PBXBuildFile; fileRef = 542DCB631E1FDFC900899534 /* PinOperations.storyboard */; };
		542DCB671E1FE02900899534 /* PinOperationsViewController.m in Sources */ = {isa = PBXBuildFile; fileRef = 542DCB661E1FE02900899534 /* PinOperationsViewController.m */; };
		542DCB691E23856100899534 /* ErrorCell.xib in Resources */ = {isa = PBXBuildFile; fileRef = 542DCB681E23856100899534 /* ErrorCell.xib */; };
		545CF8461E16453300B66EE8 /* MyEIDViewController.m in Sources */ = {isa = PBXBuildFile; fileRef = 545CF8451E16453300B66EE8 /* MyEIDViewController.m */; };
		545CF8481E16563200B66EE8 /* MyEid.storyboard in Resources */ = {isa = PBXBuildFile; fileRef = 545CF8471E16563200B66EE8 /* MyEid.storyboard */; };
		545CF84B1E165DBA00B66EE8 /* NameAndPhotoCell.m in Sources */ = {isa = PBXBuildFile; fileRef = 545CF84A1E165DBA00B66EE8 /* NameAndPhotoCell.m */; };
		545CF84E1E165DCF00B66EE8 /* PersonalDataCell.m in Sources */ = {isa = PBXBuildFile; fileRef = 545CF84D1E165DCF00B66EE8 /* PersonalDataCell.m */; };
		545CF8511E165DEC00B66EE8 /* ErrorCell.m in Sources */ = {isa = PBXBuildFile; fileRef = 545CF8501E165DEC00B66EE8 /* ErrorCell.m */; };
		545CF8541E165DFB00B66EE8 /* InfoCell.m in Sources */ = {isa = PBXBuildFile; fileRef = 545CF8531E165DFB00B66EE8 /* InfoCell.m */; };
		54813B2E1E24DD560058CD33 /* ChangePinViewController.m in Sources */ = {isa = PBXBuildFile; fileRef = 54813B2D1E24DD560058CD33 /* ChangePinViewController.m */; };
		54813B301E24FD270058CD33 /* InfoCell.xib in Resources */ = {isa = PBXBuildFile; fileRef = 54813B2F1E24FD270058CD33 /* InfoCell.xib */; };
		54825EF51E1CFE9600253FF0 /* NSDate+Additions.m in Sources */ = {isa = PBXBuildFile; fileRef = 54825EF41E1CFE9600253FF0 /* NSDate+Additions.m */; };
		54825EF81E1D270F00253FF0 /* NSString+Additions.m in Sources */ = {isa = PBXBuildFile; fileRef = 54825EF71E1D270F00253FF0 /* NSString+Additions.m */; };
		54825EFB1E1D28E900253FF0 /* UIColor+Additions.m in Sources */ = {isa = PBXBuildFile; fileRef = 54825EFA1E1D28E900253FF0 /* UIColor+Additions.m */; };
		54DC0DBF1E0BC0CD00C62B3D /* Landing.storyboard in Resources */ = {isa = PBXBuildFile; fileRef = 54DC0DBE1E0BC0CD00C62B3D /* Landing.storyboard */; };
		E4180C1A1E240AC600FD7B8C /* UIViewController+MBProgressHUD.m in Sources */ = {isa = PBXBuildFile; fileRef = E4180C191E240AC600FD7B8C /* UIViewController+MBProgressHUD.m */; };
		E4180C2B1E267A5700FD7B8C /* Signing.storyboard in Resources */ = {isa = PBXBuildFile; fileRef = E4180C281E267A5700FD7B8C /* Signing.storyboard */; };
		E4180C2C1E267A5700FD7B8C /* SigningViewController.m in Sources */ = {isa = PBXBuildFile; fileRef = E4180C2A1E267A5700FD7B8C /* SigningViewController.m */; };
		E4180C311E267A6700FD7B8C /* Settings.storyboard in Resources */ = {isa = PBXBuildFile; fileRef = E4180C2E1E267A6700FD7B8C /* Settings.storyboard */; };
		E4180C321E267A6700FD7B8C /* SettingsTableViewController.m in Sources */ = {isa = PBXBuildFile; fileRef = E4180C301E267A6700FD7B8C /* SettingsTableViewController.m */; };
		E4180C351E267B5D00FD7B8C /* Localizations.m in Sources */ = {isa = PBXBuildFile; fileRef = E4180C341E267B5D00FD7B8C /* Localizations.m */; };
		E4180C371E26822000FD7B8C /* datafile.txt in Resources */ = {isa = PBXBuildFile; fileRef = E4180C361E26822000FD7B8C /* datafile.txt */; };
		E4250CC81E0968D200530370 /* main.m in Sources */ = {isa = PBXBuildFile; fileRef = E4250CC71E0968D200530370 /* main.m */; };
		E4250CCB1E0968D200530370 /* AppDelegate.m in Sources */ = {isa = PBXBuildFile; fileRef = E4250CCA1E0968D200530370 /* AppDelegate.m */; };
		E4250CD31E0968D200530370 /* Assets.xcassets in Resources */ = {isa = PBXBuildFile; fileRef = E4250CD21E0968D200530370 /* Assets.xcassets */; };
		E4250D061E0A911100530370 /* MoppLib.framework in Frameworks */ = {isa = PBXBuildFile; fileRef = E4250D051E0A911100530370 /* MoppLib.framework */; };
		E4250D071E0A911100530370 /* MoppLib.framework in Embed Frameworks */ = {isa = PBXBuildFile; fileRef = E4250D051E0A911100530370 /* MoppLib.framework */; settings = {ATTRIBUTES = (CodeSignOnCopy, RemoveHeadersOnCopy, ); }; };
		E4250D0A1E0AA7AF00530370 /* LaunchScreen.xib in Resources */ = {isa = PBXBuildFile; fileRef = E4250D091E0AA7AF00530370 /* LaunchScreen.xib */; };
		E4250D0F1E0AA8E500530370 /* Localizable.strings in Resources */ = {isa = PBXBuildFile; fileRef = E4250D0D1E0AA8E500530370 /* Localizable.strings */; };
		E4250D151E0AA97B00530370 /* MPNavigationController.m in Sources */ = {isa = PBXBuildFile; fileRef = E4250D141E0AA97B00530370 /* MPNavigationController.m */; };
		E42B088F1E155F2F00EA24A3 /* MPViewController.m in Sources */ = {isa = PBXBuildFile; fileRef = E42B088E1E155F2F00EA24A3 /* MPViewController.m */; };
		E42B08951E15617200EA24A3 /* LandingTabBarController.m in Sources */ = {isa = PBXBuildFile; fileRef = E42B08941E15617200EA24A3 /* LandingTabBarController.m */; };
		E42B08991E1562F400EA24A3 /* Signed.storyboard in Resources */ = {isa = PBXBuildFile; fileRef = E42B08981E1562F400EA24A3 /* Signed.storyboard */; };
		E42B089C1E15644200EA24A3 /* SignedTableViewController.m in Sources */ = {isa = PBXBuildFile; fileRef = E42B089B1E15644200EA24A3 /* SignedTableViewController.m */; };
		E42B08A61E1D4EE900EA24A3 /* test1.bdoc in Resources */ = {isa = PBXBuildFile; fileRef = E42B08A41E1D4EE900EA24A3 /* test1.bdoc */; };
		E42B08A71E1D4EE900EA24A3 /* test2.bdoc in Resources */ = {isa = PBXBuildFile; fileRef = E42B08A51E1D4EE900EA24A3 /* test2.bdoc */; };
		E42B08AA1E1D4EF500EA24A3 /* SignedContainerCell.m in Sources */ = {isa = PBXBuildFile; fileRef = E42B08A91E1D4EF500EA24A3 /* SignedContainerCell.m */; };
		E42B08AE1E1EFC1800EA24A3 /* DateFormatter.m in Sources */ = {isa = PBXBuildFile; fileRef = E42B08AD1E1EFC1800EA24A3 /* DateFormatter.m */; };
		E42B08B11E1F049B00EA24A3 /* FileManager.m in Sources */ = {isa = PBXBuildFile; fileRef = E42B08B01E1F049B00EA24A3 /* FileManager.m */; };
		E42B08B91E1F0C7500EA24A3 /* SignedContainerTableViewController.m in Sources */ = {isa = PBXBuildFile; fileRef = E42B08B81E1F0C7500EA24A3 /* SignedContainerTableViewController.m */; };
		E42B08BC1E1F0C8900EA24A3 /* SignedContainerDetailsCell.m in Sources */ = {isa = PBXBuildFile; fileRef = E42B08BB1E1F0C8900EA24A3 /* SignedContainerDetailsCell.m */; };
		E42B08BF1E1F0C9A00EA24A3 /* SignedContainerDataFileCell.m in Sources */ = {isa = PBXBuildFile; fileRef = E42B08BE1E1F0C9A00EA24A3 /* SignedContainerDataFileCell.m */; };
		E42B08C21E1F0CA600EA24A3 /* SignedContainerSignatureCell.m in Sources */ = {isa = PBXBuildFile; fileRef = E42B08C11E1F0CA600EA24A3 /* SignedContainerSignatureCell.m */; };
/* End PBXBuildFile section */

/* Begin PBXCopyFilesBuildPhase section */
		E4250D081E0A911100530370 /* Embed Frameworks */ = {
			isa = PBXCopyFilesBuildPhase;
			buildActionMask = 2147483647;
			dstPath = "";
			dstSubfolderSpec = 10;
			files = (
				E4250D071E0A911100530370 /* MoppLib.framework in Embed Frameworks */,
			);
			name = "Embed Frameworks";
			runOnlyForDeploymentPostprocessing = 0;
		};
/* End PBXCopyFilesBuildPhase section */

/* Begin PBXFileReference section */
		540786E71E1A76640016ABA7 /* UITextView+Additions.h */ = {isa = PBXFileReference; fileEncoding = 4; lastKnownFileType = sourcecode.c.h; path = "UITextView+Additions.h"; sourceTree = "<group>"; };
		540786E81E1A76640016ABA7 /* UITextView+Additions.m */ = {isa = PBXFileReference; fileEncoding = 4; lastKnownFileType = sourcecode.c.objc; path = "UITextView+Additions.m"; sourceTree = "<group>"; };
		540786EB1E1A8C650016ABA7 /* ViewWithRoundedCorners.h */ = {isa = PBXFileReference; fileEncoding = 4; lastKnownFileType = sourcecode.c.h; path = ViewWithRoundedCorners.h; sourceTree = "<group>"; };
		540786EC1E1A8C650016ABA7 /* ViewWithRoundedCorners.m */ = {isa = PBXFileReference; fileEncoding = 4; lastKnownFileType = sourcecode.c.objc; path = ViewWithRoundedCorners.m; sourceTree = "<group>"; };
		540786EE1E1A96900016ABA7 /* SimpleHeaderView.h */ = {isa = PBXFileReference; fileEncoding = 4; lastKnownFileType = sourcecode.c.h; path = SimpleHeaderView.h; sourceTree = "<group>"; };
		540786EF1E1A96900016ABA7 /* SimpleHeaderView.m */ = {isa = PBXFileReference; fileEncoding = 4; lastKnownFileType = sourcecode.c.objc; path = SimpleHeaderView.m; sourceTree = "<group>"; };
		540786F31E1AA1B30016ABA7 /* SimpleHeaderView.xib */ = {isa = PBXFileReference; fileEncoding = 4; lastKnownFileType = file.xib; path = SimpleHeaderView.xib; sourceTree = "<group>"; };
		542DCB631E1FDFC900899534 /* PinOperations.storyboard */ = {isa = PBXFileReference; fileEncoding = 4; lastKnownFileType = file.storyboard; path = PinOperations.storyboard; sourceTree = "<group>"; };
		542DCB651E1FE02900899534 /* PinOperationsViewController.h */ = {isa = PBXFileReference; fileEncoding = 4; lastKnownFileType = sourcecode.c.h; path = PinOperationsViewController.h; sourceTree = "<group>"; };
		542DCB661E1FE02900899534 /* PinOperationsViewController.m */ = {isa = PBXFileReference; fileEncoding = 4; lastKnownFileType = sourcecode.c.objc; path = PinOperationsViewController.m; sourceTree = "<group>"; };
		542DCB681E23856100899534 /* ErrorCell.xib */ = {isa = PBXFileReference; fileEncoding = 4; lastKnownFileType = file.xib; path = ErrorCell.xib; sourceTree = "<group>"; };
		545CF8441E16453300B66EE8 /* MyEIDViewController.h */ = {isa = PBXFileReference; fileEncoding = 4; lastKnownFileType = sourcecode.c.h; path = MyEIDViewController.h; sourceTree = "<group>"; };
		545CF8451E16453300B66EE8 /* MyEIDViewController.m */ = {isa = PBXFileReference; fileEncoding = 4; lastKnownFileType = sourcecode.c.objc; path = MyEIDViewController.m; sourceTree = "<group>"; };
		545CF8471E16563200B66EE8 /* MyEid.storyboard */ = {isa = PBXFileReference; fileEncoding = 4; lastKnownFileType = file.storyboard; path = MyEid.storyboard; sourceTree = "<group>"; };
		545CF8491E165DBA00B66EE8 /* NameAndPhotoCell.h */ = {isa = PBXFileReference; fileEncoding = 4; lastKnownFileType = sourcecode.c.h; path = NameAndPhotoCell.h; sourceTree = "<group>"; };
		545CF84A1E165DBA00B66EE8 /* NameAndPhotoCell.m */ = {isa = PBXFileReference; fileEncoding = 4; lastKnownFileType = sourcecode.c.objc; path = NameAndPhotoCell.m; sourceTree = "<group>"; };
		545CF84C1E165DCF00B66EE8 /* PersonalDataCell.h */ = {isa = PBXFileReference; fileEncoding = 4; lastKnownFileType = sourcecode.c.h; path = PersonalDataCell.h; sourceTree = "<group>"; };
		545CF84D1E165DCF00B66EE8 /* PersonalDataCell.m */ = {isa = PBXFileReference; fileEncoding = 4; lastKnownFileType = sourcecode.c.objc; path = PersonalDataCell.m; sourceTree = "<group>"; };
		545CF84F1E165DEC00B66EE8 /* ErrorCell.h */ = {isa = PBXFileReference; fileEncoding = 4; lastKnownFileType = sourcecode.c.h; path = ErrorCell.h; sourceTree = "<group>"; };
		545CF8501E165DEC00B66EE8 /* ErrorCell.m */ = {isa = PBXFileReference; fileEncoding = 4; lastKnownFileType = sourcecode.c.objc; path = ErrorCell.m; sourceTree = "<group>"; };
		545CF8521E165DFB00B66EE8 /* InfoCell.h */ = {isa = PBXFileReference; fileEncoding = 4; lastKnownFileType = sourcecode.c.h; path = InfoCell.h; sourceTree = "<group>"; };
		545CF8531E165DFB00B66EE8 /* InfoCell.m */ = {isa = PBXFileReference; fileEncoding = 4; lastKnownFileType = sourcecode.c.objc; path = InfoCell.m; sourceTree = "<group>"; };
		54813B2C1E24DD560058CD33 /* ChangePinViewController.h */ = {isa = PBXFileReference; fileEncoding = 4; lastKnownFileType = sourcecode.c.h; path = ChangePinViewController.h; sourceTree = "<group>"; };
		54813B2D1E24DD560058CD33 /* ChangePinViewController.m */ = {isa = PBXFileReference; fileEncoding = 4; lastKnownFileType = sourcecode.c.objc; path = ChangePinViewController.m; sourceTree = "<group>"; };
		54813B2F1E24FD270058CD33 /* InfoCell.xib */ = {isa = PBXFileReference; fileEncoding = 4; lastKnownFileType = file.xib; path = InfoCell.xib; sourceTree = "<group>"; };
		54825EF31E1CFE9600253FF0 /* NSDate+Additions.h */ = {isa = PBXFileReference; fileEncoding = 4; lastKnownFileType = sourcecode.c.h; path = "NSDate+Additions.h"; sourceTree = "<group>"; };
		54825EF41E1CFE9600253FF0 /* NSDate+Additions.m */ = {isa = PBXFileReference; fileEncoding = 4; lastKnownFileType = sourcecode.c.objc; path = "NSDate+Additions.m"; sourceTree = "<group>"; };
		54825EF61E1D270F00253FF0 /* NSString+Additions.h */ = {isa = PBXFileReference; fileEncoding = 4; lastKnownFileType = sourcecode.c.h; path = "NSString+Additions.h"; sourceTree = "<group>"; };
		54825EF71E1D270F00253FF0 /* NSString+Additions.m */ = {isa = PBXFileReference; fileEncoding = 4; lastKnownFileType = sourcecode.c.objc; path = "NSString+Additions.m"; sourceTree = "<group>"; };
		54825EF91E1D28E900253FF0 /* UIColor+Additions.h */ = {isa = PBXFileReference; fileEncoding = 4; lastKnownFileType = sourcecode.c.h; path = "UIColor+Additions.h"; sourceTree = "<group>"; };
		54825EFA1E1D28E900253FF0 /* UIColor+Additions.m */ = {isa = PBXFileReference; fileEncoding = 4; lastKnownFileType = sourcecode.c.objc; path = "UIColor+Additions.m"; sourceTree = "<group>"; };
		54DC0DBE1E0BC0CD00C62B3D /* Landing.storyboard */ = {isa = PBXFileReference; fileEncoding = 4; lastKnownFileType = file.storyboard; path = Landing.storyboard; sourceTree = "<group>"; };
		6DF4DB238197E7EBD319CE37 /* Pods_MoppApp.framework */ = {isa = PBXFileReference; explicitFileType = wrapper.framework; includeInIndex = 0; path = Pods_MoppApp.framework; sourceTree = BUILT_PRODUCTS_DIR; };
		7B5F907F55A4D9D1590D35CB /* Pods-MoppApp.release.xcconfig */ = {isa = PBXFileReference; includeInIndex = 1; lastKnownFileType = text.xcconfig; name = "Pods-MoppApp.release.xcconfig"; path = "Pods/Target Support Files/Pods-MoppApp/Pods-MoppApp.release.xcconfig"; sourceTree = "<group>"; };
		A0A7AA11ECD67C1248EED708 /* Pods-MoppApp.debug.xcconfig */ = {isa = PBXFileReference; includeInIndex = 1; lastKnownFileType = text.xcconfig; name = "Pods-MoppApp.debug.xcconfig"; path = "Pods/Target Support Files/Pods-MoppApp/Pods-MoppApp.debug.xcconfig"; sourceTree = "<group>"; };
		E4180C181E240AC600FD7B8C /* UIViewController+MBProgressHUD.h */ = {isa = PBXFileReference; fileEncoding = 4; lastKnownFileType = sourcecode.c.h; path = "UIViewController+MBProgressHUD.h"; sourceTree = "<group>"; };
		E4180C191E240AC600FD7B8C /* UIViewController+MBProgressHUD.m */ = {isa = PBXFileReference; fileEncoding = 4; lastKnownFileType = sourcecode.c.objc; path = "UIViewController+MBProgressHUD.m"; sourceTree = "<group>"; };
		E4180C281E267A5700FD7B8C /* Signing.storyboard */ = {isa = PBXFileReference; fileEncoding = 4; lastKnownFileType = file.storyboard; path = Signing.storyboard; sourceTree = "<group>"; };
		E4180C291E267A5700FD7B8C /* SigningViewController.h */ = {isa = PBXFileReference; fileEncoding = 4; lastKnownFileType = sourcecode.c.h; path = SigningViewController.h; sourceTree = "<group>"; };
		E4180C2A1E267A5700FD7B8C /* SigningViewController.m */ = {isa = PBXFileReference; fileEncoding = 4; lastKnownFileType = sourcecode.c.objc; path = SigningViewController.m; sourceTree = "<group>"; };
		E4180C2E1E267A6700FD7B8C /* Settings.storyboard */ = {isa = PBXFileReference; fileEncoding = 4; lastKnownFileType = file.storyboard; name = Settings.storyboard; path = MoppApp/Settings.storyboard; sourceTree = SOURCE_ROOT; };
		E4180C2F1E267A6700FD7B8C /* SettingsTableViewController.h */ = {isa = PBXFileReference; fileEncoding = 4; lastKnownFileType = sourcecode.c.h; name = SettingsTableViewController.h; path = MoppApp/SettingsTableViewController.h; sourceTree = SOURCE_ROOT; };
		E4180C301E267A6700FD7B8C /* SettingsTableViewController.m */ = {isa = PBXFileReference; fileEncoding = 4; lastKnownFileType = sourcecode.c.objc; name = SettingsTableViewController.m; path = MoppApp/SettingsTableViewController.m; sourceTree = SOURCE_ROOT; };
		E4180C331E267B5D00FD7B8C /* Localizations.h */ = {isa = PBXFileReference; fileEncoding = 4; lastKnownFileType = sourcecode.c.h; path = Localizations.h; sourceTree = "<group>"; };
		E4180C341E267B5D00FD7B8C /* Localizations.m */ = {isa = PBXFileReference; fileEncoding = 4; lastKnownFileType = sourcecode.c.objc; path = Localizations.m; sourceTree = "<group>"; };
		E4180C361E26822000FD7B8C /* datafile.txt */ = {isa = PBXFileReference; fileEncoding = 4; lastKnownFileType = text; path = datafile.txt; sourceTree = "<group>"; };
		E4250CC31E0968D200530370 /* MoppApp.app */ = {isa = PBXFileReference; explicitFileType = wrapper.application; includeInIndex = 0; path = MoppApp.app; sourceTree = BUILT_PRODUCTS_DIR; };
		E4250CC71E0968D200530370 /* main.m */ = {isa = PBXFileReference; fileEncoding = 4; lastKnownFileType = sourcecode.c.objc; path = main.m; sourceTree = "<group>"; };
		E4250CC91E0968D200530370 /* AppDelegate.h */ = {isa = PBXFileReference; lastKnownFileType = sourcecode.c.h; path = AppDelegate.h; sourceTree = "<group>"; };
		E4250CCA1E0968D200530370 /* AppDelegate.m */ = {isa = PBXFileReference; lastKnownFileType = sourcecode.c.objc; path = AppDelegate.m; sourceTree = "<group>"; };
		E4250CD21E0968D200530370 /* Assets.xcassets */ = {isa = PBXFileReference; lastKnownFileType = folder.assetcatalog; path = Assets.xcassets; sourceTree = "<group>"; };
		E4250CD71E0968D200530370 /* Info.plist */ = {isa = PBXFileReference; lastKnownFileType = text.plist.xml; path = Info.plist; sourceTree = "<group>"; };
		E4250D051E0A911100530370 /* MoppLib.framework */ = {isa = PBXFileReference; explicitFileType = wrapper.framework; path = MoppLib.framework; sourceTree = BUILT_PRODUCTS_DIR; };
		E4250D091E0AA7AF00530370 /* LaunchScreen.xib */ = {isa = PBXFileReference; fileEncoding = 4; lastKnownFileType = file.xib; path = LaunchScreen.xib; sourceTree = "<group>"; };
		E4250D0E1E0AA8E500530370 /* en */ = {isa = PBXFileReference; lastKnownFileType = text.plist.strings; name = en; path = en.lproj/Localizable.strings; sourceTree = "<group>"; };
		E4250D101E0AA8E900530370 /* et */ = {isa = PBXFileReference; lastKnownFileType = text.plist.strings; name = et; path = et.lproj/Localizable.strings; sourceTree = "<group>"; };
		E4250D111E0AA8EE00530370 /* ru */ = {isa = PBXFileReference; lastKnownFileType = text.plist.strings; name = ru; path = ru.lproj/Localizable.strings; sourceTree = "<group>"; };
		E4250D131E0AA97B00530370 /* MPNavigationController.h */ = {isa = PBXFileReference; fileEncoding = 4; lastKnownFileType = sourcecode.c.h; path = MPNavigationController.h; sourceTree = "<group>"; };
		E4250D141E0AA97B00530370 /* MPNavigationController.m */ = {isa = PBXFileReference; fileEncoding = 4; lastKnownFileType = sourcecode.c.objc; path = MPNavigationController.m; sourceTree = "<group>"; };
		E4250D1A1E0AB1B300530370 /* PrefixHeader.pch */ = {isa = PBXFileReference; lastKnownFileType = sourcecode.c.h; path = PrefixHeader.pch; sourceTree = "<group>"; };
		E42B088D1E155F2F00EA24A3 /* MPViewController.h */ = {isa = PBXFileReference; fileEncoding = 4; lastKnownFileType = sourcecode.c.h; path = MPViewController.h; sourceTree = "<group>"; };
		E42B088E1E155F2F00EA24A3 /* MPViewController.m */ = {isa = PBXFileReference; fileEncoding = 4; lastKnownFileType = sourcecode.c.objc; path = MPViewController.m; sourceTree = "<group>"; };
		E42B08931E15617200EA24A3 /* LandingTabBarController.h */ = {isa = PBXFileReference; fileEncoding = 4; lastKnownFileType = sourcecode.c.h; path = LandingTabBarController.h; sourceTree = "<group>"; };
		E42B08941E15617200EA24A3 /* LandingTabBarController.m */ = {isa = PBXFileReference; fileEncoding = 4; lastKnownFileType = sourcecode.c.objc; path = LandingTabBarController.m; sourceTree = "<group>"; };
		E42B08981E1562F400EA24A3 /* Signed.storyboard */ = {isa = PBXFileReference; fileEncoding = 4; lastKnownFileType = file.storyboard; path = Signed.storyboard; sourceTree = "<group>"; };
		E42B089A1E15644200EA24A3 /* SignedTableViewController.h */ = {isa = PBXFileReference; fileEncoding = 4; lastKnownFileType = sourcecode.c.h; path = SignedTableViewController.h; sourceTree = "<group>"; };
		E42B089B1E15644200EA24A3 /* SignedTableViewController.m */ = {isa = PBXFileReference; fileEncoding = 4; lastKnownFileType = sourcecode.c.objc; path = SignedTableViewController.m; sourceTree = "<group>"; };
		E42B08A41E1D4EE900EA24A3 /* test1.bdoc */ = {isa = PBXFileReference; lastKnownFileType = file; path = test1.bdoc; sourceTree = "<group>"; };
		E42B08A51E1D4EE900EA24A3 /* test2.bdoc */ = {isa = PBXFileReference; lastKnownFileType = file; path = test2.bdoc; sourceTree = "<group>"; };
		E42B08A81E1D4EF500EA24A3 /* SignedContainerCell.h */ = {isa = PBXFileReference; fileEncoding = 4; lastKnownFileType = sourcecode.c.h; path = SignedContainerCell.h; sourceTree = "<group>"; };
		E42B08A91E1D4EF500EA24A3 /* SignedContainerCell.m */ = {isa = PBXFileReference; fileEncoding = 4; lastKnownFileType = sourcecode.c.objc; path = SignedContainerCell.m; sourceTree = "<group>"; };
		E42B08AC1E1EFC1800EA24A3 /* DateFormatter.h */ = {isa = PBXFileReference; fileEncoding = 4; lastKnownFileType = sourcecode.c.h; path = DateFormatter.h; sourceTree = "<group>"; };
		E42B08AD1E1EFC1800EA24A3 /* DateFormatter.m */ = {isa = PBXFileReference; fileEncoding = 4; lastKnownFileType = sourcecode.c.objc; path = DateFormatter.m; sourceTree = "<group>"; };
		E42B08AF1E1F049B00EA24A3 /* FileManager.h */ = {isa = PBXFileReference; fileEncoding = 4; lastKnownFileType = sourcecode.c.h; path = FileManager.h; sourceTree = "<group>"; };
		E42B08B01E1F049B00EA24A3 /* FileManager.m */ = {isa = PBXFileReference; fileEncoding = 4; lastKnownFileType = sourcecode.c.objc; path = FileManager.m; sourceTree = "<group>"; };
		E42B08B71E1F0C7500EA24A3 /* SignedContainerTableViewController.h */ = {isa = PBXFileReference; fileEncoding = 4; lastKnownFileType = sourcecode.c.h; path = SignedContainerTableViewController.h; sourceTree = "<group>"; };
		E42B08B81E1F0C7500EA24A3 /* SignedContainerTableViewController.m */ = {isa = PBXFileReference; fileEncoding = 4; lastKnownFileType = sourcecode.c.objc; path = SignedContainerTableViewController.m; sourceTree = "<group>"; };
		E42B08BA1E1F0C8900EA24A3 /* SignedContainerDetailsCell.h */ = {isa = PBXFileReference; fileEncoding = 4; lastKnownFileType = sourcecode.c.h; path = SignedContainerDetailsCell.h; sourceTree = "<group>"; };
		E42B08BB1E1F0C8900EA24A3 /* SignedContainerDetailsCell.m */ = {isa = PBXFileReference; fileEncoding = 4; lastKnownFileType = sourcecode.c.objc; path = SignedContainerDetailsCell.m; sourceTree = "<group>"; };
		E42B08BD1E1F0C9A00EA24A3 /* SignedContainerDataFileCell.h */ = {isa = PBXFileReference; fileEncoding = 4; lastKnownFileType = sourcecode.c.h; path = SignedContainerDataFileCell.h; sourceTree = "<group>"; };
		E42B08BE1E1F0C9A00EA24A3 /* SignedContainerDataFileCell.m */ = {isa = PBXFileReference; fileEncoding = 4; lastKnownFileType = sourcecode.c.objc; path = SignedContainerDataFileCell.m; sourceTree = "<group>"; };
		E42B08C01E1F0CA600EA24A3 /* SignedContainerSignatureCell.h */ = {isa = PBXFileReference; fileEncoding = 4; lastKnownFileType = sourcecode.c.h; path = SignedContainerSignatureCell.h; sourceTree = "<group>"; };
		E42B08C11E1F0CA600EA24A3 /* SignedContainerSignatureCell.m */ = {isa = PBXFileReference; fileEncoding = 4; lastKnownFileType = sourcecode.c.objc; path = SignedContainerSignatureCell.m; sourceTree = "<group>"; };
/* End PBXFileReference section */

/* Begin PBXFrameworksBuildPhase section */
		E4250CC01E0968D200530370 /* Frameworks */ = {
			isa = PBXFrameworksBuildPhase;
			buildActionMask = 2147483647;
			files = (
				E4250D061E0A911100530370 /* MoppLib.framework in Frameworks */,
				51EAB865AC99468B5AC77D6C /* Pods_MoppApp.framework in Frameworks */,
			);
			runOnlyForDeploymentPostprocessing = 0;
		};
/* End PBXFrameworksBuildPhase section */

/* Begin PBXGroup section */
		540786E61E1A76280016ABA7 /* Category */ = {
			isa = PBXGroup;
			children = (
				540786E71E1A76640016ABA7 /* UITextView+Additions.h */,
				540786E81E1A76640016ABA7 /* UITextView+Additions.m */,
				54825EF31E1CFE9600253FF0 /* NSDate+Additions.h */,
				54825EF41E1CFE9600253FF0 /* NSDate+Additions.m */,
				54825EF61E1D270F00253FF0 /* NSString+Additions.h */,
				54825EF71E1D270F00253FF0 /* NSString+Additions.m */,
				54825EF91E1D28E900253FF0 /* UIColor+Additions.h */,
				54825EFA1E1D28E900253FF0 /* UIColor+Additions.m */,
				E4180C181E240AC600FD7B8C /* UIViewController+MBProgressHUD.h */,
				E4180C191E240AC600FD7B8C /* UIViewController+MBProgressHUD.m */,
			);
			path = Category;
			sourceTree = "<group>";
		};
		540786EA1E1A8BE90016ABA7 /* View */ = {
			isa = PBXGroup;
			children = (
				540786EB1E1A8C650016ABA7 /* ViewWithRoundedCorners.h */,
				540786EC1E1A8C650016ABA7 /* ViewWithRoundedCorners.m */,
				540786EE1E1A96900016ABA7 /* SimpleHeaderView.h */,
				540786EF1E1A96900016ABA7 /* SimpleHeaderView.m */,
				540786F31E1AA1B30016ABA7 /* SimpleHeaderView.xib */,
			);
			path = View;
			sourceTree = "<group>";
		};
		542DCB621E1FD2F000899534 /* PinOperations */ = {
			isa = PBXGroup;
			children = (
				542DCB631E1FDFC900899534 /* PinOperations.storyboard */,
				542DCB651E1FE02900899534 /* PinOperationsViewController.h */,
				542DCB661E1FE02900899534 /* PinOperationsViewController.m */,
				54813B2C1E24DD560058CD33 /* ChangePinViewController.h */,
				54813B2D1E24DD560058CD33 /* ChangePinViewController.m */,
			);
			name = PinOperations;
			path = SimOperations;
			sourceTree = "<group>";
		};
		545CF8431E1642ED00B66EE8 /* MyEID */ = {
			isa = PBXGroup;
			children = (
				545CF8441E16453300B66EE8 /* MyEIDViewController.h */,
				545CF8451E16453300B66EE8 /* MyEIDViewController.m */,
				545CF8471E16563200B66EE8 /* MyEid.storyboard */,
				545CF8491E165DBA00B66EE8 /* NameAndPhotoCell.h */,
				545CF84A1E165DBA00B66EE8 /* NameAndPhotoCell.m */,
				545CF84C1E165DCF00B66EE8 /* PersonalDataCell.h */,
				545CF84D1E165DCF00B66EE8 /* PersonalDataCell.m */,
				545CF84F1E165DEC00B66EE8 /* ErrorCell.h */,
				545CF8501E165DEC00B66EE8 /* ErrorCell.m */,
				542DCB681E23856100899534 /* ErrorCell.xib */,
				545CF8521E165DFB00B66EE8 /* InfoCell.h */,
				545CF8531E165DFB00B66EE8 /* InfoCell.m */,
				54813B2F1E24FD270058CD33 /* InfoCell.xib */,
			);
			name = MyEID;
			sourceTree = "<group>";
		};
		BC2D5E4C8EAB0299962763A0 /* Pods */ = {
			isa = PBXGroup;
			children = (
				A0A7AA11ECD67C1248EED708 /* Pods-MoppApp.debug.xcconfig */,
				7B5F907F55A4D9D1590D35CB /* Pods-MoppApp.release.xcconfig */,
			);
			name = Pods;
			sourceTree = "<group>";
		};
		E4180C271E267A4400FD7B8C /* Signing */ = {
			isa = PBXGroup;
			children = (
				E4180C281E267A5700FD7B8C /* Signing.storyboard */,
				E4180C291E267A5700FD7B8C /* SigningViewController.h */,
				E4180C2A1E267A5700FD7B8C /* SigningViewController.m */,
			);
			name = Signing;
			sourceTree = "<group>";
		};
		E4180C2D1E267A5900FD7B8C /* Settings */ = {
			isa = PBXGroup;
			children = (
				E4180C2E1E267A6700FD7B8C /* Settings.storyboard */,
				E4180C2F1E267A6700FD7B8C /* SettingsTableViewController.h */,
				E4180C301E267A6700FD7B8C /* SettingsTableViewController.m */,
			);
			name = Settings;
			path = SimOperations;
			sourceTree = "<group>";
		};
		E4250CBA1E0968D200530370 = {
			isa = PBXGroup;
			children = (
				E4250CC51E0968D200530370 /* MoppApp */,
				E4250CC41E0968D200530370 /* Products */,
				BC2D5E4C8EAB0299962763A0 /* Pods */,
				F9074FEF4DC2DB83A60B75B9 /* Frameworks */,
			);
			sourceTree = "<group>";
		};
		E4250CC41E0968D200530370 /* Products */ = {
			isa = PBXGroup;
			children = (
				E4250CC31E0968D200530370 /* MoppApp.app */,
			);
			name = Products;
			sourceTree = "<group>";
		};
		E4250CC51E0968D200530370 /* MoppApp */ = {
			isa = PBXGroup;
			children = (
				E4250CC91E0968D200530370 /* AppDelegate.h */,
				E4250CCA1E0968D200530370 /* AppDelegate.m */,
				E4250CD21E0968D200530370 /* Assets.xcassets */,
				540786E61E1A76280016ABA7 /* Category */,
				E4250D121E0AA93F00530370 /* Base */,
				540786EA1E1A8BE90016ABA7 /* View */,
				E4250D0B1E0AA84A00530370 /* ViewController */,
				E4180C2D1E267A5900FD7B8C /* Settings */,
				E42B08AB1E1EFC0500EA24A3 /* Utility */,
				E4250CC61E0968D200530370 /* Supporting Files */,
			);
			path = MoppApp;
			sourceTree = "<group>";
		};
		E4250CC61E0968D200530370 /* Supporting Files */ = {
			isa = PBXGroup;
			children = (
				E4250CD71E0968D200530370 /* Info.plist */,
				E4250D0D1E0AA8E500530370 /* Localizable.strings */,
				E4250CC71E0968D200530370 /* main.m */,
				E4250D091E0AA7AF00530370 /* LaunchScreen.xib */,
				E4250D1A1E0AB1B300530370 /* PrefixHeader.pch */,
				E4180C331E267B5D00FD7B8C /* Localizations.h */,
				E4180C341E267B5D00FD7B8C /* Localizations.m */,
				E42B08A41E1D4EE900EA24A3 /* test1.bdoc */,
				E42B08A51E1D4EE900EA24A3 /* test2.bdoc */,
				E4180C361E26822000FD7B8C /* datafile.txt */,
			);
			name = "Supporting Files";
			sourceTree = "<group>";
		};
		E4250D0B1E0AA84A00530370 /* ViewController */ = {
			isa = PBXGroup;
			children = (
				E42B08961E1562D500EA24A3 /* Landing */,
				E4180C271E267A4400FD7B8C /* Signing */,
				E42B08971E1562E500EA24A3 /* Signed */,
				545CF8431E1642ED00B66EE8 /* MyEID */,
				542DCB621E1FD2F000899534 /* PinOperations */,
			);
			name = ViewController;
			sourceTree = "<group>";
		};
		E4250D121E0AA93F00530370 /* Base */ = {
			isa = PBXGroup;
			children = (
				E4250D131E0AA97B00530370 /* MPNavigationController.h */,
				E4250D141E0AA97B00530370 /* MPNavigationController.m */,
				E42B088D1E155F2F00EA24A3 /* MPViewController.h */,
				E42B088E1E155F2F00EA24A3 /* MPViewController.m */,
			);
			name = Base;
			sourceTree = "<group>";
		};
		E42B08961E1562D500EA24A3 /* Landing */ = {
			isa = PBXGroup;
			children = (
				E42B08931E15617200EA24A3 /* LandingTabBarController.h */,
				E42B08941E15617200EA24A3 /* LandingTabBarController.m */,
				54DC0DBE1E0BC0CD00C62B3D /* Landing.storyboard */,
			);
			name = Landing;
			sourceTree = "<group>";
		};
		E42B08971E1562E500EA24A3 /* Signed */ = {
			isa = PBXGroup;
			children = (
				E42B08981E1562F400EA24A3 /* Signed.storyboard */,
				E42B089A1E15644200EA24A3 /* SignedTableViewController.h */,
				E42B089B1E15644200EA24A3 /* SignedTableViewController.m */,
				E42B08A81E1D4EF500EA24A3 /* SignedContainerCell.h */,
				E42B08A91E1D4EF500EA24A3 /* SignedContainerCell.m */,
				E42B08B71E1F0C7500EA24A3 /* SignedContainerTableViewController.h */,
				E42B08B81E1F0C7500EA24A3 /* SignedContainerTableViewController.m */,
				E42B08BA1E1F0C8900EA24A3 /* SignedContainerDetailsCell.h */,
				E42B08BB1E1F0C8900EA24A3 /* SignedContainerDetailsCell.m */,
				E42B08BD1E1F0C9A00EA24A3 /* SignedContainerDataFileCell.h */,
				E42B08BE1E1F0C9A00EA24A3 /* SignedContainerDataFileCell.m */,
				E42B08C01E1F0CA600EA24A3 /* SignedContainerSignatureCell.h */,
				E42B08C11E1F0CA600EA24A3 /* SignedContainerSignatureCell.m */,
			);
			name = Signed;
			sourceTree = "<group>";
		};
		E42B08AB1E1EFC0500EA24A3 /* Utility */ = {
			isa = PBXGroup;
			children = (
				E42B08AC1E1EFC1800EA24A3 /* DateFormatter.h */,
				E42B08AD1E1EFC1800EA24A3 /* DateFormatter.m */,
				E42B08AF1E1F049B00EA24A3 /* FileManager.h */,
				E42B08B01E1F049B00EA24A3 /* FileManager.m */,
			);
			name = Utility;
			sourceTree = "<group>";
		};
		F9074FEF4DC2DB83A60B75B9 /* Frameworks */ = {
			isa = PBXGroup;
			children = (
				E4250D051E0A911100530370 /* MoppLib.framework */,
				6DF4DB238197E7EBD319CE37 /* Pods_MoppApp.framework */,
			);
			name = Frameworks;
			sourceTree = "<group>";
		};
/* End PBXGroup section */

/* Begin PBXNativeTarget section */
		E4250CC21E0968D200530370 /* MoppApp */ = {
			isa = PBXNativeTarget;
			buildConfigurationList = E4250CDA1E0968D200530370 /* Build configuration list for PBXNativeTarget "MoppApp" */;
			buildPhases = (
				A61DA2EE951A985EAE19BDEB /* [CP] Check Pods Manifest.lock */,
				E4250D1C1E0AB5D900530370 /* Laurine Generator */,
				E4250CBF1E0968D200530370 /* Sources */,
				E4250CC01E0968D200530370 /* Frameworks */,
				E4250CC11E0968D200530370 /* Resources */,
				E4250D1B1E0AB34400530370 /* Set GH build number to plist */,
				6B13CD669C3E5A2623D5FE04 /* [CP] Embed Pods Frameworks */,
				4E44872F8C9839D1D757B3E0 /* [CP] Copy Pods Resources */,
				E4250D081E0A911100530370 /* Embed Frameworks */,
			);
			buildRules = (
			);
			dependencies = (
			);
			name = MoppApp;
			productName = MoppApp;
			productReference = E4250CC31E0968D200530370 /* MoppApp.app */;
			productType = "com.apple.product-type.application";
		};
/* End PBXNativeTarget section */

/* Begin PBXProject section */
		E4250CBB1E0968D200530370 /* Project object */ = {
			isa = PBXProject;
			attributes = {
				LastUpgradeCheck = 0800;
				ORGANIZATIONNAME = "Mobi Lab";
				TargetAttributes = {
					E4250CC21E0968D200530370 = {
						CreatedOnToolsVersion = 8.0;
						DevelopmentTeam = 4YJSF2LF24;
						ProvisioningStyle = Automatic;
					};
				};
			};
			buildConfigurationList = E4250CBE1E0968D200530370 /* Build configuration list for PBXProject "MoppApp" */;
			compatibilityVersion = "Xcode 3.2";
			developmentRegion = English;
			hasScannedForEncodings = 0;
			knownRegions = (
				en,
				Base,
				et,
				ru,
			);
			mainGroup = E4250CBA1E0968D200530370;
			productRefGroup = E4250CC41E0968D200530370 /* Products */;
			projectDirPath = "";
			projectRoot = "";
			targets = (
				E4250CC21E0968D200530370 /* MoppApp */,
			);
		};
/* End PBXProject section */

/* Begin PBXResourcesBuildPhase section */
		E4250CC11E0968D200530370 /* Resources */ = {
			isa = PBXResourcesBuildPhase;
			buildActionMask = 2147483647;
			files = (
				E4180C371E26822000FD7B8C /* datafile.txt in Resources */,
				542DCB691E23856100899534 /* ErrorCell.xib in Resources */,
				54813B301E24FD270058CD33 /* InfoCell.xib in Resources */,
				545CF8481E16563200B66EE8 /* MyEid.storyboard in Resources */,
				E42B08A61E1D4EE900EA24A3 /* test1.bdoc in Resources */,
				E4250D0A1E0AA7AF00530370 /* LaunchScreen.xib in Resources */,
				E4180C2B1E267A5700FD7B8C /* Signing.storyboard in Resources */,
				E4250D0F1E0AA8E500530370 /* Localizable.strings in Resources */,
				542DCB641E1FDFC900899534 /* PinOperations.storyboard in Resources */,
				540786F41E1AA1B30016ABA7 /* SimpleHeaderView.xib in Resources */,
				54DC0DBF1E0BC0CD00C62B3D /* Landing.storyboard in Resources */,
				E42B08A71E1D4EE900EA24A3 /* test2.bdoc in Resources */,
				E42B08991E1562F400EA24A3 /* Signed.storyboard in Resources */,
				E4180C311E267A6700FD7B8C /* Settings.storyboard in Resources */,
				E4250CD31E0968D200530370 /* Assets.xcassets in Resources */,
			);
			runOnlyForDeploymentPostprocessing = 0;
		};
/* End PBXResourcesBuildPhase section */

/* Begin PBXShellScriptBuildPhase section */
		4E44872F8C9839D1D757B3E0 /* [CP] Copy Pods Resources */ = {
			isa = PBXShellScriptBuildPhase;
			buildActionMask = 2147483647;
			files = (
			);
			inputPaths = (
			);
			name = "[CP] Copy Pods Resources";
			outputPaths = (
			);
			runOnlyForDeploymentPostprocessing = 0;
			shellPath = /bin/sh;
			shellScript = "\"${SRCROOT}/Pods/Target Support Files/Pods-MoppApp/Pods-MoppApp-resources.sh\"\n";
			showEnvVarsInLog = 0;
		};
		6B13CD669C3E5A2623D5FE04 /* [CP] Embed Pods Frameworks */ = {
			isa = PBXShellScriptBuildPhase;
			buildActionMask = 2147483647;
			files = (
			);
			inputPaths = (
			);
			name = "[CP] Embed Pods Frameworks";
			outputPaths = (
			);
			runOnlyForDeploymentPostprocessing = 0;
			shellPath = /bin/sh;
			shellScript = "\"${SRCROOT}/Pods/Target Support Files/Pods-MoppApp/Pods-MoppApp-frameworks.sh\"\n";
			showEnvVarsInLog = 0;
		};
		A61DA2EE951A985EAE19BDEB /* [CP] Check Pods Manifest.lock */ = {
			isa = PBXShellScriptBuildPhase;
			buildActionMask = 2147483647;
			files = (
			);
			inputPaths = (
			);
			name = "[CP] Check Pods Manifest.lock";
			outputPaths = (
			);
			runOnlyForDeploymentPostprocessing = 0;
			shellPath = /bin/sh;
			shellScript = "diff \"${PODS_ROOT}/../Podfile.lock\" \"${PODS_ROOT}/Manifest.lock\" > /dev/null\nif [ $? != 0 ] ; then\n    # print error to STDERR\n    echo \"error: The sandbox is not in sync with the Podfile.lock. Run 'pod install' or update your CocoaPods installation.\" >&2\n    exit 1\nfi\n";
			showEnvVarsInLog = 0;
		};
		E4250D1B1E0AB34400530370 /* Set GH build number to plist */ = {
			isa = PBXShellScriptBuildPhase;
			buildActionMask = 2147483647;
			files = (
			);
			inputPaths = (
			);
			name = "Set GH build number to plist";
			outputPaths = (
			);
			runOnlyForDeploymentPostprocessing = 0;
			shellPath = /bin/sh;
			shellScript = "buildNumber=$GREENHOUSE_BUILD_NUMBER\nstringLength=${#buildNumber}\n    if [ $stringLength -ne 0 ]; then\n    echo \"Updating build number to $buildNumber\"\n    /usr/libexec/PlistBuddy -c \"Set :CFBundleVersion $buildNumber\" \"${TARGET_BUILD_DIR}/${INFOPLIST_PATH}\"\n    else\n    echo \"Missing build number, skip updating\"\n    fi";
		};
		E4250D1C1E0AB5D900530370 /* Laurine Generator */ = {
			isa = PBXShellScriptBuildPhase;
			buildActionMask = 2147483647;
			files = (
			);
			inputPaths = (
			);
			name = "Laurine Generator";
			outputPaths = (
			);
			runOnlyForDeploymentPostprocessing = 0;
			shellPath = /bin/sh;
			shellScript = "set -x\n\n#--------- START OF CONFIGURATION\n\n# Get base path to project\nBASE_PATH=\"$PROJECT_DIR/$PROJECT_NAME\"\n\n# Get path to Laurine Generator script\nLAURINE_PATH=\"$BASE_PATH/LaurineGenerator.swift\"\n\n# Get path to main localization file (usually english).\nSOURCE_PATH=\"$BASE_PATH/en.lproj/Localizable.strings\"\n\n# Get path to output. If you use ObjC version of output, set implementation file (.m), as header will be generated automatically\nOUTPUT_PATH=\"$BASE_PATH/Localizations.m\"\n\n#--------- END OF CONFIGURATION\n\n# Add permission to generator for script execution\nchmod 755 $LAURINE_PATH\n\n# Actually generate output. -- CUSTOMIZE -- parameters to your needs (see documentation).\n# Will only re-generate script if something changed\nif [ \"$OUTPUT_PATH\" -ot \"$SOURCE_PATH\" ]; then\n\"$LAURINE_PATH\" -i \"$SOURCE_PATH\" -c -o \"$OUTPUT_PATH\" -l objc\nfi";
		};
/* End PBXShellScriptBuildPhase section */

/* Begin PBXSourcesBuildPhase section */
		E4250CBF1E0968D200530370 /* Sources */ = {
			isa = PBXSourcesBuildPhase;
			buildActionMask = 2147483647;
			files = (
				54825EF51E1CFE9600253FF0 /* NSDate+Additions.m in Sources */,
				540786F01E1A96900016ABA7 /* SimpleHeaderView.m in Sources */,
				542DCB671E1FE02900899534 /* PinOperationsViewController.m in Sources */,
				E4250D151E0AA97B00530370 /* MPNavigationController.m in Sources */,
				54813B2E1E24DD560058CD33 /* ChangePinViewController.m in Sources */,
				E42B08951E15617200EA24A3 /* LandingTabBarController.m in Sources */,
				E42B08AA1E1D4EF500EA24A3 /* SignedContainerCell.m in Sources */,
				E42B088F1E155F2F00EA24A3 /* MPViewController.m in Sources */,
				54825EFB1E1D28E900253FF0 /* UIColor+Additions.m in Sources */,
				E42B08BF1E1F0C9A00EA24A3 /* SignedContainerDataFileCell.m in Sources */,
				545CF84E1E165DCF00B66EE8 /* PersonalDataCell.m in Sources */,
				545CF8541E165DFB00B66EE8 /* InfoCell.m in Sources */,
				E4180C321E267A6700FD7B8C /* SettingsTableViewController.m in Sources */,
				E42B08BC1E1F0C8900EA24A3 /* SignedContainerDetailsCell.m in Sources */,
				540786E91E1A76640016ABA7 /* UITextView+Additions.m in Sources */,
				540786ED1E1A8C650016ABA7 /* ViewWithRoundedCorners.m in Sources */,
				E42B08C21E1F0CA600EA24A3 /* SignedContainerSignatureCell.m in Sources */,
				E4250CCB1E0968D200530370 /* AppDelegate.m in Sources */,
				545CF8511E165DEC00B66EE8 /* ErrorCell.m in Sources */,
				E42B08AE1E1EFC1800EA24A3 /* DateFormatter.m in Sources */,
				E42B08B91E1F0C7500EA24A3 /* SignedContainerTableViewController.m in Sources */,
				E42B089C1E15644200EA24A3 /* SignedTableViewController.m in Sources */,
				E4250CC81E0968D200530370 /* main.m in Sources */,
				545CF8461E16453300B66EE8 /* MyEIDViewController.m in Sources */,
				E4180C1A1E240AC600FD7B8C /* UIViewController+MBProgressHUD.m in Sources */,
				545CF84B1E165DBA00B66EE8 /* NameAndPhotoCell.m in Sources */,
				54825EF81E1D270F00253FF0 /* NSString+Additions.m in Sources */,
				E42B08B11E1F049B00EA24A3 /* FileManager.m in Sources */,
				E4180C351E267B5D00FD7B8C /* Localizations.m in Sources */,
				E4180C2C1E267A5700FD7B8C /* SigningViewController.m in Sources */,
			);
			runOnlyForDeploymentPostprocessing = 0;
		};
/* End PBXSourcesBuildPhase section */

/* Begin PBXVariantGroup section */
		E4250D0D1E0AA8E500530370 /* Localizable.strings */ = {
			isa = PBXVariantGroup;
			children = (
				E4250D0E1E0AA8E500530370 /* en */,
				E4250D101E0AA8E900530370 /* et */,
				E4250D111E0AA8EE00530370 /* ru */,
			);
			name = Localizable.strings;
			sourceTree = "<group>";
		};
/* End PBXVariantGroup section */

/* Begin XCBuildConfiguration section */
		E4250CD81E0968D200530370 /* Debug */ = {
			isa = XCBuildConfiguration;
			buildSettings = {
				ALWAYS_SEARCH_USER_PATHS = NO;
				CLANG_ANALYZER_LOCALIZABILITY_NONLOCALIZED = YES;
				CLANG_ANALYZER_NONNULL = YES;
				CLANG_CXX_LANGUAGE_STANDARD = "gnu++0x";
				CLANG_CXX_LIBRARY = "libc++";
				CLANG_ENABLE_MODULES = YES;
				CLANG_ENABLE_OBJC_ARC = YES;
				CLANG_WARN_BOOL_CONVERSION = YES;
				CLANG_WARN_CONSTANT_CONVERSION = YES;
				CLANG_WARN_DIRECT_OBJC_ISA_USAGE = YES_ERROR;
				CLANG_WARN_DOCUMENTATION_COMMENTS = YES;
				CLANG_WARN_EMPTY_BODY = YES;
				CLANG_WARN_ENUM_CONVERSION = YES;
				CLANG_WARN_INFINITE_RECURSION = YES;
				CLANG_WARN_INT_CONVERSION = YES;
				CLANG_WARN_OBJC_ROOT_CLASS = YES_ERROR;
				CLANG_WARN_SUSPICIOUS_MOVES = YES;
				CLANG_WARN_UNREACHABLE_CODE = YES;
				CLANG_WARN__DUPLICATE_METHOD_MATCH = YES;
				"CODE_SIGN_IDENTITY[sdk=iphoneos*]" = "iPhone Developer";
				COPY_PHASE_STRIP = NO;
				DEBUG_INFORMATION_FORMAT = dwarf;
				ENABLE_STRICT_OBJC_MSGSEND = YES;
				ENABLE_TESTABILITY = YES;
				GCC_C_LANGUAGE_STANDARD = gnu99;
				GCC_DYNAMIC_NO_PIC = NO;
				GCC_NO_COMMON_BLOCKS = YES;
				GCC_OPTIMIZATION_LEVEL = 0;
				GCC_PREPROCESSOR_DEFINITIONS = (
					"DEBUG=1",
					"$(inherited)",
				);
				GCC_WARN_64_TO_32_BIT_CONVERSION = YES;
				GCC_WARN_ABOUT_RETURN_TYPE = YES_ERROR;
				GCC_WARN_UNDECLARED_SELECTOR = YES;
				GCC_WARN_UNINITIALIZED_AUTOS = YES_AGGRESSIVE;
				GCC_WARN_UNUSED_FUNCTION = YES;
				GCC_WARN_UNUSED_VARIABLE = YES;
				IPHONEOS_DEPLOYMENT_TARGET = 9.0;
				MTL_ENABLE_DEBUG_INFO = YES;
				ONLY_ACTIVE_ARCH = YES;
				SDKROOT = iphoneos;
				TARGETED_DEVICE_FAMILY = "1,2";
			};
			name = Debug;
		};
		E4250CD91E0968D200530370 /* Release */ = {
			isa = XCBuildConfiguration;
			buildSettings = {
				ALWAYS_SEARCH_USER_PATHS = NO;
				CLANG_ANALYZER_LOCALIZABILITY_NONLOCALIZED = YES;
				CLANG_ANALYZER_NONNULL = YES;
				CLANG_CXX_LANGUAGE_STANDARD = "gnu++0x";
				CLANG_CXX_LIBRARY = "libc++";
				CLANG_ENABLE_MODULES = YES;
				CLANG_ENABLE_OBJC_ARC = YES;
				CLANG_WARN_BOOL_CONVERSION = YES;
				CLANG_WARN_CONSTANT_CONVERSION = YES;
				CLANG_WARN_DIRECT_OBJC_ISA_USAGE = YES_ERROR;
				CLANG_WARN_DOCUMENTATION_COMMENTS = YES;
				CLANG_WARN_EMPTY_BODY = YES;
				CLANG_WARN_ENUM_CONVERSION = YES;
				CLANG_WARN_INFINITE_RECURSION = YES;
				CLANG_WARN_INT_CONVERSION = YES;
				CLANG_WARN_OBJC_ROOT_CLASS = YES_ERROR;
				CLANG_WARN_SUSPICIOUS_MOVES = YES;
				CLANG_WARN_UNREACHABLE_CODE = YES;
				CLANG_WARN__DUPLICATE_METHOD_MATCH = YES;
				"CODE_SIGN_IDENTITY[sdk=iphoneos*]" = "iPhone Developer";
				COPY_PHASE_STRIP = NO;
				DEBUG_INFORMATION_FORMAT = "dwarf-with-dsym";
				ENABLE_NS_ASSERTIONS = NO;
				ENABLE_STRICT_OBJC_MSGSEND = YES;
				GCC_C_LANGUAGE_STANDARD = gnu99;
				GCC_NO_COMMON_BLOCKS = YES;
				GCC_WARN_64_TO_32_BIT_CONVERSION = YES;
				GCC_WARN_ABOUT_RETURN_TYPE = YES_ERROR;
				GCC_WARN_UNDECLARED_SELECTOR = YES;
				GCC_WARN_UNINITIALIZED_AUTOS = YES_AGGRESSIVE;
				GCC_WARN_UNUSED_FUNCTION = YES;
				GCC_WARN_UNUSED_VARIABLE = YES;
				IPHONEOS_DEPLOYMENT_TARGET = 9.0;
				MTL_ENABLE_DEBUG_INFO = NO;
				SDKROOT = iphoneos;
				TARGETED_DEVICE_FAMILY = "1,2";
				VALIDATE_PRODUCT = YES;
			};
			name = Release;
		};
		E4250CDB1E0968D200530370 /* Debug */ = {
			isa = XCBuildConfiguration;
			baseConfigurationReference = A0A7AA11ECD67C1248EED708 /* Pods-MoppApp.debug.xcconfig */;
			buildSettings = {
				ASSETCATALOG_COMPILER_APPICON_NAME = AppIcon;
				DEBUG_ACTIVITY_MODE = "";
				"DEBUG_ACTIVITY_MODE[sdk=iphonesimulator*]" = disable;
				DEVELOPMENT_TEAM = 4YJSF2LF24;
				ENABLE_BITCODE = NO;
				GCC_PREFIX_HEADER = MoppApp/PrefixHeader.pch;
				INFOPLIST_FILE = MoppApp/Info.plist;
				IPHONEOS_DEPLOYMENT_TARGET = 9.0;
				LD_RUNPATH_SEARCH_PATHS = "$(inherited) @executable_path/Frameworks";
				PRODUCT_BUNDLE_IDENTIFIER = mobi.lab.MoppApp;
				PRODUCT_NAME = "$(TARGET_NAME)";
			};
			name = Debug;
		};
		E4250CDC1E0968D200530370 /* Release */ = {
			isa = XCBuildConfiguration;
			baseConfigurationReference = 7B5F907F55A4D9D1590D35CB /* Pods-MoppApp.release.xcconfig */;
			buildSettings = {
				ASSETCATALOG_COMPILER_APPICON_NAME = AppIcon;
				DEBUG_ACTIVITY_MODE = "";
				DEVELOPMENT_TEAM = 4YJSF2LF24;
				ENABLE_BITCODE = NO;
				GCC_PREFIX_HEADER = MoppApp/PrefixHeader.pch;
				INFOPLIST_FILE = MoppApp/Info.plist;
				IPHONEOS_DEPLOYMENT_TARGET = 9.0;
				LD_RUNPATH_SEARCH_PATHS = "$(inherited) @executable_path/Frameworks";
				PRODUCT_BUNDLE_IDENTIFIER = mobi.lab.MoppApp;
				PRODUCT_NAME = "$(TARGET_NAME)";
			};
			name = Release;
		};
/* End XCBuildConfiguration section */

/* Begin XCConfigurationList section */
		E4250CBE1E0968D200530370 /* Build configuration list for PBXProject "MoppApp" */ = {
			isa = XCConfigurationList;
			buildConfigurations = (
				E4250CD81E0968D200530370 /* Debug */,
				E4250CD91E0968D200530370 /* Release */,
			);
			defaultConfigurationIsVisible = 0;
			defaultConfigurationName = Release;
		};
		E4250CDA1E0968D200530370 /* Build configuration list for PBXNativeTarget "MoppApp" */ = {
			isa = XCConfigurationList;
			buildConfigurations = (
				E4250CDB1E0968D200530370 /* Debug */,
				E4250CDC1E0968D200530370 /* Release */,
			);
			defaultConfigurationIsVisible = 0;
			defaultConfigurationName = Release;
		};
/* End XCConfigurationList section */
	};
	rootObject = E4250CBB1E0968D200530370 /* Project object */;
}
