// !$*UTF8*$!
{
	archiveVersion = 1;
	classes = {
	};
	objectVersion = 46;
	objects = {

/* Begin PBXBuildFile section */
		51EAB865AC99468B5AC77D6C /* Pods_MoppApp.framework in Frameworks */ = {isa = PBXBuildFile; fileRef = 6DF4DB238197E7EBD319CE37 /* Pods_MoppApp.framework */; };
		540786E91E1A76640016ABA7 /* UITextView+Additions.swift in Sources */ = {isa = PBXBuildFile; fileRef = 540786E81E1A76640016ABA7 /* UITextView+Additions.swift */; };
		547BDF251E8BEFA30093931F /* Localizable.strings in Resources */ = {isa = PBXBuildFile; fileRef = E4250D0D1E0AA8E500530370 /* Localizable.strings */; };
		54825EF51E1CFE9600253FF0 /* Date+Additions.swift in Sources */ = {isa = PBXBuildFile; fileRef = 54825EF41E1CFE9600253FF0 /* Date+Additions.swift */; };
		54825EF81E1D270F00253FF0 /* String+Additions.swift in Sources */ = {isa = PBXBuildFile; fileRef = 54825EF71E1D270F00253FF0 /* String+Additions.swift */; };
		54825EFB1E1D28E900253FF0 /* UIColor+Additions.swift in Sources */ = {isa = PBXBuildFile; fileRef = 54825EFA1E1D28E900253FF0 /* UIColor+Additions.swift */; };
		54A418041E83C10100559E2B /* digidoc_64.png in Resources */ = {isa = PBXBuildFile; fileRef = 54A418031E83C10100559E2B /* digidoc_64.png */; };
		54A418071E83C10B00559E2B /* digidoc_320.png in Resources */ = {isa = PBXBuildFile; fileRef = 54A418061E83C10B00559E2B /* digidoc_320.png */; };
		54A4182B1E83FAD200559E2B /* MainInterface.storyboard in Resources */ = {isa = PBXBuildFile; fileRef = 54A418291E83FAD200559E2B /* MainInterface.storyboard */; };
		54A4182F1E83FAD200559E2B /* shareExtension.appex in Embed App Extensions */ = {isa = PBXBuildFile; fileRef = 54A418241E83FAD200559E2B /* shareExtension.appex */; settings = {ATTRIBUTES = (RemoveHeadersOnCopy, ); }; };
		54A5729F1E82AC760099BFAF /* AppStore.plist in Resources */ = {isa = PBXBuildFile; fileRef = 54A5729E1E82AC760099BFAF /* AppStore.plist */; };
		54DC0DBF1E0BC0CD00C62B3D /* Landing.storyboard in Resources */ = {isa = PBXBuildFile; fileRef = 54DC0DBE1E0BC0CD00C62B3D /* Landing.storyboard */; };
		C506EC7C1FB9CBFD00E07226 /* Constants.swift in Sources */ = {isa = PBXBuildFile; fileRef = C506EC7B1FB9CBFD00E07226 /* Constants.swift */; };
		C506EC7E1FB9D5A000E07226 /* Assets.xcassets in Resources */ = {isa = PBXBuildFile; fileRef = C506EC7D1FB9D5A000E07226 /* Assets.xcassets */; };
		C506EC811FB9F4AF00E07226 /* UIImage+Additions.swift in Sources */ = {isa = PBXBuildFile; fileRef = C506EC801FB9F4AF00E07226 /* UIImage+Additions.swift */; };
		C50DCCAC1FC1FFF100D48E16 /* Roboto-Black.ttf in Resources */ = {isa = PBXBuildFile; fileRef = C50DCCA41FC1FFD600D48E16 /* Roboto-Black.ttf */; };
		C50DCCAD1FC1FFF100D48E16 /* Roboto-BlackItalic.ttf in Resources */ = {isa = PBXBuildFile; fileRef = C50DCC9B1FC1FFD400D48E16 /* Roboto-BlackItalic.ttf */; };
		C50DCCAE1FC1FFF100D48E16 /* Roboto-Bold.ttf in Resources */ = {isa = PBXBuildFile; fileRef = C50DCC961FC1FFD300D48E16 /* Roboto-Bold.ttf */; };
		C50DCCAF1FC1FFF100D48E16 /* Roboto-BoldCondensed.ttf in Resources */ = {isa = PBXBuildFile; fileRef = C50DCC9C1FC1FFD500D48E16 /* Roboto-BoldCondensed.ttf */; };
		C50DCCB01FC1FFF100D48E16 /* Roboto-BoldCondensedItalic.ttf in Resources */ = {isa = PBXBuildFile; fileRef = C50DCC9D1FC1FFD500D48E16 /* Roboto-BoldCondensedItalic.ttf */; };
		C50DCCB11FC1FFF100D48E16 /* Roboto-BoldItalic.ttf in Resources */ = {isa = PBXBuildFile; fileRef = C50DCC971FC1FFD400D48E16 /* Roboto-BoldItalic.ttf */; };
		C50DCCB21FC1FFF100D48E16 /* Roboto-Condensed.ttf in Resources */ = {isa = PBXBuildFile; fileRef = C50DCCA31FC1FFD600D48E16 /* Roboto-Condensed.ttf */; };
		C50DCCB31FC1FFF100D48E16 /* Roboto-CondensedItalic.ttf in Resources */ = {isa = PBXBuildFile; fileRef = C50DCCA01FC1FFD500D48E16 /* Roboto-CondensedItalic.ttf */; };
		C50DCCB41FC1FFF100D48E16 /* Roboto-Italic.ttf in Resources */ = {isa = PBXBuildFile; fileRef = C50DCC9E1FC1FFD500D48E16 /* Roboto-Italic.ttf */; };
		C50DCCB51FC1FFF100D48E16 /* Roboto-Light.ttf in Resources */ = {isa = PBXBuildFile; fileRef = C50DCCA51FC1FFD600D48E16 /* Roboto-Light.ttf */; };
		C50DCCB61FC1FFF100D48E16 /* Roboto-LightItalic.ttf in Resources */ = {isa = PBXBuildFile; fileRef = C50DCC9A1FC1FFD400D48E16 /* Roboto-LightItalic.ttf */; };
		C50DCCB71FC1FFF100D48E16 /* Roboto-Medium.ttf in Resources */ = {isa = PBXBuildFile; fileRef = C50DCCA21FC1FFD600D48E16 /* Roboto-Medium.ttf */; };
		C50DCCB81FC1FFF100D48E16 /* Roboto-MediumItalic.ttf in Resources */ = {isa = PBXBuildFile; fileRef = C50DCCA11FC1FFD600D48E16 /* Roboto-MediumItalic.ttf */; };
		C50DCCB91FC1FFF100D48E16 /* Roboto-Regular.ttf in Resources */ = {isa = PBXBuildFile; fileRef = C50DCC9F1FC1FFD500D48E16 /* Roboto-Regular.ttf */; };
		C50DCCBA1FC1FFF100D48E16 /* Roboto-Thin.ttf in Resources */ = {isa = PBXBuildFile; fileRef = C50DCC991FC1FFD400D48E16 /* Roboto-Thin.ttf */; };
		C50DCCBB1FC1FFF100D48E16 /* Roboto-ThinItalic.ttf in Resources */ = {isa = PBXBuildFile; fileRef = C50DCC981FC1FFD400D48E16 /* Roboto-ThinItalic.ttf */; };
		C50DCCBC1FC1FFF100D48E16 /* RobotoCondensed-Bold.ttf in Resources */ = {isa = PBXBuildFile; fileRef = C50DCCA71FC1FFDE00D48E16 /* RobotoCondensed-Bold.ttf */; };
		C50DCCBD1FC1FFF100D48E16 /* RobotoCondensed-BoldItalic.ttf in Resources */ = {isa = PBXBuildFile; fileRef = C50DCCAA1FC1FFDE00D48E16 /* RobotoCondensed-BoldItalic.ttf */; };
		C50DCCBE1FC1FFF100D48E16 /* RobotoCondensed-Italic.ttf in Resources */ = {isa = PBXBuildFile; fileRef = C50DCCA81FC1FFDE00D48E16 /* RobotoCondensed-Italic.ttf */; };
		C50DCCBF1FC1FFF100D48E16 /* RobotoCondensed-Light.ttf in Resources */ = {isa = PBXBuildFile; fileRef = C50DCCA61FC1FFDE00D48E16 /* RobotoCondensed-Light.ttf */; };
		C50DCCC01FC1FFF100D48E16 /* RobotoCondensed-LightItalic.ttf in Resources */ = {isa = PBXBuildFile; fileRef = C50DCCA91FC1FFDE00D48E16 /* RobotoCondensed-LightItalic.ttf */; };
		C50DCCC11FC1FFF100D48E16 /* RobotoCondensed-Regular.ttf in Resources */ = {isa = PBXBuildFile; fileRef = C50DCCAB1FC1FFDF00D48E16 /* RobotoCondensed-Regular.ttf */; };
		C50DCCC31FC2D54200D48E16 /* UIFont+Additions.swift in Sources */ = {isa = PBXBuildFile; fileRef = C50DCCC21FC2D54200D48E16 /* UIFont+Additions.swift */; };
		C50DCCC51FC31EFC00D48E16 /* UIButton+Additions.swift in Sources */ = {isa = PBXBuildFile; fileRef = C50DCCC41FC31EFC00D48E16 /* UIButton+Additions.swift */; };
		C50DCCC71FC32A2500D48E16 /* MyeIDViewController.swift in Sources */ = {isa = PBXBuildFile; fileRef = C50DCCC61FC32A2500D48E16 /* MyeIDViewController.swift */; };
		C50DCCC91FC32A3200D48E16 /* CryptoViewController.swift in Sources */ = {isa = PBXBuildFile; fileRef = C50DCCC81FC32A3200D48E16 /* CryptoViewController.swift */; };
		C50DCCCB1FC32A3E00D48E16 /* SigningViewController.swift in Sources */ = {isa = PBXBuildFile; fileRef = C50DCCCA1FC32A3E00D48E16 /* SigningViewController.swift */; };
		C51B7FB21FBB12E80046D6E0 /* ShareViewController.m in Sources */ = {isa = PBXBuildFile; fileRef = C51B7FB11FBB12E80046D6E0 /* ShareViewController.m */; };
		C51B7FB51FBB2AB10046D6E0 /* Utils.swift in Sources */ = {isa = PBXBuildFile; fileRef = C51B7FB41FBB2AB10046D6E0 /* Utils.swift */; };
		C51B7FB71FBC45DD0046D6E0 /* LocalizationKeys.swift in Sources */ = {isa = PBXBuildFile; fileRef = C51B7FB61FBC45DD0046D6E0 /* LocalizationKeys.swift */; };
		C52E82761FC1D3DD0074B280 /* Menu.storyboard in Resources */ = {isa = PBXBuildFile; fileRef = C52E82751FC1D3DD0074B280 /* Menu.storyboard */; };
		C52E82781FC1D3ED0074B280 /* MenuViewController.swift in Sources */ = {isa = PBXBuildFile; fileRef = C52E82771FC1D3ED0074B280 /* MenuViewController.swift */; };
		C52E827A1FC1D7000074B280 /* main.swift in Sources */ = {isa = PBXBuildFile; fileRef = C52E82791FC1D7000074B280 /* main.swift */; };
		C52E827C1FC1D7BC0074B280 /* MoppApp.swift in Sources */ = {isa = PBXBuildFile; fileRef = C52E827B1FC1D7BC0074B280 /* MoppApp.swift */; };
		C52E827E1FC1DBFE0074B280 /* MoppViewController.swift in Sources */ = {isa = PBXBuildFile; fileRef = C52E827D1FC1DBFE0074B280 /* MoppViewController.swift */; };
		C54BB1091FBD8CC600A274F6 /* MyeID.storyboard in Resources */ = {isa = PBXBuildFile; fileRef = C54BB1081FBD8CC600A274F6 /* MyeID.storyboard */; };
		C54BB10B1FBD8CD900A274F6 /* Crypto.storyboard in Resources */ = {isa = PBXBuildFile; fileRef = C54BB10A1FBD8CD900A274F6 /* Crypto.storyboard */; };
		C54BB10D1FBD8CE900A274F6 /* Signing.storyboard in Resources */ = {isa = PBXBuildFile; fileRef = C54BB10C1FBD8CE900A274F6 /* Signing.storyboard */; };
		C54BB10F1FBD93A100A274F6 /* MobileIDChallengeViewController.swift in Sources */ = {isa = PBXBuildFile; fileRef = C54BB10E1FBD93A100A274F6 /* MobileIDChallengeViewController.swift */; };
		C59A958E1FB5B9E100D0E1F9 /* InitializationViewController.swift in Sources */ = {isa = PBXBuildFile; fileRef = C59A958D1FB5B9E100D0E1F9 /* InitializationViewController.swift */; };
		E4180C371E26822000FD7B8C /* datafile.txt in Resources */ = {isa = PBXBuildFile; fileRef = E4180C361E26822000FD7B8C /* datafile.txt */; };
		E4250CCB1E0968D200530370 /* AppDelegate.swift in Sources */ = {isa = PBXBuildFile; fileRef = E4250CCA1E0968D200530370 /* AppDelegate.swift */; };
		E4250D061E0A911100530370 /* MoppLib.framework in Frameworks */ = {isa = PBXBuildFile; fileRef = E4250D051E0A911100530370 /* MoppLib.framework */; };
		E4250D071E0A911100530370 /* MoppLib.framework in Embed Frameworks */ = {isa = PBXBuildFile; fileRef = E4250D051E0A911100530370 /* MoppLib.framework */; settings = {ATTRIBUTES = (CodeSignOnCopy, RemoveHeadersOnCopy, ); }; };
		E4250D0A1E0AA7AF00530370 /* LaunchScreen.xib in Resources */ = {isa = PBXBuildFile; fileRef = E4250D091E0AA7AF00530370 /* LaunchScreen.xib */; };
		E4250D0F1E0AA8E500530370 /* Localizable.strings in Resources */ = {isa = PBXBuildFile; fileRef = E4250D0D1E0AA8E500530370 /* Localizable.strings */; };
		E42B08951E15617200EA24A3 /* LandingTabBarController.swift in Sources */ = {isa = PBXBuildFile; fileRef = E42B08941E15617200EA24A3 /* LandingTabBarController.swift */; };
		E42B08A61E1D4EE900EA24A3 /* test1.bdoc in Resources */ = {isa = PBXBuildFile; fileRef = E42B08A41E1D4EE900EA24A3 /* test1.bdoc */; };
		E42B08A71E1D4EE900EA24A3 /* test2.bdoc in Resources */ = {isa = PBXBuildFile; fileRef = E42B08A51E1D4EE900EA24A3 /* test2.bdoc */; };
		E42B08AE1E1EFC1800EA24A3 /* DateFormatter.swift in Sources */ = {isa = PBXBuildFile; fileRef = E42B08AD1E1EFC1800EA24A3 /* DateFormatter.swift */; };
		E42B08B11E1F049B00EA24A3 /* FileManager.swift in Sources */ = {isa = PBXBuildFile; fileRef = E42B08B01E1F049B00EA24A3 /* FileManager.swift */; };
		E43BD80F1E3A121100F6C39D /* asiceTest.asice in Resources */ = {isa = PBXBuildFile; fileRef = E43BD80E1E3A121100F6C39D /* asiceTest.asice */; };
		E43BD8111E3A121A00F6C39D /* ddocTest.ddoc in Resources */ = {isa = PBXBuildFile; fileRef = E43BD8101E3A121A00F6C39D /* ddocTest.ddoc */; };
		E4C53F371E2FAE6C00F209BE /* image.jpg in Resources */ = {isa = PBXBuildFile; fileRef = E4C53F351E2FAE6C00F209BE /* image.jpg */; };
		E4C53F381E2FAE6C00F209BE /* presentation.pdf in Resources */ = {isa = PBXBuildFile; fileRef = E4C53F361E2FAE6C00F209BE /* presentation.pdf */; };
		E4C53F4B1E30D03500F209BE /* DefaultsHelper.swift in Sources */ = {isa = PBXBuildFile; fileRef = E4C53F4A1E30D03500F209BE /* DefaultsHelper.swift */; };
		E4C53F4E1E30D13100F209BE /* Session.swift in Sources */ = {isa = PBXBuildFile; fileRef = E4C53F4D1E30D13100F209BE /* Session.swift */; };
/* End PBXBuildFile section */

/* Begin PBXContainerItemProxy section */
		54A4182D1E83FAD200559E2B /* PBXContainerItemProxy */ = {
			isa = PBXContainerItemProxy;
			containerPortal = E4250CBB1E0968D200530370 /* Project object */;
			proxyType = 1;
			remoteGlobalIDString = 54A418231E83FAD200559E2B;
			remoteInfo = shareExtension;
		};
/* End PBXContainerItemProxy section */

/* Begin PBXCopyFilesBuildPhase section */
		54A418331E83FAD200559E2B /* Embed App Extensions */ = {
			isa = PBXCopyFilesBuildPhase;
			buildActionMask = 2147483647;
			dstPath = "";
			dstSubfolderSpec = 13;
			files = (
				54A4182F1E83FAD200559E2B /* shareExtension.appex in Embed App Extensions */,
			);
			name = "Embed App Extensions";
			runOnlyForDeploymentPostprocessing = 0;
		};
		E4250D081E0A911100530370 /* Embed Frameworks */ = {
			isa = PBXCopyFilesBuildPhase;
			buildActionMask = 2147483647;
			dstPath = "";
			dstSubfolderSpec = 10;
			files = (
				E4250D071E0A911100530370 /* MoppLib.framework in Embed Frameworks */,
			);
			name = "Embed Frameworks";
			runOnlyForDeploymentPostprocessing = 0;
		};
/* End PBXCopyFilesBuildPhase section */

/* Begin PBXFileReference section */
		540786E81E1A76640016ABA7 /* UITextView+Additions.swift */ = {isa = PBXFileReference; fileEncoding = 4; lastKnownFileType = sourcecode.swift; path = "UITextView+Additions.swift"; sourceTree = "<group>"; };
		54825EF41E1CFE9600253FF0 /* Date+Additions.swift */ = {isa = PBXFileReference; fileEncoding = 4; lastKnownFileType = sourcecode.swift; path = "Date+Additions.swift"; sourceTree = "<group>"; };
		54825EF71E1D270F00253FF0 /* String+Additions.swift */ = {isa = PBXFileReference; fileEncoding = 4; lastKnownFileType = sourcecode.swift; path = "String+Additions.swift"; sourceTree = "<group>"; };
		54825EFA1E1D28E900253FF0 /* UIColor+Additions.swift */ = {isa = PBXFileReference; fileEncoding = 4; lastKnownFileType = sourcecode.swift; path = "UIColor+Additions.swift"; sourceTree = "<group>"; };
		54A418031E83C10100559E2B /* digidoc_64.png */ = {isa = PBXFileReference; lastKnownFileType = image.png; path = digidoc_64.png; sourceTree = "<group>"; };
		54A418061E83C10B00559E2B /* digidoc_320.png */ = {isa = PBXFileReference; lastKnownFileType = image.png; path = digidoc_320.png; sourceTree = "<group>"; };
		54A418241E83FAD200559E2B /* shareExtension.appex */ = {isa = PBXFileReference; explicitFileType = "wrapper.app-extension"; includeInIndex = 0; path = shareExtension.appex; sourceTree = BUILT_PRODUCTS_DIR; };
		54A4182A1E83FAD200559E2B /* Base */ = {isa = PBXFileReference; lastKnownFileType = file.storyboard; name = Base; path = Base.lproj/MainInterface.storyboard; sourceTree = "<group>"; };
		54A4182C1E83FAD200559E2B /* Info.plist */ = {isa = PBXFileReference; lastKnownFileType = text.plist.xml; path = Info.plist; sourceTree = "<group>"; };
		54A418341E83FB1100559E2B /* shareExtension.entitlements */ = {isa = PBXFileReference; lastKnownFileType = text.plist.entitlements; path = shareExtension.entitlements; sourceTree = "<group>"; };
		54A418351E83FB2800559E2B /* MoppApp.entitlements */ = {isa = PBXFileReference; lastKnownFileType = text.plist.entitlements; path = MoppApp.entitlements; sourceTree = "<group>"; };
		54A5729E1E82AC760099BFAF /* AppStore.plist */ = {isa = PBXFileReference; fileEncoding = 4; lastKnownFileType = text.plist.xml; path = AppStore.plist; sourceTree = "<group>"; };
		54DC0DBE1E0BC0CD00C62B3D /* Landing.storyboard */ = {isa = PBXFileReference; fileEncoding = 4; lastKnownFileType = file.storyboard; path = Landing.storyboard; sourceTree = "<group>"; };
		6DF4DB238197E7EBD319CE37 /* Pods_MoppApp.framework */ = {isa = PBXFileReference; explicitFileType = wrapper.framework; includeInIndex = 0; path = Pods_MoppApp.framework; sourceTree = BUILT_PRODUCTS_DIR; };
		7B5F907F55A4D9D1590D35CB /* Pods-MoppApp.release.xcconfig */ = {isa = PBXFileReference; includeInIndex = 1; lastKnownFileType = text.xcconfig; name = "Pods-MoppApp.release.xcconfig"; path = "Pods/Target Support Files/Pods-MoppApp/Pods-MoppApp.release.xcconfig"; sourceTree = "<group>"; };
		A0A7AA11ECD67C1248EED708 /* Pods-MoppApp.debug.xcconfig */ = {isa = PBXFileReference; includeInIndex = 1; lastKnownFileType = text.xcconfig; name = "Pods-MoppApp.debug.xcconfig"; path = "Pods/Target Support Files/Pods-MoppApp/Pods-MoppApp.debug.xcconfig"; sourceTree = "<group>"; };
		C506EC7B1FB9CBFD00E07226 /* Constants.swift */ = {isa = PBXFileReference; fileEncoding = 4; lastKnownFileType = sourcecode.swift; path = Constants.swift; sourceTree = "<group>"; };
		C506EC7D1FB9D5A000E07226 /* Assets.xcassets */ = {isa = PBXFileReference; lastKnownFileType = folder.assetcatalog; path = Assets.xcassets; sourceTree = "<group>"; };
		C506EC801FB9F4AF00E07226 /* UIImage+Additions.swift */ = {isa = PBXFileReference; lastKnownFileType = sourcecode.swift; path = "UIImage+Additions.swift"; sourceTree = "<group>"; };
		C50DCC961FC1FFD300D48E16 /* Roboto-Bold.ttf */ = {isa = PBXFileReference; lastKnownFileType = file; path = "Roboto-Bold.ttf"; sourceTree = "<group>"; };
		C50DCC971FC1FFD400D48E16 /* Roboto-BoldItalic.ttf */ = {isa = PBXFileReference; lastKnownFileType = file; path = "Roboto-BoldItalic.ttf"; sourceTree = "<group>"; };
		C50DCC981FC1FFD400D48E16 /* Roboto-ThinItalic.ttf */ = {isa = PBXFileReference; lastKnownFileType = file; path = "Roboto-ThinItalic.ttf"; sourceTree = "<group>"; };
		C50DCC991FC1FFD400D48E16 /* Roboto-Thin.ttf */ = {isa = PBXFileReference; lastKnownFileType = file; path = "Roboto-Thin.ttf"; sourceTree = "<group>"; };
		C50DCC9A1FC1FFD400D48E16 /* Roboto-LightItalic.ttf */ = {isa = PBXFileReference; lastKnownFileType = file; path = "Roboto-LightItalic.ttf"; sourceTree = "<group>"; };
		C50DCC9B1FC1FFD400D48E16 /* Roboto-BlackItalic.ttf */ = {isa = PBXFileReference; lastKnownFileType = file; path = "Roboto-BlackItalic.ttf"; sourceTree = "<group>"; };
		C50DCC9C1FC1FFD500D48E16 /* Roboto-BoldCondensed.ttf */ = {isa = PBXFileReference; lastKnownFileType = file; path = "Roboto-BoldCondensed.ttf"; sourceTree = "<group>"; };
		C50DCC9D1FC1FFD500D48E16 /* Roboto-BoldCondensedItalic.ttf */ = {isa = PBXFileReference; lastKnownFileType = file; path = "Roboto-BoldCondensedItalic.ttf"; sourceTree = "<group>"; };
		C50DCC9E1FC1FFD500D48E16 /* Roboto-Italic.ttf */ = {isa = PBXFileReference; lastKnownFileType = file; path = "Roboto-Italic.ttf"; sourceTree = "<group>"; };
		C50DCC9F1FC1FFD500D48E16 /* Roboto-Regular.ttf */ = {isa = PBXFileReference; lastKnownFileType = file; path = "Roboto-Regular.ttf"; sourceTree = "<group>"; };
		C50DCCA01FC1FFD500D48E16 /* Roboto-CondensedItalic.ttf */ = {isa = PBXFileReference; lastKnownFileType = file; path = "Roboto-CondensedItalic.ttf"; sourceTree = "<group>"; };
		C50DCCA11FC1FFD600D48E16 /* Roboto-MediumItalic.ttf */ = {isa = PBXFileReference; lastKnownFileType = file; path = "Roboto-MediumItalic.ttf"; sourceTree = "<group>"; };
		C50DCCA21FC1FFD600D48E16 /* Roboto-Medium.ttf */ = {isa = PBXFileReference; lastKnownFileType = file; path = "Roboto-Medium.ttf"; sourceTree = "<group>"; };
		C50DCCA31FC1FFD600D48E16 /* Roboto-Condensed.ttf */ = {isa = PBXFileReference; lastKnownFileType = file; path = "Roboto-Condensed.ttf"; sourceTree = "<group>"; };
		C50DCCA41FC1FFD600D48E16 /* Roboto-Black.ttf */ = {isa = PBXFileReference; lastKnownFileType = file; path = "Roboto-Black.ttf"; sourceTree = "<group>"; };
		C50DCCA51FC1FFD600D48E16 /* Roboto-Light.ttf */ = {isa = PBXFileReference; lastKnownFileType = file; path = "Roboto-Light.ttf"; sourceTree = "<group>"; };
		C50DCCA61FC1FFDE00D48E16 /* RobotoCondensed-Light.ttf */ = {isa = PBXFileReference; lastKnownFileType = file; path = "RobotoCondensed-Light.ttf"; sourceTree = "<group>"; };
		C50DCCA71FC1FFDE00D48E16 /* RobotoCondensed-Bold.ttf */ = {isa = PBXFileReference; lastKnownFileType = file; path = "RobotoCondensed-Bold.ttf"; sourceTree = "<group>"; };
		C50DCCA81FC1FFDE00D48E16 /* RobotoCondensed-Italic.ttf */ = {isa = PBXFileReference; lastKnownFileType = file; path = "RobotoCondensed-Italic.ttf"; sourceTree = "<group>"; };
		C50DCCA91FC1FFDE00D48E16 /* RobotoCondensed-LightItalic.ttf */ = {isa = PBXFileReference; lastKnownFileType = file; path = "RobotoCondensed-LightItalic.ttf"; sourceTree = "<group>"; };
		C50DCCAA1FC1FFDE00D48E16 /* RobotoCondensed-BoldItalic.ttf */ = {isa = PBXFileReference; lastKnownFileType = file; path = "RobotoCondensed-BoldItalic.ttf"; sourceTree = "<group>"; };
		C50DCCAB1FC1FFDF00D48E16 /* RobotoCondensed-Regular.ttf */ = {isa = PBXFileReference; lastKnownFileType = file; path = "RobotoCondensed-Regular.ttf"; sourceTree = "<group>"; };
		C50DCCC21FC2D54200D48E16 /* UIFont+Additions.swift */ = {isa = PBXFileReference; lastKnownFileType = sourcecode.swift; path = "UIFont+Additions.swift"; sourceTree = "<group>"; };
		C50DCCC41FC31EFC00D48E16 /* UIButton+Additions.swift */ = {isa = PBXFileReference; lastKnownFileType = sourcecode.swift; path = "UIButton+Additions.swift"; sourceTree = "<group>"; };
		C50DCCC61FC32A2500D48E16 /* MyeIDViewController.swift */ = {isa = PBXFileReference; lastKnownFileType = sourcecode.swift; path = MyeIDViewController.swift; sourceTree = "<group>"; };
		C50DCCC81FC32A3200D48E16 /* CryptoViewController.swift */ = {isa = PBXFileReference; lastKnownFileType = sourcecode.swift; path = CryptoViewController.swift; sourceTree = "<group>"; };
		C50DCCCA1FC32A3E00D48E16 /* SigningViewController.swift */ = {isa = PBXFileReference; lastKnownFileType = sourcecode.swift; path = SigningViewController.swift; sourceTree = "<group>"; };
		C51B7FB01FBB12E70046D6E0 /* shareExtension-Bridging-Header.h */ = {isa = PBXFileReference; lastKnownFileType = sourcecode.c.h; path = "shareExtension-Bridging-Header.h"; sourceTree = "<group>"; };
		C51B7FB11FBB12E80046D6E0 /* ShareViewController.m */ = {isa = PBXFileReference; fileEncoding = 4; lastKnownFileType = sourcecode.c.objc; path = ShareViewController.m; sourceTree = "<group>"; };
		C51B7FB31FBB12FC0046D6E0 /* ShareViewController.h */ = {isa = PBXFileReference; fileEncoding = 4; lastKnownFileType = sourcecode.c.h; path = ShareViewController.h; sourceTree = "<group>"; };
		C51B7FB41FBB2AB10046D6E0 /* Utils.swift */ = {isa = PBXFileReference; lastKnownFileType = sourcecode.swift; path = Utils.swift; sourceTree = "<group>"; };
		C51B7FB61FBC45DD0046D6E0 /* LocalizationKeys.swift */ = {isa = PBXFileReference; lastKnownFileType = sourcecode.swift; path = LocalizationKeys.swift; sourceTree = "<group>"; };
		C52E82751FC1D3DD0074B280 /* Menu.storyboard */ = {isa = PBXFileReference; lastKnownFileType = file.storyboard; path = Menu.storyboard; sourceTree = "<group>"; };
		C52E82771FC1D3ED0074B280 /* MenuViewController.swift */ = {isa = PBXFileReference; lastKnownFileType = sourcecode.swift; path = MenuViewController.swift; sourceTree = "<group>"; };
		C52E82791FC1D7000074B280 /* main.swift */ = {isa = PBXFileReference; lastKnownFileType = sourcecode.swift; path = main.swift; sourceTree = "<group>"; };
		C52E827B1FC1D7BC0074B280 /* MoppApp.swift */ = {isa = PBXFileReference; lastKnownFileType = sourcecode.swift; path = MoppApp.swift; sourceTree = "<group>"; };
		C52E827D1FC1DBFE0074B280 /* MoppViewController.swift */ = {isa = PBXFileReference; lastKnownFileType = sourcecode.swift; path = MoppViewController.swift; sourceTree = "<group>"; };
		C54BB1081FBD8CC600A274F6 /* MyeID.storyboard */ = {isa = PBXFileReference; lastKnownFileType = file.storyboard; path = MyeID.storyboard; sourceTree = "<group>"; };
		C54BB10A1FBD8CD900A274F6 /* Crypto.storyboard */ = {isa = PBXFileReference; lastKnownFileType = file.storyboard; path = Crypto.storyboard; sourceTree = "<group>"; };
		C54BB10C1FBD8CE900A274F6 /* Signing.storyboard */ = {isa = PBXFileReference; lastKnownFileType = file.storyboard; path = Signing.storyboard; sourceTree = "<group>"; };
		C54BB10E1FBD93A100A274F6 /* MobileIDChallengeViewController.swift */ = {isa = PBXFileReference; fileEncoding = 4; lastKnownFileType = sourcecode.swift; path = MobileIDChallengeViewController.swift; sourceTree = "<group>"; };
		C59A958C1FB5B9E100D0E1F9 /* MoppApp-Bridging-Header.h */ = {isa = PBXFileReference; lastKnownFileType = sourcecode.c.h; path = "MoppApp-Bridging-Header.h"; sourceTree = "<group>"; };
		C59A958D1FB5B9E100D0E1F9 /* InitializationViewController.swift */ = {isa = PBXFileReference; explicitFileType = sourcecode.swift; path = InitializationViewController.swift; sourceTree = "<group>"; };
		E4180C361E26822000FD7B8C /* datafile.txt */ = {isa = PBXFileReference; fileEncoding = 4; lastKnownFileType = text; path = datafile.txt; sourceTree = "<group>"; };
		E4250CC31E0968D200530370 /* MoppApp.app */ = {isa = PBXFileReference; explicitFileType = wrapper.application; includeInIndex = 0; path = MoppApp.app; sourceTree = BUILT_PRODUCTS_DIR; };
		E4250CCA1E0968D200530370 /* AppDelegate.swift */ = {isa = PBXFileReference; lastKnownFileType = sourcecode.swift; path = AppDelegate.swift; sourceTree = "<group>"; };
		E4250CD71E0968D200530370 /* Info.plist */ = {isa = PBXFileReference; lastKnownFileType = text.plist.xml; path = Info.plist; sourceTree = "<group>"; };
		E4250D051E0A911100530370 /* MoppLib.framework */ = {isa = PBXFileReference; explicitFileType = wrapper.framework; path = MoppLib.framework; sourceTree = BUILT_PRODUCTS_DIR; };
		E4250D091E0AA7AF00530370 /* LaunchScreen.xib */ = {isa = PBXFileReference; fileEncoding = 4; lastKnownFileType = file.xib; path = LaunchScreen.xib; sourceTree = "<group>"; };
		E4250D0E1E0AA8E500530370 /* en */ = {isa = PBXFileReference; lastKnownFileType = text.plist.strings; name = en; path = en.lproj/Localizable.strings; sourceTree = "<group>"; };
		E4250D101E0AA8E900530370 /* et */ = {isa = PBXFileReference; lastKnownFileType = text.plist.strings; name = et; path = et.lproj/Localizable.strings; sourceTree = "<group>"; };
		E4250D111E0AA8EE00530370 /* ru */ = {isa = PBXFileReference; lastKnownFileType = text.plist.strings; name = ru; path = ru.lproj/Localizable.strings; sourceTree = "<group>"; };
		E4250D1A1E0AB1B300530370 /* PrefixHeader.pch */ = {isa = PBXFileReference; lastKnownFileType = sourcecode.c.h; path = PrefixHeader.pch; sourceTree = "<group>"; };
		E42B08941E15617200EA24A3 /* LandingTabBarController.swift */ = {isa = PBXFileReference; fileEncoding = 4; lastKnownFileType = sourcecode.swift; path = LandingTabBarController.swift; sourceTree = "<group>"; };
		E42B08A41E1D4EE900EA24A3 /* test1.bdoc */ = {isa = PBXFileReference; lastKnownFileType = file; path = test1.bdoc; sourceTree = "<group>"; };
		E42B08A51E1D4EE900EA24A3 /* test2.bdoc */ = {isa = PBXFileReference; lastKnownFileType = file; path = test2.bdoc; sourceTree = "<group>"; };
		E42B08AD1E1EFC1800EA24A3 /* DateFormatter.swift */ = {isa = PBXFileReference; fileEncoding = 4; lastKnownFileType = sourcecode.swift; path = DateFormatter.swift; sourceTree = "<group>"; };
		E42B08B01E1F049B00EA24A3 /* FileManager.swift */ = {isa = PBXFileReference; fileEncoding = 4; lastKnownFileType = sourcecode.swift; path = FileManager.swift; sourceTree = "<group>"; };
		E43BD80E1E3A121100F6C39D /* asiceTest.asice */ = {isa = PBXFileReference; lastKnownFileType = file; path = asiceTest.asice; sourceTree = "<group>"; };
		E43BD8101E3A121A00F6C39D /* ddocTest.ddoc */ = {isa = PBXFileReference; fileEncoding = 4; lastKnownFileType = text.xml; path = ddocTest.ddoc; sourceTree = "<group>"; };
		E4C53F351E2FAE6C00F209BE /* image.jpg */ = {isa = PBXFileReference; lastKnownFileType = image.jpeg; path = image.jpg; sourceTree = "<group>"; };
		E4C53F361E2FAE6C00F209BE /* presentation.pdf */ = {isa = PBXFileReference; lastKnownFileType = image.pdf; path = presentation.pdf; sourceTree = "<group>"; };
		E4C53F4A1E30D03500F209BE /* DefaultsHelper.swift */ = {isa = PBXFileReference; fileEncoding = 4; lastKnownFileType = sourcecode.swift; path = DefaultsHelper.swift; sourceTree = "<group>"; };
		E4C53F4D1E30D13100F209BE /* Session.swift */ = {isa = PBXFileReference; fileEncoding = 4; lastKnownFileType = sourcecode.swift; path = Session.swift; sourceTree = "<group>"; };
/* End PBXFileReference section */

/* Begin PBXFrameworksBuildPhase section */
		54A418211E83FAD200559E2B /* Frameworks */ = {
			isa = PBXFrameworksBuildPhase;
			buildActionMask = 2147483647;
			files = (
			);
			runOnlyForDeploymentPostprocessing = 0;
		};
		E4250CC01E0968D200530370 /* Frameworks */ = {
			isa = PBXFrameworksBuildPhase;
			buildActionMask = 2147483647;
			files = (
				E4250D061E0A911100530370 /* MoppLib.framework in Frameworks */,
				51EAB865AC99468B5AC77D6C /* Pods_MoppApp.framework in Frameworks */,
			);
			runOnlyForDeploymentPostprocessing = 0;
		};
/* End PBXFrameworksBuildPhase section */

/* Begin PBXGroup section */
		540786E61E1A76280016ABA7 /* Category */ = {
			isa = PBXGroup;
			children = (
				540786E81E1A76640016ABA7 /* UITextView+Additions.swift */,
				54825EF41E1CFE9600253FF0 /* Date+Additions.swift */,
				54825EF71E1D270F00253FF0 /* String+Additions.swift */,
				54825EFA1E1D28E900253FF0 /* UIColor+Additions.swift */,
				C506EC801FB9F4AF00E07226 /* UIImage+Additions.swift */,
				C50DCCC21FC2D54200D48E16 /* UIFont+Additions.swift */,
				C50DCCC41FC31EFC00D48E16 /* UIButton+Additions.swift */,
			);
			path = Category;
			sourceTree = "<group>";
		};
		54A418251E83FAD200559E2B /* shareExtension */ = {
			isa = PBXGroup;
			children = (
				C51B7FB31FBB12FC0046D6E0 /* ShareViewController.h */,
				C51B7FB11FBB12E80046D6E0 /* ShareViewController.m */,
				54A418341E83FB1100559E2B /* shareExtension.entitlements */,
				54A418291E83FAD200559E2B /* MainInterface.storyboard */,
				54A4182C1E83FAD200559E2B /* Info.plist */,
				C51B7FB01FBB12E70046D6E0 /* shareExtension-Bridging-Header.h */,
			);
			path = shareExtension;
			sourceTree = "<group>";
		};
		BC2D5E4C8EAB0299962763A0 /* Pods */ = {
			isa = PBXGroup;
			children = (
				A0A7AA11ECD67C1248EED708 /* Pods-MoppApp.debug.xcconfig */,
				7B5F907F55A4D9D1590D35CB /* Pods-MoppApp.release.xcconfig */,
			);
			name = Pods;
			sourceTree = "<group>";
		};
		C50DCC931FC1FCCC00D48E16 /* Fonts */ = {
			isa = PBXGroup;
			children = (
				C50DCCA41FC1FFD600D48E16 /* Roboto-Black.ttf */,
				C50DCC9B1FC1FFD400D48E16 /* Roboto-BlackItalic.ttf */,
				C50DCC961FC1FFD300D48E16 /* Roboto-Bold.ttf */,
				C50DCC9C1FC1FFD500D48E16 /* Roboto-BoldCondensed.ttf */,
				C50DCC9D1FC1FFD500D48E16 /* Roboto-BoldCondensedItalic.ttf */,
				C50DCC971FC1FFD400D48E16 /* Roboto-BoldItalic.ttf */,
				C50DCCA31FC1FFD600D48E16 /* Roboto-Condensed.ttf */,
				C50DCCA01FC1FFD500D48E16 /* Roboto-CondensedItalic.ttf */,
				C50DCC9E1FC1FFD500D48E16 /* Roboto-Italic.ttf */,
				C50DCCA51FC1FFD600D48E16 /* Roboto-Light.ttf */,
				C50DCC9A1FC1FFD400D48E16 /* Roboto-LightItalic.ttf */,
				C50DCCA21FC1FFD600D48E16 /* Roboto-Medium.ttf */,
				C50DCCA11FC1FFD600D48E16 /* Roboto-MediumItalic.ttf */,
				C50DCC9F1FC1FFD500D48E16 /* Roboto-Regular.ttf */,
				C50DCC991FC1FFD400D48E16 /* Roboto-Thin.ttf */,
				C50DCC981FC1FFD400D48E16 /* Roboto-ThinItalic.ttf */,
				C50DCCA71FC1FFDE00D48E16 /* RobotoCondensed-Bold.ttf */,
				C50DCCAA1FC1FFDE00D48E16 /* RobotoCondensed-BoldItalic.ttf */,
				C50DCCA81FC1FFDE00D48E16 /* RobotoCondensed-Italic.ttf */,
				C50DCCA61FC1FFDE00D48E16 /* RobotoCondensed-Light.ttf */,
				C50DCCA91FC1FFDE00D48E16 /* RobotoCondensed-LightItalic.ttf */,
				C50DCCAB1FC1FFDF00D48E16 /* RobotoCondensed-Regular.ttf */,
			);
			name = Fonts;
			sourceTree = "<group>";
		};
		C52E82721FC1D38D0074B280 /* Menu */ = {
			isa = PBXGroup;
			children = (
				C52E82751FC1D3DD0074B280 /* Menu.storyboard */,
				C52E82771FC1D3ED0074B280 /* MenuViewController.swift */,
			);
			name = Menu;
			sourceTree = "<group>";
		};
		C54BB1051FBD8C1000A274F6 /* Signing */ = {
			isa = PBXGroup;
			children = (
				C54BB10C1FBD8CE900A274F6 /* Signing.storyboard */,
				C50DCCCA1FC32A3E00D48E16 /* SigningViewController.swift */,
			);
			name = Signing;
			sourceTree = "<group>";
		};
		C54BB1061FBD8C1700A274F6 /* Crypto */ = {
			isa = PBXGroup;
			children = (
				C54BB10A1FBD8CD900A274F6 /* Crypto.storyboard */,
				C50DCCC81FC32A3200D48E16 /* CryptoViewController.swift */,
			);
			name = Crypto;
			sourceTree = "<group>";
		};
		C54BB1071FBD8C1F00A274F6 /* MyeID */ = {
			isa = PBXGroup;
			children = (
				C54BB1081FBD8CC600A274F6 /* MyeID.storyboard */,
				C50DCCC61FC32A2500D48E16 /* MyeIDViewController.swift */,
			);
			name = MyeID;
			sourceTree = "<group>";
		};
		E4250CBA1E0968D200530370 = {
			isa = PBXGroup;
			children = (
				E4250CC51E0968D200530370 /* MoppApp */,
				54A418251E83FAD200559E2B /* shareExtension */,
				E4250CC41E0968D200530370 /* Products */,
				BC2D5E4C8EAB0299962763A0 /* Pods */,
				F9074FEF4DC2DB83A60B75B9 /* Frameworks */,
			);
			sourceTree = "<group>";
		};
		E4250CC41E0968D200530370 /* Products */ = {
			isa = PBXGroup;
			children = (
				E4250CC31E0968D200530370 /* MoppApp.app */,
				54A418241E83FAD200559E2B /* shareExtension.appex */,
			);
			name = Products;
			sourceTree = "<group>";
		};
		E4250CC51E0968D200530370 /* MoppApp */ = {
			isa = PBXGroup;
			children = (
				54A418351E83FB2800559E2B /* MoppApp.entitlements */,
				54A5729E1E82AC760099BFAF /* AppStore.plist */,
				C52E82791FC1D7000074B280 /* main.swift */,
				C52E827B1FC1D7BC0074B280 /* MoppApp.swift */,
				E4250CCA1E0968D200530370 /* AppDelegate.swift */,
				C59A958C1FB5B9E100D0E1F9 /* MoppApp-Bridging-Header.h */,
				C506EC7D1FB9D5A000E07226 /* Assets.xcassets */,
				540786E61E1A76280016ABA7 /* Category */,
				E4250D0B1E0AA84A00530370 /* ViewController */,
				E42B08AB1E1EFC0500EA24A3 /* Utility */,
				E4250CC61E0968D200530370 /* Supporting Files */,
			);
			path = MoppApp;
			sourceTree = "<group>";
		};
		E4250CC61E0968D200530370 /* Supporting Files */ = {
			isa = PBXGroup;
			children = (
				C50DCC931FC1FCCC00D48E16 /* Fonts */,
				E4250CD71E0968D200530370 /* Info.plist */,
				E4250D0D1E0AA8E500530370 /* Localizable.strings */,
				E4250D091E0AA7AF00530370 /* LaunchScreen.xib */,
				E4250D1A1E0AB1B300530370 /* PrefixHeader.pch */,
				E42B08A41E1D4EE900EA24A3 /* test1.bdoc */,
				E42B08A51E1D4EE900EA24A3 /* test2.bdoc */,
				E43BD80E1E3A121100F6C39D /* asiceTest.asice */,
				E43BD8101E3A121A00F6C39D /* ddocTest.ddoc */,
				E4C53F351E2FAE6C00F209BE /* image.jpg */,
				E4C53F361E2FAE6C00F209BE /* presentation.pdf */,
				E4180C361E26822000FD7B8C /* datafile.txt */,
				54A418031E83C10100559E2B /* digidoc_64.png */,
				54A418061E83C10B00559E2B /* digidoc_320.png */,
			);
			name = "Supporting Files";
			sourceTree = "<group>";
		};
		E4250D0B1E0AA84A00530370 /* ViewController */ = {
			isa = PBXGroup;
			children = (
				C52E82721FC1D38D0074B280 /* Menu */,
				C54BB10E1FBD93A100A274F6 /* MobileIDChallengeViewController.swift */,
				C54BB1071FBD8C1F00A274F6 /* MyeID */,
				C54BB1061FBD8C1700A274F6 /* Crypto */,
				C54BB1051FBD8C1000A274F6 /* Signing */,
				E42B08961E1562D500EA24A3 /* Landing */,
				C59A958D1FB5B9E100D0E1F9 /* InitializationViewController.swift */,
				C52E827D1FC1DBFE0074B280 /* MoppViewController.swift */,
			);
			name = ViewController;
			sourceTree = "<group>";
		};
		E42B08961E1562D500EA24A3 /* Landing */ = {
			isa = PBXGroup;
			children = (
				E42B08941E15617200EA24A3 /* LandingTabBarController.swift */,
				54DC0DBE1E0BC0CD00C62B3D /* Landing.storyboard */,
			);
			name = Landing;
			sourceTree = "<group>";
		};
		E42B08AB1E1EFC0500EA24A3 /* Utility */ = {
			isa = PBXGroup;
			children = (
				E42B08AD1E1EFC1800EA24A3 /* DateFormatter.swift */,
				E42B08B01E1F049B00EA24A3 /* FileManager.swift */,
				E4C53F4A1E30D03500F209BE /* DefaultsHelper.swift */,
				E4C53F4D1E30D13100F209BE /* Session.swift */,
				C506EC7B1FB9CBFD00E07226 /* Constants.swift */,
				C51B7FB41FBB2AB10046D6E0 /* Utils.swift */,
				C51B7FB61FBC45DD0046D6E0 /* LocalizationKeys.swift */,
			);
			name = Utility;
			sourceTree = "<group>";
		};
		F9074FEF4DC2DB83A60B75B9 /* Frameworks */ = {
			isa = PBXGroup;
			children = (
				E4250D051E0A911100530370 /* MoppLib.framework */,
				6DF4DB238197E7EBD319CE37 /* Pods_MoppApp.framework */,
			);
			name = Frameworks;
			sourceTree = "<group>";
		};
/* End PBXGroup section */

/* Begin PBXNativeTarget section */
		54A418231E83FAD200559E2B /* shareExtension */ = {
			isa = PBXNativeTarget;
			buildConfigurationList = 54A418321E83FAD200559E2B /* Build configuration list for PBXNativeTarget "shareExtension" */;
			buildPhases = (
				54A418201E83FAD200559E2B /* Sources */,
				54A418211E83FAD200559E2B /* Frameworks */,
				54A418221E83FAD200559E2B /* Resources */,
			);
			buildRules = (
			);
			dependencies = (
			);
			name = shareExtension;
			productName = shareExtension;
			productReference = 54A418241E83FAD200559E2B /* shareExtension.appex */;
			productType = "com.apple.product-type.app-extension";
		};
		E4250CC21E0968D200530370 /* MoppApp */ = {
			isa = PBXNativeTarget;
			buildConfigurationList = E4250CDA1E0968D200530370 /* Build configuration list for PBXNativeTarget "MoppApp" */;
			buildPhases = (
				A61DA2EE951A985EAE19BDEB /* [CP] Check Pods Manifest.lock */,
				E4250CBF1E0968D200530370 /* Sources */,
				E4250CC01E0968D200530370 /* Frameworks */,
				E4250CC11E0968D200530370 /* Resources */,
				E4250D1B1E0AB34400530370 /* Set GH build number to plist */,
				6B13CD669C3E5A2623D5FE04 /* [CP] Embed Pods Frameworks */,
				4E44872F8C9839D1D757B3E0 /* [CP] Copy Pods Resources */,
				E4250D081E0A911100530370 /* Embed Frameworks */,
				54415B641E52F23C00B66A89 /* ShellScript */,
				54A418331E83FAD200559E2B /* Embed App Extensions */,
			);
			buildRules = (
			);
			dependencies = (
				54A4182E1E83FAD200559E2B /* PBXTargetDependency */,
			);
			name = MoppApp;
			productName = MoppApp;
			productReference = E4250CC31E0968D200530370 /* MoppApp.app */;
			productType = "com.apple.product-type.application";
		};
/* End PBXNativeTarget section */

/* Begin PBXProject section */
		E4250CBB1E0968D200530370 /* Project object */ = {
			isa = PBXProject;
			attributes = {
				LastUpgradeCheck = 0820;
				ORGANIZATIONNAME = "Riigi Infosüsteemide Amet";
				TargetAttributes = {
					54A418231E83FAD200559E2B = {
						CreatedOnToolsVersion = 8.2.1;
						DevelopmentTeam = MEZZPMNQ75;
						LastSwiftMigration = 0900;
						ProvisioningStyle = Automatic;
						SystemCapabilities = {
							com.apple.ApplicationGroups.iOS = {
								enabled = 1;
							};
						};
					};
					E4250CC21E0968D200530370 = {
						CreatedOnToolsVersion = 8.0;
						DevelopmentTeam = MEZZPMNQ75;
						LastSwiftMigration = 0900;
						ProvisioningStyle = Automatic;
						SystemCapabilities = {
							com.apple.ApplicationGroups.iOS = {
								enabled = 1;
							};
						};
					};
				};
			};
			buildConfigurationList = E4250CBE1E0968D200530370 /* Build configuration list for PBXProject "MoppApp" */;
			compatibilityVersion = "Xcode 3.2";
			developmentRegion = English;
			hasScannedForEncodings = 0;
			knownRegions = (
				en,
				Base,
				et,
				ru,
			);
			mainGroup = E4250CBA1E0968D200530370;
			productRefGroup = E4250CC41E0968D200530370 /* Products */;
			projectDirPath = "";
			projectRoot = "";
			targets = (
				E4250CC21E0968D200530370 /* MoppApp */,
				54A418231E83FAD200559E2B /* shareExtension */,
			);
		};
/* End PBXProject section */

/* Begin PBXResourcesBuildPhase section */
		54A418221E83FAD200559E2B /* Resources */ = {
			isa = PBXResourcesBuildPhase;
			buildActionMask = 2147483647;
			files = (
				54A4182B1E83FAD200559E2B /* MainInterface.storyboard in Resources */,
				547BDF251E8BEFA30093931F /* Localizable.strings in Resources */,
			);
			runOnlyForDeploymentPostprocessing = 0;
		};
		E4250CC11E0968D200530370 /* Resources */ = {
			isa = PBXResourcesBuildPhase;
			buildActionMask = 2147483647;
			files = (
				E4C53F381E2FAE6C00F209BE /* presentation.pdf in Resources */,
				E4180C371E26822000FD7B8C /* datafile.txt in Resources */,
				C50DCCBD1FC1FFF100D48E16 /* RobotoCondensed-BoldItalic.ttf in Resources */,
				C50DCCB91FC1FFF100D48E16 /* Roboto-Regular.ttf in Resources */,
				54A418041E83C10100559E2B /* digidoc_64.png in Resources */,
				C50DCCBE1FC1FFF100D48E16 /* RobotoCondensed-Italic.ttf in Resources */,
				C52E82761FC1D3DD0074B280 /* Menu.storyboard in Resources */,
				C50DCCB01FC1FFF100D48E16 /* Roboto-BoldCondensedItalic.ttf in Resources */,
				C50DCCBF1FC1FFF100D48E16 /* RobotoCondensed-Light.ttf in Resources */,
				C50DCCB81FC1FFF100D48E16 /* Roboto-MediumItalic.ttf in Resources */,
				E4C53F371E2FAE6C00F209BE /* image.jpg in Resources */,
				E43BD8111E3A121A00F6C39D /* ddocTest.ddoc in Resources */,
				C50DCCB31FC1FFF100D48E16 /* Roboto-CondensedItalic.ttf in Resources */,
				C50DCCBB1FC1FFF100D48E16 /* Roboto-ThinItalic.ttf in Resources */,
				C50DCCBC1FC1FFF100D48E16 /* RobotoCondensed-Bold.ttf in Resources */,
				54A418071E83C10B00559E2B /* digidoc_320.png in Resources */,
				C50DCCAD1FC1FFF100D48E16 /* Roboto-BlackItalic.ttf in Resources */,
				C50DCCB41FC1FFF100D48E16 /* Roboto-Italic.ttf in Resources */,
				C54BB10D1FBD8CE900A274F6 /* Signing.storyboard in Resources */,
				E42B08A61E1D4EE900EA24A3 /* test1.bdoc in Resources */,
				E4250D0A1E0AA7AF00530370 /* LaunchScreen.xib in Resources */,
				54A5729F1E82AC760099BFAF /* AppStore.plist in Resources */,
				C54BB10B1FBD8CD900A274F6 /* Crypto.storyboard in Resources */,
				C54BB1091FBD8CC600A274F6 /* MyeID.storyboard in Resources */,
				C50DCCAE1FC1FFF100D48E16 /* Roboto-Bold.ttf in Resources */,
				C50DCCB51FC1FFF100D48E16 /* Roboto-Light.ttf in Resources */,
				E43BD80F1E3A121100F6C39D /* asiceTest.asice in Resources */,
				C50DCCB71FC1FFF100D48E16 /* Roboto-Medium.ttf in Resources */,
				C50DCCAF1FC1FFF100D48E16 /* Roboto-BoldCondensed.ttf in Resources */,
				C50DCCB21FC1FFF100D48E16 /* Roboto-Condensed.ttf in Resources */,
				C50DCCC01FC1FFF100D48E16 /* RobotoCondensed-LightItalic.ttf in Resources */,
				C50DCCB11FC1FFF100D48E16 /* Roboto-BoldItalic.ttf in Resources */,
				C50DCCBA1FC1FFF100D48E16 /* Roboto-Thin.ttf in Resources */,
				C50DCCAC1FC1FFF100D48E16 /* Roboto-Black.ttf in Resources */,
				E4250D0F1E0AA8E500530370 /* Localizable.strings in Resources */,
				54DC0DBF1E0BC0CD00C62B3D /* Landing.storyboard in Resources */,
				E42B08A71E1D4EE900EA24A3 /* test2.bdoc in Resources */,
				C50DCCB61FC1FFF100D48E16 /* Roboto-LightItalic.ttf in Resources */,
				C50DCCC11FC1FFF100D48E16 /* RobotoCondensed-Regular.ttf in Resources */,
				C506EC7E1FB9D5A000E07226 /* Assets.xcassets in Resources */,
			);
			runOnlyForDeploymentPostprocessing = 0;
		};
/* End PBXResourcesBuildPhase section */

/* Begin PBXShellScriptBuildPhase section */
		4E44872F8C9839D1D757B3E0 /* [CP] Copy Pods Resources */ = {
			isa = PBXShellScriptBuildPhase;
			buildActionMask = 2147483647;
			files = (
			);
			inputPaths = (
			);
			name = "[CP] Copy Pods Resources";
			outputPaths = (
			);
			runOnlyForDeploymentPostprocessing = 0;
			shellPath = /bin/sh;
			shellScript = "\"${SRCROOT}/Pods/Target Support Files/Pods-MoppApp/Pods-MoppApp-resources.sh\"\n";
			showEnvVarsInLog = 0;
		};
		54415B641E52F23C00B66A89 /* ShellScript */ = {
			isa = PBXShellScriptBuildPhase;
			buildActionMask = 2147483647;
			files = (
			);
			inputPaths = (
			);
			outputPaths = (
			);
			runOnlyForDeploymentPostprocessing = 0;
			shellPath = /bin/sh;
			shellScript = "\"${PODS_ROOT}/Fabric/run\" 2d09fce02bca92bd26f18824f9cb302f5ad625e3 fb7f424a3ac43eccda42c76e7f15a400d7b3047945a66a98d0211ec996f584ef";
		};
		6B13CD669C3E5A2623D5FE04 /* [CP] Embed Pods Frameworks */ = {
			isa = PBXShellScriptBuildPhase;
			buildActionMask = 2147483647;
			files = (
			);
			inputPaths = (
				"${SRCROOT}/Pods/Target Support Files/Pods-MoppApp/Pods-MoppApp-frameworks.sh",
				"${BUILT_PRODUCTS_DIR}/MBProgressHUD/MBProgressHUD.framework",
				"${BUILT_PRODUCTS_DIR}/PureLayout/PureLayout.framework",
			);
			name = "[CP] Embed Pods Frameworks";
			outputPaths = (
				"${TARGET_BUILD_DIR}/${FRAMEWORKS_FOLDER_PATH}/MBProgressHUD.framework",
				"${TARGET_BUILD_DIR}/${FRAMEWORKS_FOLDER_PATH}/PureLayout.framework",
			);
			runOnlyForDeploymentPostprocessing = 0;
			shellPath = /bin/sh;
			shellScript = "\"${SRCROOT}/Pods/Target Support Files/Pods-MoppApp/Pods-MoppApp-frameworks.sh\"\n";
			showEnvVarsInLog = 0;
		};
		A61DA2EE951A985EAE19BDEB /* [CP] Check Pods Manifest.lock */ = {
			isa = PBXShellScriptBuildPhase;
			buildActionMask = 2147483647;
			files = (
			);
			inputPaths = (
				"${PODS_PODFILE_DIR_PATH}/Podfile.lock",
				"${PODS_ROOT}/Manifest.lock",
			);
			name = "[CP] Check Pods Manifest.lock";
			outputPaths = (
				"$(DERIVED_FILE_DIR)/Pods-MoppApp-checkManifestLockResult.txt",
			);
			runOnlyForDeploymentPostprocessing = 0;
			shellPath = /bin/sh;
			shellScript = "diff \"${PODS_PODFILE_DIR_PATH}/Podfile.lock\" \"${PODS_ROOT}/Manifest.lock\" > /dev/null\nif [ $? != 0 ] ; then\n    # print error to STDERR\n    echo \"error: The sandbox is not in sync with the Podfile.lock. Run 'pod install' or update your CocoaPods installation.\" >&2\n    exit 1\nfi\n# This output is used by Xcode 'outputs' to avoid re-running this script phase.\necho \"SUCCESS\" > \"${SCRIPT_OUTPUT_FILE_0}\"\n";
			showEnvVarsInLog = 0;
		};
		E4250D1B1E0AB34400530370 /* Set GH build number to plist */ = {
			isa = PBXShellScriptBuildPhase;
			buildActionMask = 2147483647;
			files = (
			);
			inputPaths = (
			);
			name = "Set GH build number to plist";
			outputPaths = (
			);
			runOnlyForDeploymentPostprocessing = 0;
			shellPath = /bin/sh;
			shellScript = "buildNumber=$GREENHOUSE_BUILD_NUMBER\nstringLength=${#buildNumber}\n    if [ $stringLength -ne 0 ]; then\n    echo \"Updating build number to $buildNumber\"\n    /usr/libexec/PlistBuddy -c \"Set :CFBundleVersion $buildNumber\" \"${TARGET_BUILD_DIR}/${INFOPLIST_PATH}\"\n    else\n    echo \"Missing build number, skip updating\"\n    fi";
		};
/* End PBXShellScriptBuildPhase section */

/* Begin PBXSourcesBuildPhase section */
		54A418201E83FAD200559E2B /* Sources */ = {
			isa = PBXSourcesBuildPhase;
			buildActionMask = 2147483647;
			files = (
				C51B7FB21FBB12E80046D6E0 /* ShareViewController.m in Sources */,
			);
			runOnlyForDeploymentPostprocessing = 0;
		};
		E4250CBF1E0968D200530370 /* Sources */ = {
			isa = PBXSourcesBuildPhase;
			buildActionMask = 2147483647;
			files = (
				54825EF51E1CFE9600253FF0 /* Date+Additions.swift in Sources */,
				E4C53F4B1E30D03500F209BE /* DefaultsHelper.swift in Sources */,
				C52E827E1FC1DBFE0074B280 /* MoppViewController.swift in Sources */,
				C52E827C1FC1D7BC0074B280 /* MoppApp.swift in Sources */,
				E4C53F4E1E30D13100F209BE /* Session.swift in Sources */,
				C50DCCC91FC32A3200D48E16 /* CryptoViewController.swift in Sources */,
				C50DCCC51FC31EFC00D48E16 /* UIButton+Additions.swift in Sources */,
				C51B7FB71FBC45DD0046D6E0 /* LocalizationKeys.swift in Sources */,
				E42B08951E15617200EA24A3 /* LandingTabBarController.swift in Sources */,
				54825EFB1E1D28E900253FF0 /* UIColor+Additions.swift in Sources */,
				C59A958E1FB5B9E100D0E1F9 /* InitializationViewController.swift in Sources */,
				C54BB10F1FBD93A100A274F6 /* MobileIDChallengeViewController.swift in Sources */,
				C506EC7C1FB9CBFD00E07226 /* Constants.swift in Sources */,
				C506EC811FB9F4AF00E07226 /* UIImage+Additions.swift in Sources */,
				540786E91E1A76640016ABA7 /* UITextView+Additions.swift in Sources */,
				C50DCCC31FC2D54200D48E16 /* UIFont+Additions.swift in Sources */,
				C52E82781FC1D3ED0074B280 /* MenuViewController.swift in Sources */,
				C50DCCC71FC32A2500D48E16 /* MyeIDViewController.swift in Sources */,
				E4250CCB1E0968D200530370 /* AppDelegate.swift in Sources */,
				C52E827A1FC1D7000074B280 /* main.swift in Sources */,
				C51B7FB51FBB2AB10046D6E0 /* Utils.swift in Sources */,
				C50DCCCB1FC32A3E00D48E16 /* SigningViewController.swift in Sources */,
				E42B08AE1E1EFC1800EA24A3 /* DateFormatter.swift in Sources */,
				54825EF81E1D270F00253FF0 /* String+Additions.swift in Sources */,
				E42B08B11E1F049B00EA24A3 /* FileManager.swift in Sources */,
			);
			runOnlyForDeploymentPostprocessing = 0;
		};
/* End PBXSourcesBuildPhase section */

/* Begin PBXTargetDependency section */
		54A4182E1E83FAD200559E2B /* PBXTargetDependency */ = {
			isa = PBXTargetDependency;
			target = 54A418231E83FAD200559E2B /* shareExtension */;
			targetProxy = 54A4182D1E83FAD200559E2B /* PBXContainerItemProxy */;
		};
/* End PBXTargetDependency section */

/* Begin PBXVariantGroup section */
		54A418291E83FAD200559E2B /* MainInterface.storyboard */ = {
			isa = PBXVariantGroup;
			children = (
				54A4182A1E83FAD200559E2B /* Base */,
			);
			name = MainInterface.storyboard;
			sourceTree = "<group>";
		};
		E4250D0D1E0AA8E500530370 /* Localizable.strings */ = {
			isa = PBXVariantGroup;
			children = (
				E4250D0E1E0AA8E500530370 /* en */,
				E4250D101E0AA8E900530370 /* et */,
				E4250D111E0AA8EE00530370 /* ru */,
			);
			name = Localizable.strings;
			sourceTree = "<group>";
		};
/* End PBXVariantGroup section */

/* Begin XCBuildConfiguration section */
		54A418301E83FAD200559E2B /* Debug */ = {
			isa = XCBuildConfiguration;
			buildSettings = {
				CLANG_ENABLE_MODULES = YES;
				CLANG_WARN_SUSPICIOUS_MOVE = YES;
				CODE_SIGN_ENTITLEMENTS = shareExtension/shareExtension.entitlements;
				"CODE_SIGN_IDENTITY[sdk=iphoneos*]" = "iPhone Developer";
				CODE_SIGN_STYLE = Automatic;
				DEVELOPMENT_TEAM = MEZZPMNQ75;
				INFOPLIST_FILE = shareExtension/Info.plist;
				IPHONEOS_DEPLOYMENT_TARGET = 10.2;
				LD_RUNPATH_SEARCH_PATHS = "$(inherited) @executable_path/Frameworks @executable_path/../../Frameworks";
				PRODUCT_BUNDLE_IDENTIFIER = ee.fob.digidoc.shareExtension;
				PRODUCT_NAME = "$(TARGET_NAME)";
				PROVISIONING_PROFILE = "";
				PROVISIONING_PROFILE_SPECIFIER = "";
				SKIP_INSTALL = YES;
				SWIFT_OBJC_BRIDGING_HEADER = "shareExtension/shareExtension-Bridging-Header.h";
				SWIFT_OPTIMIZATION_LEVEL = "-Onone";
				SWIFT_VERSION = 4.0;
			};
			name = Debug;
		};
		54A418311E83FAD200559E2B /* Release */ = {
			isa = XCBuildConfiguration;
			buildSettings = {
				CLANG_ENABLE_MODULES = YES;
				CLANG_WARN_SUSPICIOUS_MOVE = YES;
				CODE_SIGN_ENTITLEMENTS = shareExtension/shareExtension.entitlements;
				"CODE_SIGN_IDENTITY[sdk=iphoneos*]" = "iPhone Developer";
				CODE_SIGN_STYLE = Automatic;
				DEVELOPMENT_TEAM = MEZZPMNQ75;
				INFOPLIST_FILE = shareExtension/Info.plist;
				IPHONEOS_DEPLOYMENT_TARGET = 10.2;
				LD_RUNPATH_SEARCH_PATHS = "$(inherited) @executable_path/Frameworks @executable_path/../../Frameworks";
				PRODUCT_BUNDLE_IDENTIFIER = ee.fob.digidoc.shareExtension;
				PRODUCT_NAME = "$(TARGET_NAME)";
				PROVISIONING_PROFILE = "";
				PROVISIONING_PROFILE_SPECIFIER = "";
				SKIP_INSTALL = YES;
				SWIFT_OBJC_BRIDGING_HEADER = "shareExtension/shareExtension-Bridging-Header.h";
				SWIFT_VERSION = 4.0;
			};
			name = Release;
		};
		E4250CD81E0968D200530370 /* Debug */ = {
			isa = XCBuildConfiguration;
			buildSettings = {
				ALWAYS_EMBED_SWIFT_STANDARD_LIBRARIES = YES;
				ALWAYS_SEARCH_USER_PATHS = NO;
				CLANG_ANALYZER_LOCALIZABILITY_NONLOCALIZED = YES;
				CLANG_ANALYZER_NONNULL = YES;
				CLANG_CXX_LANGUAGE_STANDARD = "gnu++0x";
				CLANG_CXX_LIBRARY = "libc++";
				CLANG_ENABLE_MODULES = YES;
				CLANG_ENABLE_OBJC_ARC = YES;
				CLANG_WARN_BOOL_CONVERSION = YES;
				CLANG_WARN_CONSTANT_CONVERSION = YES;
				CLANG_WARN_DIRECT_OBJC_ISA_USAGE = YES_ERROR;
				CLANG_WARN_DOCUMENTATION_COMMENTS = YES;
				CLANG_WARN_EMPTY_BODY = YES;
				CLANG_WARN_ENUM_CONVERSION = YES;
				CLANG_WARN_INFINITE_RECURSION = YES;
				CLANG_WARN_INT_CONVERSION = YES;
				CLANG_WARN_OBJC_ROOT_CLASS = YES_ERROR;
				CLANG_WARN_SUSPICIOUS_MOVE = YES;
				CLANG_WARN_SUSPICIOUS_MOVES = YES;
				CLANG_WARN_UNREACHABLE_CODE = YES;
				CLANG_WARN__DUPLICATE_METHOD_MATCH = YES;
				"CODE_SIGN_IDENTITY[sdk=iphoneos*]" = "iPhone Developer";
				COPY_PHASE_STRIP = NO;
				DEBUG_INFORMATION_FORMAT = dwarf;
				DEFINES_MODULE = YES;
				ENABLE_STRICT_OBJC_MSGSEND = YES;
				ENABLE_TESTABILITY = YES;
				GCC_C_LANGUAGE_STANDARD = gnu99;
				GCC_DYNAMIC_NO_PIC = NO;
				GCC_NO_COMMON_BLOCKS = YES;
				GCC_OPTIMIZATION_LEVEL = 0;
				GCC_PREPROCESSOR_DEFINITIONS = (
					"DEBUG=1",
					"$(inherited)",
				);
				GCC_WARN_64_TO_32_BIT_CONVERSION = YES;
				GCC_WARN_ABOUT_RETURN_TYPE = YES_ERROR;
				GCC_WARN_UNDECLARED_SELECTOR = YES;
				GCC_WARN_UNINITIALIZED_AUTOS = YES_AGGRESSIVE;
				GCC_WARN_UNUSED_FUNCTION = YES;
				GCC_WARN_UNUSED_VARIABLE = YES;
				IPHONEOS_DEPLOYMENT_TARGET = 9.0;
				MTL_ENABLE_DEBUG_INFO = YES;
				ONLY_ACTIVE_ARCH = YES;
				SDKROOT = iphoneos;
				TARGETED_DEVICE_FAMILY = "1,2";
			};
			name = Debug;
		};
		E4250CD91E0968D200530370 /* Release */ = {
			isa = XCBuildConfiguration;
			buildSettings = {
				ALWAYS_EMBED_SWIFT_STANDARD_LIBRARIES = YES;
				ALWAYS_SEARCH_USER_PATHS = NO;
				CLANG_ANALYZER_LOCALIZABILITY_NONLOCALIZED = YES;
				CLANG_ANALYZER_NONNULL = YES;
				CLANG_CXX_LANGUAGE_STANDARD = "gnu++0x";
				CLANG_CXX_LIBRARY = "libc++";
				CLANG_ENABLE_MODULES = YES;
				CLANG_ENABLE_OBJC_ARC = YES;
				CLANG_WARN_BOOL_CONVERSION = YES;
				CLANG_WARN_CONSTANT_CONVERSION = YES;
				CLANG_WARN_DIRECT_OBJC_ISA_USAGE = YES_ERROR;
				CLANG_WARN_DOCUMENTATION_COMMENTS = YES;
				CLANG_WARN_EMPTY_BODY = YES;
				CLANG_WARN_ENUM_CONVERSION = YES;
				CLANG_WARN_INFINITE_RECURSION = YES;
				CLANG_WARN_INT_CONVERSION = YES;
				CLANG_WARN_OBJC_ROOT_CLASS = YES_ERROR;
				CLANG_WARN_SUSPICIOUS_MOVE = YES;
				CLANG_WARN_SUSPICIOUS_MOVES = YES;
				CLANG_WARN_UNREACHABLE_CODE = YES;
				CLANG_WARN__DUPLICATE_METHOD_MATCH = YES;
				"CODE_SIGN_IDENTITY[sdk=iphoneos*]" = "iPhone Developer";
				COPY_PHASE_STRIP = NO;
				DEBUG_INFORMATION_FORMAT = "dwarf-with-dsym";
				DEFINES_MODULE = YES;
				ENABLE_NS_ASSERTIONS = NO;
				ENABLE_STRICT_OBJC_MSGSEND = YES;
				GCC_C_LANGUAGE_STANDARD = gnu99;
				GCC_NO_COMMON_BLOCKS = YES;
				GCC_WARN_64_TO_32_BIT_CONVERSION = YES;
				GCC_WARN_ABOUT_RETURN_TYPE = YES_ERROR;
				GCC_WARN_UNDECLARED_SELECTOR = YES;
				GCC_WARN_UNINITIALIZED_AUTOS = YES_AGGRESSIVE;
				GCC_WARN_UNUSED_FUNCTION = YES;
				GCC_WARN_UNUSED_VARIABLE = YES;
				IPHONEOS_DEPLOYMENT_TARGET = 9.0;
				MTL_ENABLE_DEBUG_INFO = NO;
				SDKROOT = iphoneos;
				TARGETED_DEVICE_FAMILY = "1,2";
				VALIDATE_PRODUCT = YES;
			};
			name = Release;
		};
		E4250CDB1E0968D200530370 /* Debug */ = {
			isa = XCBuildConfiguration;
			baseConfigurationReference = A0A7AA11ECD67C1248EED708 /* Pods-MoppApp.debug.xcconfig */;
			buildSettings = {
				ASSETCATALOG_COMPILER_APPICON_NAME = AppIcon;
				CLANG_ENABLE_MODULES = YES;
				CODE_SIGN_ENTITLEMENTS = MoppApp/MoppApp.entitlements;
				"CODE_SIGN_IDENTITY[sdk=iphoneos*]" = "iPhone Developer";
				CODE_SIGN_STYLE = Automatic;
				DEBUG_ACTIVITY_MODE = "";
				"DEBUG_ACTIVITY_MODE[sdk=iphonesimulator*]" = disable;
				DEBUG_INFORMATION_FORMAT = "dwarf-with-dsym";
				DEFINES_MODULE = YES;
				DEVELOPMENT_TEAM = MEZZPMNQ75;
				ENABLE_BITCODE = NO;
				GCC_PREFIX_HEADER = MoppApp/PrefixHeader.pch;
				HEADER_SEARCH_PATHS = (
					"$(inherited)",
					"\"${PODS_ROOT}/Headers/Public\"",
					"\"${PODS_ROOT}/Headers/Public/Crashlytics\"",
					"\"${PODS_ROOT}/Headers/Public/Fabric\"",
					"\"$(PODS_ROOT)/Headers/Public/PureLayout\"",
					"\"$(PODS_ROOT)/Headers/Public/MBProgressHUD\"",
				);
				INFOPLIST_FILE = MoppApp/Info.plist;
				IPHONEOS_DEPLOYMENT_TARGET = 9.0;
				LD_RUNPATH_SEARCH_PATHS = "$(inherited) @executable_path/Frameworks";
				PRODUCT_BUNDLE_IDENTIFIER = ee.fob.digidoc;
				PRODUCT_NAME = "$(TARGET_NAME)";
				PROVISIONING_PROFILE = "";
				PROVISIONING_PROFILE_SPECIFIER = "";
				SWIFT_OBJC_BRIDGING_HEADER = "MoppApp/MoppApp-Bridging-Header.h";
				SWIFT_OPTIMIZATION_LEVEL = "-Onone";
				SWIFT_VERSION = 4.0;
			};
			name = Debug;
		};
		E4250CDC1E0968D200530370 /* Release */ = {
			isa = XCBuildConfiguration;
			baseConfigurationReference = 7B5F907F55A4D9D1590D35CB /* Pods-MoppApp.release.xcconfig */;
			buildSettings = {
				ASSETCATALOG_COMPILER_APPICON_NAME = AppIcon;
				CLANG_ENABLE_MODULES = YES;
				CODE_SIGN_ENTITLEMENTS = MoppApp/MoppApp.entitlements;
				"CODE_SIGN_IDENTITY[sdk=iphoneos*]" = "iPhone Developer";
				CODE_SIGN_STYLE = Automatic;
				DEBUG_ACTIVITY_MODE = "";
				DEFINES_MODULE = YES;
				DEVELOPMENT_TEAM = MEZZPMNQ75;
				ENABLE_BITCODE = NO;
				GCC_PREFIX_HEADER = MoppApp/PrefixHeader.pch;
				HEADER_SEARCH_PATHS = (
					"$(inherited)",
					"\"${PODS_ROOT}/Headers/Public\"",
					"\"${PODS_ROOT}/Headers/Public/Crashlytics\"",
					"\"${PODS_ROOT}/Headers/Public/Fabric\"",
					"\"$(PODS_ROOT)/Headers/Public/PureLayout\"",
					"\"$(PODS_ROOT)/Headers/Public/MBProgressHUD\"",
				);
				INFOPLIST_FILE = MoppApp/Info.plist;
				IPHONEOS_DEPLOYMENT_TARGET = 9.0;
				LD_RUNPATH_SEARCH_PATHS = "$(inherited) @executable_path/Frameworks";
				PRODUCT_BUNDLE_IDENTIFIER = ee.fob.digidoc;
				PRODUCT_NAME = "$(TARGET_NAME)";
				PROVISIONING_PROFILE = "";
				PROVISIONING_PROFILE_SPECIFIER = "";
				SWIFT_OBJC_BRIDGING_HEADER = "MoppApp/MoppApp-Bridging-Header.h";
				SWIFT_VERSION = 4.0;
			};
			name = Release;
		};
/* End XCBuildConfiguration section */

/* Begin XCConfigurationList section */
		54A418321E83FAD200559E2B /* Build configuration list for PBXNativeTarget "shareExtension" */ = {
			isa = XCConfigurationList;
			buildConfigurations = (
				54A418301E83FAD200559E2B /* Debug */,
				54A418311E83FAD200559E2B /* Release */,
			);
			defaultConfigurationIsVisible = 0;
			defaultConfigurationName = Release;
		};
		E4250CBE1E0968D200530370 /* Build configuration list for PBXProject "MoppApp" */ = {
			isa = XCConfigurationList;
			buildConfigurations = (
				E4250CD81E0968D200530370 /* Debug */,
				E4250CD91E0968D200530370 /* Release */,
			);
			defaultConfigurationIsVisible = 0;
			defaultConfigurationName = Release;
		};
		E4250CDA1E0968D200530370 /* Build configuration list for PBXNativeTarget "MoppApp" */ = {
			isa = XCConfigurationList;
			buildConfigurations = (
				E4250CDB1E0968D200530370 /* Debug */,
				E4250CDC1E0968D200530370 /* Release */,
			);
			defaultConfigurationIsVisible = 0;
			defaultConfigurationName = Release;
		};
/* End XCConfigurationList section */
	};
	rootObject = E4250CBB1E0968D200530370 /* Project object */;
}
