PODS:
  - MBProgressHUD (0.9.2)
  - OCMock (3.4)
  - PureLayout (3.0.2)

DEPENDENCIES:
  - MBProgressHUD (~> 0.9.2)
  - OCMock
  - PureLayout (~> 3.0.1)

SPEC CHECKSUMS:
  MBProgressHUD: 1569cf7ace17a8bac47aabfbb8580a49690386d1
  OCMock: 35ae71d6a8fcc1b59434d561d1520b9dd4f15765
  PureLayout: 4d550abe49a94f24c2808b9b95db9131685fe4cd

PODFILE CHECKSUM: 1f212de3f4b8383824eef82b993b38b31615faed

COCOAPODS: 1.2.0.beta.1
