PODS:
  - Crashlytics (3.13.4):
    - Fabric (~> 1.10.2)
  - Fabric (1.10.2)
  - OCMock (3.4.3)
  - SwiftyRSA (1.5.0):
    - SwiftyRSA/ObjC (= 1.5.0)
  - SwiftyRSA/ObjC (1.5.0)

DEPENDENCIES:
  - Crashlytics
  - Fabric
  - OCMock
  - SwiftyRSA

SPEC REPOS:
  https://github.com/CocoaPods/Specs.git:
    - Crashlytics
    - Fabric
    - OCMock
    - SwiftyRSA

SPEC CHECKSUMS:
  Crashlytics: 2dfd686bcb918dc10ee0e76f7f853fe42c7bd552
  Fabric: 706c8b8098fff96c33c0db69cbf81f9c551d0d74
  OCMock: 43565190abc78977ad44a61c0d20d7f0784d35ab
  SwiftyRSA: 6e528fb1b1a87d5111c48081083b141d6d65f1cf

PODFILE CHECKSUM: 0d4cb3145627828a24714c1d74a0541770fd4b6f

COCOAPODS: 1.8.3
